PODS:
  - Alamofire (4.5.1)
  - AWSAuthCore (2.6.4):
    - AWSCore (= 2.6.4)
  - AWSAuthUI (2.6.4):
    - AWSAuthCore (= 2.6.4)
    - AWSCore (= 2.6.4)
  - AWSCore (2.6.4)
  - AWSFacebookSignIn (2.6.4):
    - AWSAuthCore (= 2.6.4)
    - FBSDKCoreKit (~> 4.0)
    - FBSDKLoginKit (~> 4.0)
  - AWSPinpoint (2.6.4):
    - AWSCore (= 2.6.4)
  - Bolts (1.8.4):
    - Bolts/AppLinks (= 1.8.4)
    - Bolts/Tasks (= 1.8.4)
  - Bolts/AppLinks (1.8.4):
    - Bolts/Tasks
  - Bolts/Tasks (1.8.4)
  - Cosmos (12.0.1)
  - ESTabBarController-swift (2.5)
  - FBSDKCoreKit (4.27.1):
    - Bolts (~> 1.7)
  - FBSDKLoginKit (4.27.1):
    - FBSDKCoreKit
  - Hero (1.0.0-alpha.4)
  - Kingfisher (4.1.1)
  - KMNavigationBarTransition (1.0.0)
  - NVActivityIndicatorView (4.0.0):
    - NVActivityIndicatorView/Presenter (= 4.0.0)
  - NVActivityIndicatorView/Presenter (4.0.0)
  - Realm (3.0.0-beta.3):
    - Realm/Headers (= 3.0.0-beta.3)
  - Realm/Headers (3.0.0-beta.3)
  - RealmSwift (3.0.0-beta.3):
    - Realm (= 3.0.0-beta.3)
  - Shimmer (1.0.2)
  - SKPhotoBrowser (5.0.0)
  - SnapKit (4.0.0)
  - SwiftLocation (2.0.7)
  - SwiftRichString (1.0.1)
  - SwiftyJSON (3.1.4)
  - TTGTagCollectionView (1.6.0)

DEPENDENCIES:
  - Alamofire (~> 4.5)
  - AWSAuthCore (~> 2.6.1)
  - AWSAuthUI (~> 2.6.1)
  - AWSFacebookSignIn (~> 2.6.1)
  - AWSPinpoint (~> 2.6.1)
  - Cosmos (~> 12.0)
  - ESTabBarController-swift (~> 2.5)
  - Hero (= 1.0.0-alpha.4)
  - Kingfisher (~> 4.1)
  - KMNavigationBarTransition (from `https://github.com/Fuxingloh/KMNavigationBarTransition`)
  - NVActivityIndicatorView (~> 4.0)
  - RealmSwift (= 3.0.0-beta.3)
  - Shimmer (~> 1.0)
  - SKPhotoBrowser (~> 5.0)
  - SnapKit (~> 4.0)
  - SwiftLocation (~> 2.0)
  - SwiftRichString (~> 1.0)
  - SwiftyJSON (~> 3.1)
  - TTGTagCollectionView (~> 1.6)

EXTERNAL SOURCES:
  KMNavigationBarTransition:
    :git: https://github.com/Fuxingloh/KMNavigationBarTransition

CHECKOUT OPTIONS:
  KMNavigationBarTransition:
    :commit: db22060d6aaffd1f883b88eba62b0c38accd3c60
    :git: https://github.com/Fuxingloh/KMNavigationBarTransition

SPEC CHECKSUMS:
  Alamofire: 2d95912bf4c34f164fdfc335872e8c312acaea4a
  AWSAuthCore: 498900114b313b8d5e9263a02b67ccc67c806e1f
  AWSAuthUI: ec286ce457b214f97a4b62b2f9c1c4fbc9fbd47e
  AWSCore: f5611be1c3edc38dbf9d6da0a5d2b6c4841d1c05
  AWSFacebookSignIn: 5c5a077755f39111e2f8db1c25ea6107acca8058
  AWSPinpoint: b0717d727093579c67bcfb10b4a5703ab808bda6
  Bolts: 8a7995239dbe724f9cba2248b766d48b7ebdd322
  Cosmos: 4a9f57998a08788a1062c7b8eefbc62d2b590f39
  ESTabBarController-swift: 8daa432f2a9be8ebd25101dc46c84472fd760512
  FBSDKCoreKit: 03365dad5d790249196ffad8be4f6d8a2d98f932
  FBSDKLoginKit: 66ff53b73cffd967ab773e32fac39e90a60e6d46
  Hero: 6ab58fdfb16c75ce9c6bfad48ef6abb54780b263
  Kingfisher: 6793a473357b5dbee42b0068ef203fe8325f259e
  KMNavigationBarTransition: b3fb8337f7a1e4542add07fd6c45fb9980794d59
  NVActivityIndicatorView: 54c9b93b6f25a4f467512680c0c90c09a1095cf2
  Realm: 33bd2ac5a5d7649920b131d2e79e2d5c8421da47
  RealmSwift: a5fb1853c3167912fc5325fe264a410bfe3e2cbc
  Shimmer: c5374be1c2b0c9e292fb05b339a513cf291cac86
  SKPhotoBrowser: fe936f878955a568c726bf05d14e1d2717d91ce0
  SnapKit: a42d492c16e80209130a3379f73596c3454b7694
  SwiftLocation: 1fe2e15a5812e961496e82eeaca71d03e829e47a
  SwiftRichString: 2111627a29af277094a9e5d4d1bf6bfe0b8212ac
  SwiftyJSON: c2842d878f95482ffceec5709abc3d05680c0220
  TTGTagCollectionView: ba35fb7dc284b368c86bf044bd889293a69114e8

PODFILE CHECKSUM: 65c93a8cef2e390a6f835d9444df07c93f7657bb

COCOAPODS: 1.3.1
