// !$*UTF8*$!
{
	archiveVersion = 1;
	classes = {
	};
	objectVersion = 46;
	objects = {

/* Begin PBXBuildFile section */
		032548622014831500F51D85 /* GoogleService-Info.plist in Resources */ = {isa = PBXBuildFile; fileRef = 032548612014831500F51D85 /* GoogleService-Info.plist */; };
		032548632014831500F51D85 /* GoogleService-Info.plist in Resources */ = {isa = PBXBuildFile; fileRef = 032548612014831500F51D85 /* GoogleService-Info.plist */; };
		032548642014831500F51D85 /* GoogleService-Info.plist in Resources */ = {isa = PBXBuildFile; fileRef = 032548612014831500F51D85 /* GoogleService-Info.plist */; };
		032F88FC1E82DFA300AD3818 /* AppDelegate.swift in Sources */ = {isa = PBXBuildFile; fileRef = 032F88FB1E82DFA300AD3818 /* AppDelegate.swift */; };
		032F89031E82DFA300AD3818 /* Assets.xcassets in Resources */ = {isa = PBXBuildFile; fileRef = 032F89021E82DFA300AD3818 /* Assets.xcassets */; };
		032F89061E82DFA300AD3818 /* LaunchScreen.storyboard in Resources */ = {isa = PBXBuildFile; fileRef = 032F89041E82DFA300AD3818 /* LaunchScreen.storyboard */; };
		032F89111E82DFA300AD3818 /* MunchTests.swift in Sources */ = {isa = PBXBuildFile; fileRef = 032F89101E82DFA300AD3818 /* MunchTests.swift */; };
		032F891C1E82DFA300AD3818 /* MunchUITests.swift in Sources */ = {isa = PBXBuildFile; fileRef = 032F891B1E82DFA300AD3818 /* MunchUITests.swift */; };
		033E62F81F1D381F00AE97FA /* Main.storyboard in Resources */ = {isa = PBXBuildFile; fileRef = 033E62F71F1D381F00AE97FA /* Main.storyboard */; };
		03D3FEE21E8947D200ACFF50 /* MunchClientTests.swift in Sources */ = {isa = PBXBuildFile; fileRef = 03D3FEE01E8947D200ACFF50 /* MunchClientTests.swift */; };
		03D3FEE41E89494300ACFF50 /* Alamofire.framework in Frameworks */ = {isa = PBXBuildFile; fileRef = 032F89301E82EF8B00AD3818 /* Alamofire.framework */; };
		03D3FEE51E89494600ACFF50 /* SwiftyJSON.framework in Frameworks */ = {isa = PBXBuildFile; fileRef = 032F89331E82F14A00AD3818 /* SwiftyJSON.framework */; };
		03D3FEF01E8A647E00ACFF50 /* SwiftLocation.framework in Frameworks */ = {isa = PBXBuildFile; fileRef = 03D3FEEF1E8A647E00ACFF50 /* SwiftLocation.framework */; };
		03D3FEF41E8A8DB500ACFF50 /* SDWebImage.framework in Frameworks */ = {isa = PBXBuildFile; fileRef = 03D3FEF21E8A8DA500ACFF50 /* SDWebImage.framework */; };
		03E1A5A81F6D4FA4005A6E58 /* TabBarController.swift in Sources */ = {isa = PBXBuildFile; fileRef = 03E1A5A71F6D4FA4005A6E58 /* TabBarController.swift */; };
		03F5287520D8FC8800DF2604 /* Localizable.strings in Resources */ = {isa = PBXBuildFile; fileRef = 03F5287320D8FC8800DF2604 /* Localizable.strings */; };
		12855D04BD7B4359954CC379 /* Pods_MunchTests.framework in Frameworks */ = {isa = PBXBuildFile; fileRef = 30933A940AE4DF2E7F80A839 /* Pods_MunchTests.framework */; };
		B4B7300B495A5D094192FB23 /* RecentDatabase.swift in Sources */ = {isa = PBXBuildFile; fileRef = B4B739DCDCF47D235E36F976 /* RecentDatabase.swift */; };
		B4B7301130453D4905E69622 /* PlacePartnerInstagramController.swift in Sources */ = {isa = PBXBuildFile; fileRef = B4B7373688E6AD288FE0837A /* PlacePartnerInstagramController.swift */; };
		B4B73065A4CC7D618AD5D8D6 /* UserPlaceCollectionDatabase.swift in Sources */ = {isa = PBXBuildFile; fileRef = B4B73AE09F083ADA7BF427D9 /* UserPlaceCollectionDatabase.swift */; };
		B4B730ED3E9216817A85CDEE /* SearchCardPlace.swift in Sources */ = {isa = PBXBuildFile; fileRef = B4B7348322E099298BEB7546 /* SearchCardPlace.swift */; };
		B4B731365FBBAFD37E2E7366 /* PlaceCardPartnersContent.swift in Sources */ = {isa = PBXBuildFile; fileRef = B4B7366CEC775D090EE1D49B /* PlaceCardPartnersContent.swift */; };
		B4B7314B288F51221B795A84 /* SearchFilterCell.swift in Sources */ = {isa = PBXBuildFile; fileRef = B4B73AF8EE794460404B2DBD /* SearchFilterCell.swift */; };
		B4B7316A7CC5FD11A8091102 /* PlaceCardAbout.swift in Sources */ = {isa = PBXBuildFile; fileRef = B4B7305A5B27A41922ADEE57 /* PlaceCardAbout.swift */; };
		B4B7317A88FBBF250ABABD73 /* CollectionViewExtensions.swift in Sources */ = {isa = PBXBuildFile; fileRef = B4B73937402D628B2405A1F0 /* CollectionViewExtensions.swift */; };
		B4B731C9E8B9A21CE5BBDF35 /* SearchCardContainer.swift in Sources */ = {isa = PBXBuildFile; fileRef = B4B7319F863F7D75472073D8 /* SearchCardContainer.swift */; };
		B4B731E974188D4D409E7E65 /* SizeImageView.swift in Sources */ = {isa = PBXBuildFile; fileRef = B4B739BB97B1798D44BDECC2 /* SizeImageView.swift */; };
		B4B731EC40D9169F08F70FC4 /* SearchController.swift in Sources */ = {isa = PBXBuildFile; fileRef = B4B7306D542D1854D216A57E /* SearchController.swift */; };
		B4B73269CB4EDD10C4D06F1D /* SearchFilterLocationController.swift in Sources */ = {isa = PBXBuildFile; fileRef = B4B734C84BE5379569DEC024 /* SearchFilterLocationController.swift */; };
		B4B732CC1464F187F8931167 /* SearchCard.swift in Sources */ = {isa = PBXBuildFile; fileRef = B4B739624FB135D4B899356A /* SearchCard.swift */; };
		B4B732E70D293542B580ACC7 /* AddToCollectionController.swift in Sources */ = {isa = PBXBuildFile; fileRef = B4B732D2B0FB00E6302B1769 /* AddToCollectionController.swift */; };
		B4B733162CE1B0A62B893122 /* PlaceCardSuggest.swift in Sources */ = {isa = PBXBuildFile; fileRef = B4B731D151BB6D9601680CD1 /* PlaceCardSuggest.swift */; };
		B4B733B083D8DF8F2DDFF66D /* ViewExtensions.swift in Sources */ = {isa = PBXBuildFile; fileRef = B4B73695F4F2693D0E750704 /* ViewExtensions.swift */; };
		B4B733C48DCACF9F5A977BE1 /* ProfileTabController.swift in Sources */ = {isa = PBXBuildFile; fileRef = B4B738C639DA188BF1AFD8CE /* ProfileTabController.swift */; };
		B4B734CADB20622FE502984B /* SearchSuggestManager.swift in Sources */ = {isa = PBXBuildFile; fileRef = B4B73376F42AA38286FD7CFB /* SearchSuggestManager.swift */; };
		B4B734EF0CB213199DFCBA63 /* SearchService.swift in Sources */ = {isa = PBXBuildFile; fileRef = B4B73045342B6980ED0FC2A2 /* SearchService.swift */; };
		B4B73562BD47A7DF8D9334FC /* PlaceCardLocation.swift in Sources */ = {isa = PBXBuildFile; fileRef = B4B73FAD47BB85633497CC31 /* PlaceCardLocation.swift */; };
		B4B7358B55C3DB9F4EF818EC /* SearchFilterController.swift in Sources */ = {isa = PBXBuildFile; fileRef = B4B732495DE29798E2A46696 /* SearchFilterController.swift */; };
		B4B736160C7711EB894181B3 /* PlacePartnerArticleController.swift in Sources */ = {isa = PBXBuildFile; fileRef = B4B73E5006FF2431845BA416 /* PlacePartnerArticleController.swift */; };
		B4B7368A7EDD60CFD8561D63 /* CopyableView.swift in Sources */ = {isa = PBXBuildFile; fileRef = B4B73A013583B2C9902370B6 /* CopyableView.swift */; };
		B4B736B384EB310819568013 /* MunchService.swift in Sources */ = {isa = PBXBuildFile; fileRef = B4B73AC270C97799BEFA829D /* MunchService.swift */; };
		B4B736B47B12B57380C86E22 /* UserPlaceCollectionService.swift in Sources */ = {isa = PBXBuildFile; fileRef = B4B7335BABC0E6BF07362781 /* UserPlaceCollectionService.swift */; };
		B4B73711AC311B37916A5C12 /* PlaceCard.swift in Sources */ = {isa = PBXBuildFile; fileRef = B4B73D86A1832193FD128FC6 /* PlaceCard.swift */; };
		B4B737860D03B00FCF941B40 /* SearchCardInjected.swift in Sources */ = {isa = PBXBuildFile; fileRef = B4B73FF3714C69FD7C372D8C /* SearchCardInjected.swift */; };
		B4B73795EB2F4EC8E765DF00 /* MunchData.swift in Sources */ = {isa = PBXBuildFile; fileRef = B4B7355D4620025046BF11C7 /* MunchData.swift */; };
		B4B737C25A3CDC08D03FC64E /* SearchCardLocal.swift in Sources */ = {isa = PBXBuildFile; fileRef = B4B7340C343F684AB0020CEA /* SearchCardLocal.swift */; };
		B4B7380CEE70044FE930F722 /* module.modulemap in Sources */ = {isa = PBXBuildFile; fileRef = B4B73D56D29ADB145295DB94 /* module.modulemap */; };
		B4B7384B88D80A519B61487F /* PlaceCardAward.swift in Sources */ = {isa = PBXBuildFile; fileRef = B4B73B2B2DAAB08F551868D7 /* PlaceCardAward.swift */; };
		B4B7388AF9FD83F39F217600 /* UserPlaceCollectionController.swift in Sources */ = {isa = PBXBuildFile; fileRef = B4B734F5A092F3E9F0F16379 /* UserPlaceCollectionController.swift */; };
		B4B738B028A98E69BD3403F5 /* MunchTagView.swift in Sources */ = {isa = PBXBuildFile; fileRef = B4B732B20AE677AF6243099A /* MunchTagView.swift */; };
		B4B7393A474C78AE30F0B91A /* MunchUser.swift in Sources */ = {isa = PBXBuildFile; fileRef = B4B7329A88030A09DC2A5187 /* MunchUser.swift */; };
		B4B7397B4A29B5FF71D35382 /* SearchCardSuggestion.swift in Sources */ = {isa = PBXBuildFile; fileRef = B4B735C5E94EBF93921BAB82 /* SearchCardSuggestion.swift */; };
		B4B739A826B911E094D4A616 /* ProfileSettingController.swift in Sources */ = {isa = PBXBuildFile; fileRef = B4B73BF6B8D464037F4FC986 /* ProfileSettingController.swift */; };
		B4B73A27FF8C27B661FDE549 /* ReviewRatingUtils.swift in Sources */ = {isa = PBXBuildFile; fileRef = B4B732F3E55F3E605210CE9D /* ReviewRatingUtils.swift */; };
		B4B73A71181051AAA885028F /* PlaceCardReview.swift in Sources */ = {isa = PBXBuildFile; fileRef = B4B73FF474CDAC60816F2825 /* PlaceCardReview.swift */; };
		B4B73B07AABF07B6FDE8D393 /* AccountBoardingController.swift in Sources */ = {isa = PBXBuildFile; fileRef = B4B73A0BB710E2ACF0BB3BA8 /* AccountBoardingController.swift */; };
		B4B73B6E1C087CED1A58117F /* BrandGuide.swift in Sources */ = {isa = PBXBuildFile; fileRef = B4B73A0BC5FD76AC914D048A /* BrandGuide.swift */; };
		B4B73BBC419593C4FD7A7F0A /* MunchTagCollectionView.swift in Sources */ = {isa = PBXBuildFile; fileRef = B4B7375F54B00CC6DF37E159 /* MunchTagCollectionView.swift */; };
		B4B73C3AB908951BEF2451FF /* PlaceCollectionLoader.swift in Sources */ = {isa = PBXBuildFile; fileRef = B4B73A8D9255EEE7A5009815 /* PlaceCollectionLoader.swift */; };
		B4B73C41A4C3F3BA7EFF5AB4 /* PlaceCardBasic.swift in Sources */ = {isa = PBXBuildFile; fileRef = B4B7328A63C083C2FD99C847 /* PlaceCardBasic.swift */; };
		B4B73C4483DFF7CD8C6813DC /* FoundationExtensions.swift in Sources */ = {isa = PBXBuildFile; fileRef = B4B732E7ED481C66B5E5C06F /* FoundationExtensions.swift */; };
		B4B73C5283FA6454158B1B4B /* PlaceCardStatic.swift in Sources */ = {isa = PBXBuildFile; fileRef = B4B73BC96A97609AEE2FB5D5 /* PlaceCardStatic.swift */; };
		B4B73C59D9E144CD476FA73F /* SearchSuggestController.swift in Sources */ = {isa = PBXBuildFile; fileRef = B4B73BC576ED59153B1056A9 /* SearchSuggestController.swift */; };
		B4B73C606FE2097D5A046F6E /* UserService.swift in Sources */ = {isa = PBXBuildFile; fileRef = B4B73164A882960F5B1EFBB7 /* UserService.swift */; };
		B4B73C6C2D398F219E5637D7 /* SearchHeaderView.swift in Sources */ = {isa = PBXBuildFile; fileRef = B4B73D378A46D9D36E031331 /* SearchHeaderView.swift */; };
		B4B73CA2EEA29B09DB80FC1E /* PlaceService.swift in Sources */ = {isa = PBXBuildFile; fileRef = B4B73B64C65657ADAF5CF301 /* PlaceService.swift */; };
		B4B73D148D0C4822FCADE869 /* PlaceMapController.swift in Sources */ = {isa = PBXBuildFile; fileRef = B4B73874640BF8573F3D6DE2 /* PlaceMapController.swift */; };
		B4B73D6CD0AB4666A9983FB6 /* Authentication.swift in Sources */ = {isa = PBXBuildFile; fileRef = B4B739AD193B6BF57EAB5C9E /* Authentication.swift */; };
		B4B73DB576F9692FA03D785F /* PlaceCardMenu.swift in Sources */ = {isa = PBXBuildFile; fileRef = B4B7312DBF1E812FF4C051CD /* PlaceCardMenu.swift */; };
		B4B73DE28917199DECAE7B84 /* UserPlaceActivityService.swift in Sources */ = {isa = PBXBuildFile; fileRef = B4B73249E8D9E001BE91E5B5 /* UserPlaceActivityService.swift */; };
		B4B73E37A7C29ADE60C2F3D8 /* FileService.swift in Sources */ = {isa = PBXBuildFile; fileRef = B4B7383508F19AECBAA6D7BF /* FileService.swift */; };
		B4B73E797C3DFA9A4EA2888C /* ShimmerView.swift in Sources */ = {isa = PBXBuildFile; fileRef = B4B7368204D2AD9856509B6D /* ShimmerView.swift */; };
		B4B73E949693D12B57F4DF62 /* MunchLocation.swift in Sources */ = {isa = PBXBuildFile; fileRef = B4B73B8C080EA9D51F87FE13 /* MunchLocation.swift */; };
		B4B73EB2FE22EA5E8593B33E /* PlaceController.swift in Sources */ = {isa = PBXBuildFile; fileRef = B4B738FF32F231E9768CD5F5 /* PlaceController.swift */; };
		B4B73F16F3517C2E945BF368 /* SearchSuggestCell.swift in Sources */ = {isa = PBXBuildFile; fileRef = B4B73926525624E7FDC598A6 /* SearchSuggestCell.swift */; };
		B4B73F2406D8395483C8C719 /* SearchCardInstagram.swift in Sources */ = {isa = PBXBuildFile; fileRef = B4B73B9D662F15799EE0F2ED /* SearchCardInstagram.swift */; };
		B4B73F6FC011092193C534CB /* SearchFilterManager.swift in Sources */ = {isa = PBXBuildFile; fileRef = B4B7301088D63A05D3DCDB13 /* SearchFilterManager.swift */; };
		B4B73F819FBBB004801AB472 /* MunchImageView.swift in Sources */ = {isa = PBXBuildFile; fileRef = B4B73AA1927908DE5CE73316 /* MunchImageView.swift */; };
		B4B73FBB2DA5BE8D137B68FA /* ProfileController.swift in Sources */ = {isa = PBXBuildFile; fileRef = B4B7318107D8ECA3F9373589 /* ProfileController.swift */; };
		DB136C8B43E175A72028D87F /* Pods_MunchUITests.framework in Frameworks */ = {isa = PBXBuildFile; fileRef = D2CE8E9F738C2A64071DD8B3 /* Pods_MunchUITests.framework */; };
		FFCBE8C721F3D06666C1DA69 /* Pods_Munch.framework in Frameworks */ = {isa = PBXBuildFile; fileRef = FE98581AD7B5040948A2CD79 /* Pods_Munch.framework */; };
/* End PBXBuildFile section */

/* Begin PBXContainerItemProxy section */
		032F890D1E82DFA300AD3818 /* PBXContainerItemProxy */ = {
			isa = PBXContainerItemProxy;
			containerPortal = 032F88F01E82DFA200AD3818 /* Project object */;
			proxyType = 1;
			remoteGlobalIDString = 032F88F71E82DFA200AD3818;
			remoteInfo = Munch;
		};
		032F89181E82DFA300AD3818 /* PBXContainerItemProxy */ = {
			isa = PBXContainerItemProxy;
			containerPortal = 032F88F01E82DFA200AD3818 /* Project object */;
			proxyType = 1;
			remoteGlobalIDString = 032F88F71E82DFA200AD3818;
			remoteInfo = Munch;
		};
/* End PBXContainerItemProxy section */

/* Begin PBXFileReference section */
		031C2F3F1E9AADD60022F0AF /* NYTPhotoViewer.framework */ = {isa = PBXFileReference; lastKnownFileType = wrapper.framework; name = NYTPhotoViewer.framework; path = Carthage/Build/iOS/NYTPhotoViewer.framework; sourceTree = "<group>"; };
		031C2F411E9AADDB0022F0AF /* NYTPhotoViewerCore.framework */ = {isa = PBXFileReference; lastKnownFileType = wrapper.framework; name = NYTPhotoViewerCore.framework; path = Carthage/Build/iOS/NYTPhotoViewerCore.framework; sourceTree = "<group>"; };
		031C2F431E9AEFC10022F0AF /* FLAnimatedImage.framework */ = {isa = PBXFileReference; lastKnownFileType = wrapper.framework; name = FLAnimatedImage.framework; path = Carthage/Build/iOS/FLAnimatedImage.framework; sourceTree = "<group>"; };
		031C2F451E9CAE170022F0AF /* Kingfisher.framework */ = {isa = PBXFileReference; lastKnownFileType = wrapper.framework; name = Kingfisher.framework; path = Carthage/Build/iOS/Kingfisher.framework; sourceTree = "<group>"; };
		032548612014831500F51D85 /* GoogleService-Info.plist */ = {isa = PBXFileReference; fileEncoding = 4; lastKnownFileType = text.plist.xml; path = "GoogleService-Info.plist"; sourceTree = "<group>"; };
		032F88F81E82DFA300AD3818 /* Munch.app */ = {isa = PBXFileReference; explicitFileType = wrapper.application; includeInIndex = 0; path = Munch.app; sourceTree = BUILT_PRODUCTS_DIR; };
		032F88FB1E82DFA300AD3818 /* AppDelegate.swift */ = {isa = PBXFileReference; lastKnownFileType = sourcecode.swift; path = AppDelegate.swift; sourceTree = "<group>"; };
		032F89021E82DFA300AD3818 /* Assets.xcassets */ = {isa = PBXFileReference; lastKnownFileType = folder.assetcatalog; path = Assets.xcassets; sourceTree = "<group>"; };
		032F89051E82DFA300AD3818 /* Base */ = {isa = PBXFileReference; lastKnownFileType = file.storyboard; name = Base; path = Base.lproj/LaunchScreen.storyboard; sourceTree = "<group>"; };
		032F89071E82DFA300AD3818 /* Info.plist */ = {isa = PBXFileReference; lastKnownFileType = text.plist.xml; path = Info.plist; sourceTree = "<group>"; };
		032F890C1E82DFA300AD3818 /* MunchTests.xctest */ = {isa = PBXFileReference; explicitFileType = wrapper.cfbundle; includeInIndex = 0; path = MunchTests.xctest; sourceTree = BUILT_PRODUCTS_DIR; };
		032F89101E82DFA300AD3818 /* MunchTests.swift */ = {isa = PBXFileReference; lastKnownFileType = sourcecode.swift; path = MunchTests.swift; sourceTree = "<group>"; };
		032F89121E82DFA300AD3818 /* Info.plist */ = {isa = PBXFileReference; lastKnownFileType = text.plist.xml; path = Info.plist; sourceTree = "<group>"; };
		032F89171E82DFA300AD3818 /* MunchUITests.xctest */ = {isa = PBXFileReference; explicitFileType = wrapper.cfbundle; includeInIndex = 0; path = MunchUITests.xctest; sourceTree = BUILT_PRODUCTS_DIR; };
		032F891B1E82DFA300AD3818 /* MunchUITests.swift */ = {isa = PBXFileReference; lastKnownFileType = sourcecode.swift; path = MunchUITests.swift; sourceTree = "<group>"; };
		032F891D1E82DFA300AD3818 /* Info.plist */ = {isa = PBXFileReference; lastKnownFileType = text.plist.xml; path = Info.plist; sourceTree = "<group>"; };
		032F89301E82EF8B00AD3818 /* Alamofire.framework */ = {isa = PBXFileReference; lastKnownFileType = wrapper.framework; name = Alamofire.framework; path = Carthage/Build/iOS/Alamofire.framework; sourceTree = "<group>"; };
		032F89331E82F14A00AD3818 /* SwiftyJSON.framework */ = {isa = PBXFileReference; lastKnownFileType = wrapper.framework; name = SwiftyJSON.framework; path = Carthage/Build/iOS/SwiftyJSON.framework; sourceTree = "<group>"; };
		033E62F71F1D381F00AE97FA /* Main.storyboard */ = {isa = PBXFileReference; fileEncoding = 4; lastKnownFileType = file.storyboard; path = Main.storyboard; sourceTree = "<group>"; };
		034820551E9CB3C400B0076A /* ImageViewer.framework */ = {isa = PBXFileReference; lastKnownFileType = wrapper.framework; name = ImageViewer.framework; path = Carthage/Build/iOS/ImageViewer.framework; sourceTree = "<group>"; };
		034820571E9CB92A00B0076A /* SKPhotoBrowser.framework */ = {isa = PBXFileReference; lastKnownFileType = wrapper.framework; name = SKPhotoBrowser.framework; path = Carthage/Build/iOS/SKPhotoBrowser.framework; sourceTree = "<group>"; };
		037884981E8E4E3F006025B5 /* SnapKit.framework */ = {isa = PBXFileReference; lastKnownFileType = wrapper.framework; name = SnapKit.framework; path = Carthage/Build/iOS/SnapKit.framework; sourceTree = "<group>"; };
		038275791F05109300C5954A /* Realm.framework */ = {isa = PBXFileReference; lastKnownFileType = wrapper.framework; name = Realm.framework; path = Carthage/Build/iOS/Realm.framework; sourceTree = "<group>"; };
		0382757B1F05109600C5954A /* RealmSwift.framework */ = {isa = PBXFileReference; lastKnownFileType = wrapper.framework; name = RealmSwift.framework; path = Carthage/Build/iOS/RealmSwift.framework; sourceTree = "<group>"; };
		0382757D1F06427300C5954A /* NVActivityIndicatorView.framework */ = {isa = PBXFileReference; lastKnownFileType = wrapper.framework; name = NVActivityIndicatorView.framework; path = Carthage/Build/iOS/NVActivityIndicatorView.framework; sourceTree = "<group>"; };
		039C393C1E8D47E300A28533 /* HMSegmentedControl.framework */ = {isa = PBXFileReference; lastKnownFileType = wrapper.framework; name = HMSegmentedControl.framework; path = Carthage/Build/iOS/HMSegmentedControl.framework; sourceTree = "<group>"; };
		039C393E1E8D47F500A28533 /* MXSegmentedPager.framework */ = {isa = PBXFileReference; lastKnownFileType = wrapper.framework; name = MXSegmentedPager.framework; path = Carthage/Build/iOS/MXSegmentedPager.framework; sourceTree = "<group>"; };
		039C39411E8D485400A28533 /* MXPagerView.framework */ = {isa = PBXFileReference; lastKnownFileType = wrapper.framework; name = MXPagerView.framework; path = Carthage/Build/iOS/MXPagerView.framework; sourceTree = "<group>"; };
		039C39431E8D485800A28533 /* MXParallaxHeader.framework */ = {isa = PBXFileReference; lastKnownFileType = wrapper.framework; name = MXParallaxHeader.framework; path = Carthage/Build/iOS/MXParallaxHeader.framework; sourceTree = "<group>"; };
		03B1EACD202AC15800217189 /* Munch.entitlements */ = {isa = PBXFileReference; lastKnownFileType = text.plist.entitlements; path = Munch.entitlements; sourceTree = "<group>"; };
		03CF0A9B1E96A7B100A3FD1F /* ESTabBarController.framework */ = {isa = PBXFileReference; lastKnownFileType = wrapper.framework; name = ESTabBarController.framework; path = Carthage/Build/iOS/ESTabBarController.framework; sourceTree = "<group>"; };
		03D3FEE01E8947D200ACFF50 /* MunchClientTests.swift */ = {isa = PBXFileReference; fileEncoding = 4; lastKnownFileType = sourcecode.swift; path = MunchClientTests.swift; sourceTree = "<group>"; };
		03D3FEE61E89589B00ACFF50 /* HandyJSON.framework */ = {isa = PBXFileReference; lastKnownFileType = wrapper.framework; name = HandyJSON.framework; path = Carthage/Build/iOS/HandyJSON.framework; sourceTree = "<group>"; };
		03D3FEEF1E8A647E00ACFF50 /* SwiftLocation.framework */ = {isa = PBXFileReference; lastKnownFileType = wrapper.framework; name = SwiftLocation.framework; path = Carthage/Build/iOS/SwiftLocation.framework; sourceTree = "<group>"; };
		03D3FEF21E8A8DA500ACFF50 /* SDWebImage.framework */ = {isa = PBXFileReference; lastKnownFileType = wrapper.framework; name = SDWebImage.framework; path = Carthage/Build/iOS/SDWebImage.framework; sourceTree = "<group>"; };
		03D3FF0A1E8D035100ACFF50 /* KMNavigationBarTransition.framework */ = {isa = PBXFileReference; lastKnownFileType = wrapper.framework; name = KMNavigationBarTransition.framework; path = Carthage/Build/iOS/KMNavigationBarTransition.framework; sourceTree = "<group>"; };
		03D5295B1E9CFB0C003D5350 /* TransitionTreasury.framework */ = {isa = PBXFileReference; lastKnownFileType = wrapper.framework; name = TransitionTreasury.framework; path = Carthage/Build/iOS/TransitionTreasury.framework; sourceTree = "<group>"; };
		03D5295D1E9CFB17003D5350 /* TransitionAnimation.framework */ = {isa = PBXFileReference; lastKnownFileType = wrapper.framework; name = TransitionAnimation.framework; path = Carthage/Build/iOS/TransitionAnimation.framework; sourceTree = "<group>"; };
		03D529601E9D03C0003D5350 /* FlexibleHeightBar.framework */ = {isa = PBXFileReference; lastKnownFileType = wrapper.framework; name = FlexibleHeightBar.framework; path = Carthage/Build/iOS/FlexibleHeightBar.framework; sourceTree = "<group>"; };
		03D88C141E9DF412005F825B /* Hero.framework */ = {isa = PBXFileReference; lastKnownFileType = wrapper.framework; name = Hero.framework; path = Carthage/Build/iOS/Hero.framework; sourceTree = "<group>"; };
		03E1A5A71F6D4FA4005A6E58 /* TabBarController.swift */ = {isa = PBXFileReference; fileEncoding = 4; lastKnownFileType = sourcecode.swift; path = TabBarController.swift; sourceTree = "<group>"; };
		03EE235D1E83039A009AFBFC /* MapKit.framework */ = {isa = PBXFileReference; lastKnownFileType = wrapper.framework; name = MapKit.framework; path = System/Library/Frameworks/MapKit.framework; sourceTree = SDKROOT; };
		03F5287420D8FC8800DF2604 /* Base */ = {isa = PBXFileReference; lastKnownFileType = text.plist.strings; name = Base; path = Munch/Base.lproj/Localizable.strings; sourceTree = "<group>"; };
		19CC2B7B7A468F7A24511641 /* Pods-Munch.debug.xcconfig */ = {isa = PBXFileReference; includeInIndex = 1; lastKnownFileType = text.xcconfig; name = "Pods-Munch.debug.xcconfig"; path = "Pods/Target Support Files/Pods-Munch/Pods-Munch.debug.xcconfig"; sourceTree = "<group>"; };
		30933A940AE4DF2E7F80A839 /* Pods_MunchTests.framework */ = {isa = PBXFileReference; explicitFileType = wrapper.framework; includeInIndex = 0; path = Pods_MunchTests.framework; sourceTree = BUILT_PRODUCTS_DIR; };
		79CEEE458C385CB72EED1E4B /* Pods-Munch.release.xcconfig */ = {isa = PBXFileReference; includeInIndex = 1; lastKnownFileType = text.xcconfig; name = "Pods-Munch.release.xcconfig"; path = "Pods/Target Support Files/Pods-Munch/Pods-Munch.release.xcconfig"; sourceTree = "<group>"; };
		A93EEFB98ADF9ED9EE8DF559 /* Pods-MunchUITests.debug.xcconfig */ = {isa = PBXFileReference; includeInIndex = 1; lastKnownFileType = text.xcconfig; name = "Pods-MunchUITests.debug.xcconfig"; path = "Pods/Target Support Files/Pods-MunchUITests/Pods-MunchUITests.debug.xcconfig"; sourceTree = "<group>"; };
		ACE953A82302FD876F98E058 /* Pods-MunchTests.release.xcconfig */ = {isa = PBXFileReference; includeInIndex = 1; lastKnownFileType = text.xcconfig; name = "Pods-MunchTests.release.xcconfig"; path = "Pods/Target Support Files/Pods-MunchTests/Pods-MunchTests.release.xcconfig"; sourceTree = "<group>"; };
		B4B7301088D63A05D3DCDB13 /* SearchFilterManager.swift */ = {isa = PBXFileReference; fileEncoding = 4; lastKnownFileType = sourcecode.swift; path = SearchFilterManager.swift; sourceTree = "<group>"; };
		B4B73045342B6980ED0FC2A2 /* SearchService.swift */ = {isa = PBXFileReference; fileEncoding = 4; lastKnownFileType = sourcecode.swift; path = SearchService.swift; sourceTree = "<group>"; };
		B4B7305A5B27A41922ADEE57 /* PlaceCardAbout.swift */ = {isa = PBXFileReference; fileEncoding = 4; lastKnownFileType = sourcecode.swift; path = PlaceCardAbout.swift; sourceTree = "<group>"; };
		B4B7306D542D1854D216A57E /* SearchController.swift */ = {isa = PBXFileReference; fileEncoding = 4; lastKnownFileType = sourcecode.swift; path = SearchController.swift; sourceTree = "<group>"; };
		B4B7312DBF1E812FF4C051CD /* PlaceCardMenu.swift */ = {isa = PBXFileReference; fileEncoding = 4; lastKnownFileType = sourcecode.swift; path = PlaceCardMenu.swift; sourceTree = "<group>"; };
		B4B73164A882960F5B1EFBB7 /* UserService.swift */ = {isa = PBXFileReference; fileEncoding = 4; lastKnownFileType = sourcecode.swift; path = UserService.swift; sourceTree = "<group>"; };
		B4B7318107D8ECA3F9373589 /* ProfileController.swift */ = {isa = PBXFileReference; fileEncoding = 4; lastKnownFileType = sourcecode.swift; path = ProfileController.swift; sourceTree = "<group>"; };
		B4B7319F863F7D75472073D8 /* SearchCardContainer.swift */ = {isa = PBXFileReference; fileEncoding = 4; lastKnownFileType = sourcecode.swift; path = SearchCardContainer.swift; sourceTree = "<group>"; };
		B4B731D151BB6D9601680CD1 /* PlaceCardSuggest.swift */ = {isa = PBXFileReference; fileEncoding = 4; lastKnownFileType = sourcecode.swift; path = PlaceCardSuggest.swift; sourceTree = "<group>"; };
		B4B732495DE29798E2A46696 /* SearchFilterController.swift */ = {isa = PBXFileReference; fileEncoding = 4; lastKnownFileType = sourcecode.swift; path = SearchFilterController.swift; sourceTree = "<group>"; };
		B4B73249E8D9E001BE91E5B5 /* UserPlaceActivityService.swift */ = {isa = PBXFileReference; fileEncoding = 4; lastKnownFileType = sourcecode.swift; path = UserPlaceActivityService.swift; sourceTree = "<group>"; };
		B4B7328A63C083C2FD99C847 /* PlaceCardBasic.swift */ = {isa = PBXFileReference; fileEncoding = 4; lastKnownFileType = sourcecode.swift; path = PlaceCardBasic.swift; sourceTree = "<group>"; };
		B4B7329A88030A09DC2A5187 /* MunchUser.swift */ = {isa = PBXFileReference; fileEncoding = 4; lastKnownFileType = sourcecode.swift; path = MunchUser.swift; sourceTree = "<group>"; };
		B4B732B20AE677AF6243099A /* MunchTagView.swift */ = {isa = PBXFileReference; fileEncoding = 4; lastKnownFileType = sourcecode.swift; path = MunchTagView.swift; sourceTree = "<group>"; };
		B4B732D2B0FB00E6302B1769 /* AddToCollectionController.swift */ = {isa = PBXFileReference; fileEncoding = 4; lastKnownFileType = sourcecode.swift; path = AddToCollectionController.swift; sourceTree = "<group>"; };
		B4B732E7ED481C66B5E5C06F /* FoundationExtensions.swift */ = {isa = PBXFileReference; fileEncoding = 4; lastKnownFileType = sourcecode.swift; path = FoundationExtensions.swift; sourceTree = "<group>"; };
		B4B732F3E55F3E605210CE9D /* ReviewRatingUtils.swift */ = {isa = PBXFileReference; fileEncoding = 4; lastKnownFileType = sourcecode.swift; path = ReviewRatingUtils.swift; sourceTree = "<group>"; };
		B4B7335BABC0E6BF07362781 /* UserPlaceCollectionService.swift */ = {isa = PBXFileReference; fileEncoding = 4; lastKnownFileType = sourcecode.swift; path = UserPlaceCollectionService.swift; sourceTree = "<group>"; };
		B4B73376F42AA38286FD7CFB /* SearchSuggestManager.swift */ = {isa = PBXFileReference; fileEncoding = 4; lastKnownFileType = sourcecode.swift; path = SearchSuggestManager.swift; sourceTree = "<group>"; };
		B4B7340C343F684AB0020CEA /* SearchCardLocal.swift */ = {isa = PBXFileReference; fileEncoding = 4; lastKnownFileType = sourcecode.swift; path = SearchCardLocal.swift; sourceTree = "<group>"; };
		B4B7348322E099298BEB7546 /* SearchCardPlace.swift */ = {isa = PBXFileReference; fileEncoding = 4; lastKnownFileType = sourcecode.swift; path = SearchCardPlace.swift; sourceTree = "<group>"; };
		B4B734C84BE5379569DEC024 /* SearchFilterLocationController.swift */ = {isa = PBXFileReference; fileEncoding = 4; lastKnownFileType = sourcecode.swift; path = SearchFilterLocationController.swift; sourceTree = "<group>"; };
		B4B734F5A092F3E9F0F16379 /* UserPlaceCollectionController.swift */ = {isa = PBXFileReference; fileEncoding = 4; lastKnownFileType = sourcecode.swift; path = UserPlaceCollectionController.swift; sourceTree = "<group>"; };
		B4B7355D4620025046BF11C7 /* MunchData.swift */ = {isa = PBXFileReference; fileEncoding = 4; lastKnownFileType = sourcecode.swift; path = MunchData.swift; sourceTree = "<group>"; };
		B4B735C5E94EBF93921BAB82 /* SearchCardSuggestion.swift */ = {isa = PBXFileReference; fileEncoding = 4; lastKnownFileType = sourcecode.swift; path = SearchCardSuggestion.swift; sourceTree = "<group>"; };
		B4B7366CEC775D090EE1D49B /* PlaceCardPartnersContent.swift */ = {isa = PBXFileReference; fileEncoding = 4; lastKnownFileType = sourcecode.swift; path = PlaceCardPartnersContent.swift; sourceTree = "<group>"; };
		B4B7368204D2AD9856509B6D /* ShimmerView.swift */ = {isa = PBXFileReference; fileEncoding = 4; lastKnownFileType = sourcecode.swift; path = ShimmerView.swift; sourceTree = "<group>"; };
		B4B73695F4F2693D0E750704 /* ViewExtensions.swift */ = {isa = PBXFileReference; fileEncoding = 4; lastKnownFileType = sourcecode.swift; path = ViewExtensions.swift; sourceTree = "<group>"; };
		B4B7373688E6AD288FE0837A /* PlacePartnerInstagramController.swift */ = {isa = PBXFileReference; fileEncoding = 4; lastKnownFileType = sourcecode.swift; path = PlacePartnerInstagramController.swift; sourceTree = "<group>"; };
		B4B7375F54B00CC6DF37E159 /* MunchTagCollectionView.swift */ = {isa = PBXFileReference; fileEncoding = 4; lastKnownFileType = sourcecode.swift; path = MunchTagCollectionView.swift; sourceTree = "<group>"; };
		B4B7383508F19AECBAA6D7BF /* FileService.swift */ = {isa = PBXFileReference; fileEncoding = 4; lastKnownFileType = sourcecode.swift; path = FileService.swift; sourceTree = "<group>"; };
		B4B73874640BF8573F3D6DE2 /* PlaceMapController.swift */ = {isa = PBXFileReference; fileEncoding = 4; lastKnownFileType = sourcecode.swift; path = PlaceMapController.swift; sourceTree = "<group>"; };
		B4B738C639DA188BF1AFD8CE /* ProfileTabController.swift */ = {isa = PBXFileReference; fileEncoding = 4; lastKnownFileType = sourcecode.swift; path = ProfileTabController.swift; sourceTree = "<group>"; };
		B4B738FF32F231E9768CD5F5 /* PlaceController.swift */ = {isa = PBXFileReference; fileEncoding = 4; lastKnownFileType = sourcecode.swift; path = PlaceController.swift; sourceTree = "<group>"; };
		B4B73926525624E7FDC598A6 /* SearchSuggestCell.swift */ = {isa = PBXFileReference; fileEncoding = 4; lastKnownFileType = sourcecode.swift; path = SearchSuggestCell.swift; sourceTree = "<group>"; };
		B4B73937402D628B2405A1F0 /* CollectionViewExtensions.swift */ = {isa = PBXFileReference; fileEncoding = 4; lastKnownFileType = sourcecode.swift; path = CollectionViewExtensions.swift; sourceTree = "<group>"; };
		B4B739624FB135D4B899356A /* SearchCard.swift */ = {isa = PBXFileReference; fileEncoding = 4; lastKnownFileType = sourcecode.swift; path = SearchCard.swift; sourceTree = "<group>"; };
		B4B739AD193B6BF57EAB5C9E /* Authentication.swift */ = {isa = PBXFileReference; fileEncoding = 4; lastKnownFileType = sourcecode.swift; path = Authentication.swift; sourceTree = "<group>"; };
		B4B739BB97B1798D44BDECC2 /* SizeImageView.swift */ = {isa = PBXFileReference; fileEncoding = 4; lastKnownFileType = sourcecode.swift; path = SizeImageView.swift; sourceTree = "<group>"; };
		B4B739DCDCF47D235E36F976 /* RecentDatabase.swift */ = {isa = PBXFileReference; fileEncoding = 4; lastKnownFileType = sourcecode.swift; path = RecentDatabase.swift; sourceTree = "<group>"; };
		B4B73A013583B2C9902370B6 /* CopyableView.swift */ = {isa = PBXFileReference; fileEncoding = 4; lastKnownFileType = sourcecode.swift; path = CopyableView.swift; sourceTree = "<group>"; };
		B4B73A0BB710E2ACF0BB3BA8 /* AccountBoardingController.swift */ = {isa = PBXFileReference; fileEncoding = 4; lastKnownFileType = sourcecode.swift; path = AccountBoardingController.swift; sourceTree = "<group>"; };
		B4B73A0BC5FD76AC914D048A /* BrandGuide.swift */ = {isa = PBXFileReference; fileEncoding = 4; lastKnownFileType = sourcecode.swift; path = BrandGuide.swift; sourceTree = "<group>"; };
		B4B73A8D9255EEE7A5009815 /* PlaceCollectionLoader.swift */ = {isa = PBXFileReference; fileEncoding = 4; lastKnownFileType = sourcecode.swift; path = PlaceCollectionLoader.swift; sourceTree = "<group>"; };
		B4B73AA1927908DE5CE73316 /* MunchImageView.swift */ = {isa = PBXFileReference; fileEncoding = 4; lastKnownFileType = sourcecode.swift; path = MunchImageView.swift; sourceTree = "<group>"; };
		B4B73AC270C97799BEFA829D /* MunchService.swift */ = {isa = PBXFileReference; fileEncoding = 4; lastKnownFileType = sourcecode.swift; path = MunchService.swift; sourceTree = "<group>"; };
		B4B73AE09F083ADA7BF427D9 /* UserPlaceCollectionDatabase.swift */ = {isa = PBXFileReference; fileEncoding = 4; lastKnownFileType = sourcecode.swift; path = UserPlaceCollectionDatabase.swift; sourceTree = "<group>"; };
		B4B73AF8EE794460404B2DBD /* SearchFilterCell.swift */ = {isa = PBXFileReference; fileEncoding = 4; lastKnownFileType = sourcecode.swift; path = SearchFilterCell.swift; sourceTree = "<group>"; };
		B4B73B2B2DAAB08F551868D7 /* PlaceCardAward.swift */ = {isa = PBXFileReference; fileEncoding = 4; lastKnownFileType = sourcecode.swift; path = PlaceCardAward.swift; sourceTree = "<group>"; };
		B4B73B64C65657ADAF5CF301 /* PlaceService.swift */ = {isa = PBXFileReference; fileEncoding = 4; lastKnownFileType = sourcecode.swift; path = PlaceService.swift; sourceTree = "<group>"; };
		B4B73B8C080EA9D51F87FE13 /* MunchLocation.swift */ = {isa = PBXFileReference; fileEncoding = 4; lastKnownFileType = sourcecode.swift; path = MunchLocation.swift; sourceTree = "<group>"; };
		B4B73B9D662F15799EE0F2ED /* SearchCardInstagram.swift */ = {isa = PBXFileReference; fileEncoding = 4; lastKnownFileType = sourcecode.swift; path = SearchCardInstagram.swift; sourceTree = "<group>"; };
		B4B73BC576ED59153B1056A9 /* SearchSuggestController.swift */ = {isa = PBXFileReference; fileEncoding = 4; lastKnownFileType = sourcecode.swift; path = SearchSuggestController.swift; sourceTree = "<group>"; };
		B4B73BC96A97609AEE2FB5D5 /* PlaceCardStatic.swift */ = {isa = PBXFileReference; fileEncoding = 4; lastKnownFileType = sourcecode.swift; path = PlaceCardStatic.swift; sourceTree = "<group>"; };
		B4B73BF6B8D464037F4FC986 /* ProfileSettingController.swift */ = {isa = PBXFileReference; fileEncoding = 4; lastKnownFileType = sourcecode.swift; path = ProfileSettingController.swift; sourceTree = "<group>"; };
		B4B73D378A46D9D36E031331 /* SearchHeaderView.swift */ = {isa = PBXFileReference; fileEncoding = 4; lastKnownFileType = sourcecode.swift; path = SearchHeaderView.swift; sourceTree = "<group>"; };
		B4B73D56D29ADB145295DB94 /* module.modulemap */ = {isa = PBXFileReference; fileEncoding = 4; lastKnownFileType = "sourcecode.module-map"; path = module.modulemap; sourceTree = "<group>"; };
		B4B73D86A1832193FD128FC6 /* PlaceCard.swift */ = {isa = PBXFileReference; fileEncoding = 4; lastKnownFileType = sourcecode.swift; path = PlaceCard.swift; sourceTree = "<group>"; };
		B4B73E5006FF2431845BA416 /* PlacePartnerArticleController.swift */ = {isa = PBXFileReference; fileEncoding = 4; lastKnownFileType = sourcecode.swift; path = PlacePartnerArticleController.swift; sourceTree = "<group>"; };
		B4B73FAD47BB85633497CC31 /* PlaceCardLocation.swift */ = {isa = PBXFileReference; fileEncoding = 4; lastKnownFileType = sourcecode.swift; path = PlaceCardLocation.swift; sourceTree = "<group>"; };
		B4B73FF3714C69FD7C372D8C /* SearchCardInjected.swift */ = {isa = PBXFileReference; fileEncoding = 4; lastKnownFileType = sourcecode.swift; path = SearchCardInjected.swift; sourceTree = "<group>"; };
		B4B73FF474CDAC60816F2825 /* PlaceCardReview.swift */ = {isa = PBXFileReference; fileEncoding = 4; lastKnownFileType = sourcecode.swift; path = PlaceCardReview.swift; sourceTree = "<group>"; };
		D2CE8E9F738C2A64071DD8B3 /* Pods_MunchUITests.framework */ = {isa = PBXFileReference; explicitFileType = wrapper.framework; includeInIndex = 0; path = Pods_MunchUITests.framework; sourceTree = BUILT_PRODUCTS_DIR; };
		D9422C7B675412F67AA5C66F /* Pods-MunchTests.debug.xcconfig */ = {isa = PBXFileReference; includeInIndex = 1; lastKnownFileType = text.xcconfig; name = "Pods-MunchTests.debug.xcconfig"; path = "Pods/Target Support Files/Pods-MunchTests/Pods-MunchTests.debug.xcconfig"; sourceTree = "<group>"; };
		E4B94E5940E649F3C926D27A /* Pods-MunchUITests.release.xcconfig */ = {isa = PBXFileReference; includeInIndex = 1; lastKnownFileType = text.xcconfig; name = "Pods-MunchUITests.release.xcconfig"; path = "Pods/Target Support Files/Pods-MunchUITests/Pods-MunchUITests.release.xcconfig"; sourceTree = "<group>"; };
		FE98581AD7B5040948A2CD79 /* Pods_Munch.framework */ = {isa = PBXFileReference; explicitFileType = wrapper.framework; includeInIndex = 0; path = Pods_Munch.framework; sourceTree = BUILT_PRODUCTS_DIR; };
/* End PBXFileReference section */

/* Begin PBXFrameworksBuildPhase section */
		032F88F51E82DFA200AD3818 /* Frameworks */ = {
			isa = PBXFrameworksBuildPhase;
			buildActionMask = 2147483647;
			files = (
				FFCBE8C721F3D06666C1DA69 /* Pods_Munch.framework in Frameworks */,
			);
			runOnlyForDeploymentPostprocessing = 0;
		};
		032F89091E82DFA300AD3818 /* Frameworks */ = {
			isa = PBXFrameworksBuildPhase;
			buildActionMask = 2147483647;
			files = (
				03D3FEE41E89494300ACFF50 /* Alamofire.framework in Frameworks */,
				03D3FEE51E89494600ACFF50 /* SwiftyJSON.framework in Frameworks */,
				03D3FEF01E8A647E00ACFF50 /* SwiftLocation.framework in Frameworks */,
				03D3FEF41E8A8DB500ACFF50 /* SDWebImage.framework in Frameworks */,
				12855D04BD7B4359954CC379 /* Pods_MunchTests.framework in Frameworks */,
			);
			runOnlyForDeploymentPostprocessing = 0;
		};
		032F89141E82DFA300AD3818 /* Frameworks */ = {
			isa = PBXFrameworksBuildPhase;
			buildActionMask = 2147483647;
			files = (
				DB136C8B43E175A72028D87F /* Pods_MunchUITests.framework in Frameworks */,
			);
			runOnlyForDeploymentPostprocessing = 0;
		};
/* End PBXFrameworksBuildPhase section */

/* Begin PBXGroup section */
		032F88EF1E82DFA200AD3818 = {
			isa = PBXGroup;
			children = (
				03F5287320D8FC8800DF2604 /* Localizable.strings */,
				032F88FA1E82DFA300AD3818 /* Munch */,
				032F890F1E82DFA300AD3818 /* MunchTests */,
				032F891A1E82DFA300AD3818 /* MunchUITests */,
				032F88F91E82DFA300AD3818 /* Products */,
				032F892F1E82EF8B00AD3818 /* Frameworks */,
				7FAD2F52AB52E9E8804CF200 /* Pods */,
			);
			sourceTree = "<group>";
		};
		032F88F91E82DFA300AD3818 /* Products */ = {
			isa = PBXGroup;
			children = (
				032F88F81E82DFA300AD3818 /* Munch.app */,
				032F890C1E82DFA300AD3818 /* MunchTests.xctest */,
				032F89171E82DFA300AD3818 /* MunchUITests.xctest */,
			);
			name = Products;
			sourceTree = "<group>";
		};
		032F88FA1E82DFA300AD3818 /* Munch */ = {
			isa = PBXGroup;
			children = (
				03B1EACD202AC15800217189 /* Munch.entitlements */,
				032F88FB1E82DFA300AD3818 /* AppDelegate.swift */,
				03E1A5A71F6D4FA4005A6E58 /* TabBarController.swift */,
				033E62F71F1D381F00AE97FA /* Main.storyboard */,
				032F89021E82DFA300AD3818 /* Assets.xcassets */,
				032F89041E82DFA300AD3818 /* LaunchScreen.storyboard */,
				032F89071E82DFA300AD3818 /* Info.plist */,
				032548612014831500F51D85 /* GoogleService-Info.plist */,
				B4B7378B383CC0C6448D2AB0 /* sources */,
				B4B730682DB064058651EA33 /* users */,
				B4B731FB6D67596B54B90179 /* places */,
				B4B73F3326242895902D01BE /* core */,
				B4B731BB2F1C718BE5806DF2 /* search */,
				B4B734760A49D43FBEAB4C2C /* design */,
				B4B73BA986418DB88709209B /* utils */,
				B4B736934E1DBDBE623B712F /* collection */,
			);
			path = Munch;
			sourceTree = "<group>";
		};
		032F890F1E82DFA300AD3818 /* MunchTests */ = {
			isa = PBXGroup;
			children = (
				032F89101E82DFA300AD3818 /* MunchTests.swift */,
				03D3FEE01E8947D200ACFF50 /* MunchClientTests.swift */,
				032F89121E82DFA300AD3818 /* Info.plist */,
			);
			path = MunchTests;
			sourceTree = "<group>";
		};
		032F891A1E82DFA300AD3818 /* MunchUITests */ = {
			isa = PBXGroup;
			children = (
				032F891B1E82DFA300AD3818 /* MunchUITests.swift */,
				032F891D1E82DFA300AD3818 /* Info.plist */,
			);
			path = MunchUITests;
			sourceTree = "<group>";
		};
		032F892F1E82EF8B00AD3818 /* Frameworks */ = {
			isa = PBXGroup;
			children = (
				0382757D1F06427300C5954A /* NVActivityIndicatorView.framework */,
				0382757B1F05109600C5954A /* RealmSwift.framework */,
				038275791F05109300C5954A /* Realm.framework */,
				03D88C141E9DF412005F825B /* Hero.framework */,
				03D529601E9D03C0003D5350 /* FlexibleHeightBar.framework */,
				03D5295D1E9CFB17003D5350 /* TransitionAnimation.framework */,
				03D5295B1E9CFB0C003D5350 /* TransitionTreasury.framework */,
				034820571E9CB92A00B0076A /* SKPhotoBrowser.framework */,
				034820551E9CB3C400B0076A /* ImageViewer.framework */,
				031C2F451E9CAE170022F0AF /* Kingfisher.framework */,
				031C2F431E9AEFC10022F0AF /* FLAnimatedImage.framework */,
				031C2F411E9AADDB0022F0AF /* NYTPhotoViewerCore.framework */,
				031C2F3F1E9AADD60022F0AF /* NYTPhotoViewer.framework */,
				03CF0A9B1E96A7B100A3FD1F /* ESTabBarController.framework */,
				037884981E8E4E3F006025B5 /* SnapKit.framework */,
				039C39431E8D485800A28533 /* MXParallaxHeader.framework */,
				039C39411E8D485400A28533 /* MXPagerView.framework */,
				039C393E1E8D47F500A28533 /* MXSegmentedPager.framework */,
				039C393C1E8D47E300A28533 /* HMSegmentedControl.framework */,
				03D3FF0A1E8D035100ACFF50 /* KMNavigationBarTransition.framework */,
				03D3FEF21E8A8DA500ACFF50 /* SDWebImage.framework */,
				03D3FEEF1E8A647E00ACFF50 /* SwiftLocation.framework */,
				03D3FEE61E89589B00ACFF50 /* HandyJSON.framework */,
				03EE235D1E83039A009AFBFC /* MapKit.framework */,
				032F89331E82F14A00AD3818 /* SwiftyJSON.framework */,
				032F89301E82EF8B00AD3818 /* Alamofire.framework */,
				FE98581AD7B5040948A2CD79 /* Pods_Munch.framework */,
				30933A940AE4DF2E7F80A839 /* Pods_MunchTests.framework */,
				D2CE8E9F738C2A64071DD8B3 /* Pods_MunchUITests.framework */,
			);
			name = Frameworks;
			sourceTree = "<group>";
		};
		7FAD2F52AB52E9E8804CF200 /* Pods */ = {
			isa = PBXGroup;
			children = (
				19CC2B7B7A468F7A24511641 /* Pods-Munch.debug.xcconfig */,
				79CEEE458C385CB72EED1E4B /* Pods-Munch.release.xcconfig */,
				D9422C7B675412F67AA5C66F /* Pods-MunchTests.debug.xcconfig */,
				ACE953A82302FD876F98E058 /* Pods-MunchTests.release.xcconfig */,
				A93EEFB98ADF9ED9EE8DF559 /* Pods-MunchUITests.debug.xcconfig */,
				E4B94E5940E649F3C926D27A /* Pods-MunchUITests.release.xcconfig */,
			);
			name = Pods;
			sourceTree = "<group>";
		};
		B4B730682DB064058651EA33 /* users */ = {
			isa = PBXGroup;
			children = (
				B4B7329A88030A09DC2A5187 /* MunchUser.swift */,
				B4B7318107D8ECA3F9373589 /* ProfileController.swift */,
				B4B73F1C7E70CF782261761E /* authentication */,
				B4B73BF6B8D464037F4FC986 /* ProfileSettingController.swift */,
				B4B738C639DA188BF1AFD8CE /* ProfileTabController.swift */,
				B4B73166C5F1EF57409F5565 /* services */,
			);
			path = users;
			sourceTree = "<group>";
		};
		B4B73166C5F1EF57409F5565 /* services */ = {
			isa = PBXGroup;
			children = (
				B4B73164A882960F5B1EFBB7 /* UserService.swift */,
				B4B73249E8D9E001BE91E5B5 /* UserPlaceActivityService.swift */,
			);
			path = services;
			sourceTree = "<group>";
		};
		B4B731BB2F1C718BE5806DF2 /* search */ = {
			isa = PBXGroup;
			children = (
				B4B7306D542D1854D216A57E /* SearchController.swift */,
				B4B732B4247F1144DCF7BD78 /* filter */,
				B4B73E9D5060BC3EA7F3BE1D /* suggest */,
				B4B738C00AD78E2C9CEED999 /* card */,
				B4B73D378A46D9D36E031331 /* SearchHeaderView.swift */,
				B4B73045342B6980ED0FC2A2 /* SearchService.swift */,
			);
			path = search;
			sourceTree = "<group>";
		};
		B4B731FB6D67596B54B90179 /* places */ = {
			isa = PBXGroup;
			children = (
				B4B73A631FEAF4A8430EA091 /* card */,
				B4B73B64C65657ADAF5CF301 /* PlaceService.swift */,
				B4B738FF32F231E9768CD5F5 /* PlaceController.swift */,
				B4B73874640BF8573F3D6DE2 /* PlaceMapController.swift */,
				B4B73E5006FF2431845BA416 /* PlacePartnerArticleController.swift */,
				B4B7373688E6AD288FE0837A /* PlacePartnerInstagramController.swift */,
			);
			path = places;
			sourceTree = "<group>";
		};
		B4B732B4247F1144DCF7BD78 /* filter */ = {
			isa = PBXGroup;
			children = (
				B4B732495DE29798E2A46696 /* SearchFilterController.swift */,
				B4B734C84BE5379569DEC024 /* SearchFilterLocationController.swift */,
				B4B73AF8EE794460404B2DBD /* SearchFilterCell.swift */,
				B4B7301088D63A05D3DCDB13 /* SearchFilterManager.swift */,
			);
			path = filter;
			sourceTree = "<group>";
		};
		B4B734760A49D43FBEAB4C2C /* design */ = {
			isa = PBXGroup;
			children = (
				B4B73A0BC5FD76AC914D048A /* BrandGuide.swift */,
				B4B7368204D2AD9856509B6D /* ShimmerView.swift */,
				B4B73937402D628B2405A1F0 /* CollectionViewExtensions.swift */,
				B4B73695F4F2693D0E750704 /* ViewExtensions.swift */,
				B4B73A013583B2C9902370B6 /* CopyableView.swift */,
				B4B73AA1927908DE5CE73316 /* MunchImageView.swift */,
				B4B739BB97B1798D44BDECC2 /* SizeImageView.swift */,
				B4B732B20AE677AF6243099A /* MunchTagView.swift */,
				B4B7375F54B00CC6DF37E159 /* MunchTagCollectionView.swift */,
				B4B732F3E55F3E605210CE9D /* ReviewRatingUtils.swift */,
			);
			path = design;
			sourceTree = "<group>";
		};
		B4B736934E1DBDBE623B712F /* collection */ = {
			isa = PBXGroup;
			children = (
				B4B734F5A092F3E9F0F16379 /* UserPlaceCollectionController.swift */,
				B4B73AE09F083ADA7BF427D9 /* UserPlaceCollectionDatabase.swift */,
				B4B732D2B0FB00E6302B1769 /* AddToCollectionController.swift */,
				B4B73A8D9255EEE7A5009815 /* PlaceCollectionLoader.swift */,
				B4B7335BABC0E6BF07362781 /* UserPlaceCollectionService.swift */,
			);
			path = collection;
			sourceTree = "<group>";
		};
		B4B7378B383CC0C6448D2AB0 /* sources */ = {
			isa = PBXGroup;
			children = (
				B4B738FC2B0C2DC1D543F043 /* CCommonCrypto */,
			);
			path = sources;
			sourceTree = "<group>";
		};
		B4B738C00AD78E2C9CEED999 /* card */ = {
			isa = PBXGroup;
			children = (
				B4B73B9D662F15799EE0F2ED /* SearchCardInstagram.swift */,
				B4B735C5E94EBF93921BAB82 /* SearchCardSuggestion.swift */,
				B4B7319F863F7D75472073D8 /* SearchCardContainer.swift */,
				B4B739624FB135D4B899356A /* SearchCard.swift */,
				B4B7340C343F684AB0020CEA /* SearchCardLocal.swift */,
				B4B7348322E099298BEB7546 /* SearchCardPlace.swift */,
				B4B73FF3714C69FD7C372D8C /* SearchCardInjected.swift */,
			);
			path = card;
			sourceTree = "<group>";
		};
		B4B738FC2B0C2DC1D543F043 /* CCommonCrypto */ = {
			isa = PBXGroup;
			children = (
				B4B73D56D29ADB145295DB94 /* module.modulemap */,
			);
			path = CCommonCrypto;
			sourceTree = "<group>";
		};
		B4B73A631FEAF4A8430EA091 /* card */ = {
			isa = PBXGroup;
			children = (
				B4B7305A5B27A41922ADEE57 /* PlaceCardAbout.swift */,
				B4B73FAD47BB85633497CC31 /* PlaceCardLocation.swift */,
				B4B73BC96A97609AEE2FB5D5 /* PlaceCardStatic.swift */,
				B4B73FF474CDAC60816F2825 /* PlaceCardReview.swift */,
				B4B7312DBF1E812FF4C051CD /* PlaceCardMenu.swift */,
				B4B7328A63C083C2FD99C847 /* PlaceCardBasic.swift */,
				B4B731D151BB6D9601680CD1 /* PlaceCardSuggest.swift */,
				B4B73B2B2DAAB08F551868D7 /* PlaceCardAward.swift */,
				B4B73D86A1832193FD128FC6 /* PlaceCard.swift */,
				B4B7366CEC775D090EE1D49B /* PlaceCardPartnersContent.swift */,
			);
			path = card;
			sourceTree = "<group>";
		};
		B4B73BA986418DB88709209B /* utils */ = {
			isa = PBXGroup;
			children = (
				B4B73B8C080EA9D51F87FE13 /* MunchLocation.swift */,
				B4B732E7ED481C66B5E5C06F /* FoundationExtensions.swift */,
				B4B739DCDCF47D235E36F976 /* RecentDatabase.swift */,
			);
			path = utils;
			sourceTree = "<group>";
		};
		B4B73E9D5060BC3EA7F3BE1D /* suggest */ = {
			isa = PBXGroup;
			children = (
				B4B73BC576ED59153B1056A9 /* SearchSuggestController.swift */,
				B4B73926525624E7FDC598A6 /* SearchSuggestCell.swift */,
				B4B73376F42AA38286FD7CFB /* SearchSuggestManager.swift */,
			);
			path = suggest;
			sourceTree = "<group>";
		};
		B4B73F1C7E70CF782261761E /* authentication */ = {
			isa = PBXGroup;
			children = (
				B4B739AD193B6BF57EAB5C9E /* Authentication.swift */,
				B4B73A0BB710E2ACF0BB3BA8 /* AccountBoardingController.swift */,
			);
			path = authentication;
			sourceTree = "<group>";
		};
		B4B73F3326242895902D01BE /* core */ = {
			isa = PBXGroup;
			children = (
				B4B73AC270C97799BEFA829D /* MunchService.swift */,
				B4B7355D4620025046BF11C7 /* MunchData.swift */,
				B4B7383508F19AECBAA6D7BF /* FileService.swift */,
			);
			path = core;
			sourceTree = "<group>";
		};
/* End PBXGroup section */

/* Begin PBXNativeTarget section */
		032F88F71E82DFA200AD3818 /* Munch */ = {
			isa = PBXNativeTarget;
			buildConfigurationList = 032F89201E82DFA300AD3818 /* Build configuration list for PBXNativeTarget "Munch" */;
			buildPhases = (
				3E733620BF62C6A3F7EB9420 /* [CP] Check Pods Manifest.lock */,
				032F88F41E82DFA200AD3818 /* Sources */,
				032F88F51E82DFA200AD3818 /* Frameworks */,
				032F88F61E82DFA200AD3818 /* Resources */,
				7046F4ACF02FE6EFC14D06D9 /* [CP] Embed Pods Frameworks */,
				EA522B14E4229C34A326768B /* [CP] Copy Pods Resources */,
				032548652014860B00F51D85 /* ShellScript */,
			);
			buildRules = (
			);
			dependencies = (
			);
			name = Munch;
			productName = Munch;
			productReference = 032F88F81E82DFA300AD3818 /* Munch.app */;
			productType = "com.apple.product-type.application";
		};
		032F890B1E82DFA300AD3818 /* MunchTests */ = {
			isa = PBXNativeTarget;
			buildConfigurationList = 032F89231E82DFA300AD3818 /* Build configuration list for PBXNativeTarget "MunchTests" */;
			buildPhases = (
				04E3203581C25708D74FE008 /* [CP] Check Pods Manifest.lock */,
				032F89081E82DFA300AD3818 /* Sources */,
				032F89091E82DFA300AD3818 /* Frameworks */,
				032F890A1E82DFA300AD3818 /* Resources */,
				6D41BE2C57BDC4B9DF15DA58 /* [CP] Embed Pods Frameworks */,
				7C04B18D9AA74C95A9E9C8C9 /* [CP] Copy Pods Resources */,
			);
			buildRules = (
			);
			dependencies = (
				032F890E1E82DFA300AD3818 /* PBXTargetDependency */,
			);
			name = MunchTests;
			productName = MunchTests;
			productReference = 032F890C1E82DFA300AD3818 /* MunchTests.xctest */;
			productType = "com.apple.product-type.bundle.unit-test";
		};
		032F89161E82DFA300AD3818 /* MunchUITests */ = {
			isa = PBXNativeTarget;
			buildConfigurationList = 032F89261E82DFA300AD3818 /* Build configuration list for PBXNativeTarget "MunchUITests" */;
			buildPhases = (
				0F7A79304D1980B03E9E5D6C /* [CP] Check Pods Manifest.lock */,
				032F89131E82DFA300AD3818 /* Sources */,
				032F89141E82DFA300AD3818 /* Frameworks */,
				032F89151E82DFA300AD3818 /* Resources */,
				AF80B0809F9371F596742B74 /* [CP] Embed Pods Frameworks */,
				12C71011B4719C6DB2FCC2A7 /* [CP] Copy Pods Resources */,
			);
			buildRules = (
			);
			dependencies = (
				032F89191E82DFA300AD3818 /* PBXTargetDependency */,
			);
			name = MunchUITests;
			productName = MunchUITests;
			productReference = 032F89171E82DFA300AD3818 /* MunchUITests.xctest */;
			productType = "com.apple.product-type.bundle.ui-testing";
		};
/* End PBXNativeTarget section */

/* Begin PBXProject section */
		032F88F01E82DFA200AD3818 /* Project object */ = {
			isa = PBXProject;
			attributes = {
				LastSwiftUpdateCheck = 0820;
				LastUpgradeCheck = 0820;
				ORGANIZATIONNAME = "Munch Technologies";
				TargetAttributes = {
					032F88F71E82DFA200AD3818 = {
						CreatedOnToolsVersion = 8.2.1;
						DevelopmentTeam = 7G635T5DK8;
						LastSwiftMigration = 0900;
						ProvisioningStyle = Automatic;
						SystemCapabilities = {
							com.apple.Keychain = {
								enabled = 1;
							};
							com.apple.Push = {
								enabled = 1;
							};
						};
					};
					032F890B1E82DFA300AD3818 = {
						CreatedOnToolsVersion = 8.2.1;
						LastSwiftMigration = 0900;
						ProvisioningStyle = Automatic;
						TestTargetID = 032F88F71E82DFA200AD3818;
					};
					032F89161E82DFA300AD3818 = {
						CreatedOnToolsVersion = 8.2.1;
						LastSwiftMigration = 0900;
						ProvisioningStyle = Automatic;
						TestTargetID = 032F88F71E82DFA200AD3818;
					};
				};
			};
			buildConfigurationList = 032F88F31E82DFA200AD3818 /* Build configuration list for PBXProject "Munch" */;
			compatibilityVersion = "Xcode 3.2";
			developmentRegion = English;
			hasScannedForEncodings = 0;
			knownRegions = (
				en,
				Base,
			);
			mainGroup = 032F88EF1E82DFA200AD3818;
			productRefGroup = 032F88F91E82DFA300AD3818 /* Products */;
			projectDirPath = "";
			projectRoot = "";
			targets = (
				032F88F71E82DFA200AD3818 /* Munch */,
				032F890B1E82DFA300AD3818 /* MunchTests */,
				032F89161E82DFA300AD3818 /* MunchUITests */,
			);
		};
/* End PBXProject section */

/* Begin PBXResourcesBuildPhase section */
		032F88F61E82DFA200AD3818 /* Resources */ = {
			isa = PBXResourcesBuildPhase;
			buildActionMask = 2147483647;
			files = (
				03F5287520D8FC8800DF2604 /* Localizable.strings in Resources */,
				032F89061E82DFA300AD3818 /* LaunchScreen.storyboard in Resources */,
				032F89031E82DFA300AD3818 /* Assets.xcassets in Resources */,
				033E62F81F1D381F00AE97FA /* Main.storyboard in Resources */,
				032548622014831500F51D85 /* GoogleService-Info.plist in Resources */,
			);
			runOnlyForDeploymentPostprocessing = 0;
		};
		032F890A1E82DFA300AD3818 /* Resources */ = {
			isa = PBXResourcesBuildPhase;
			buildActionMask = 2147483647;
			files = (
				032548632014831500F51D85 /* GoogleService-Info.plist in Resources */,
			);
			runOnlyForDeploymentPostprocessing = 0;
		};
		032F89151E82DFA300AD3818 /* Resources */ = {
			isa = PBXResourcesBuildPhase;
			buildActionMask = 2147483647;
			files = (
				032548642014831500F51D85 /* GoogleService-Info.plist in Resources */,
			);
			runOnlyForDeploymentPostprocessing = 0;
		};
/* End PBXResourcesBuildPhase section */

/* Begin PBXShellScriptBuildPhase section */
		032548652014860B00F51D85 /* ShellScript */ = {
			isa = PBXShellScriptBuildPhase;
			buildActionMask = 2147483647;
			files = (
			);
			inputPaths = (
			);
			outputPaths = (
			);
			runOnlyForDeploymentPostprocessing = 0;
			shellPath = /bin/sh;
			shellScript = "\"${PODS_ROOT}/Fabric/run\"";
		};
		04E3203581C25708D74FE008 /* [CP] Check Pods Manifest.lock */ = {
			isa = PBXShellScriptBuildPhase;
			buildActionMask = 2147483647;
			files = (
			);
			inputPaths = (
				"${PODS_PODFILE_DIR_PATH}/Podfile.lock",
				"${PODS_ROOT}/Manifest.lock",
			);
			name = "[CP] Check Pods Manifest.lock";
			outputPaths = (
				"$(DERIVED_FILE_DIR)/Pods-MunchTests-checkManifestLockResult.txt",
			);
			runOnlyForDeploymentPostprocessing = 0;
			shellPath = /bin/sh;
			shellScript = "diff \"${PODS_PODFILE_DIR_PATH}/Podfile.lock\" \"${PODS_ROOT}/Manifest.lock\" > /dev/null\nif [ $? != 0 ] ; then\n    # print error to STDERR\n    echo \"error: The sandbox is not in sync with the Podfile.lock. Run 'pod install' or update your CocoaPods installation.\" >&2\n    exit 1\nfi\n# This output is used by Xcode 'outputs' to avoid re-running this script phase.\necho \"SUCCESS\" > \"${SCRIPT_OUTPUT_FILE_0}\"\n";
			showEnvVarsInLog = 0;
		};
		0F7A79304D1980B03E9E5D6C /* [CP] Check Pods Manifest.lock */ = {
			isa = PBXShellScriptBuildPhase;
			buildActionMask = 2147483647;
			files = (
			);
			inputPaths = (
				"${PODS_PODFILE_DIR_PATH}/Podfile.lock",
				"${PODS_ROOT}/Manifest.lock",
			);
			name = "[CP] Check Pods Manifest.lock";
			outputPaths = (
				"$(DERIVED_FILE_DIR)/Pods-MunchUITests-checkManifestLockResult.txt",
			);
			runOnlyForDeploymentPostprocessing = 0;
			shellPath = /bin/sh;
			shellScript = "diff \"${PODS_PODFILE_DIR_PATH}/Podfile.lock\" \"${PODS_ROOT}/Manifest.lock\" > /dev/null\nif [ $? != 0 ] ; then\n    # print error to STDERR\n    echo \"error: The sandbox is not in sync with the Podfile.lock. Run 'pod install' or update your CocoaPods installation.\" >&2\n    exit 1\nfi\n# This output is used by Xcode 'outputs' to avoid re-running this script phase.\necho \"SUCCESS\" > \"${SCRIPT_OUTPUT_FILE_0}\"\n";
			showEnvVarsInLog = 0;
		};
		12C71011B4719C6DB2FCC2A7 /* [CP] Copy Pods Resources */ = {
			isa = PBXShellScriptBuildPhase;
			buildActionMask = 2147483647;
			files = (
			);
			inputPaths = (
			);
			name = "[CP] Copy Pods Resources";
			outputPaths = (
			);
			runOnlyForDeploymentPostprocessing = 0;
			shellPath = /bin/sh;
			shellScript = "\"${SRCROOT}/Pods/Target Support Files/Pods-MunchUITests/Pods-MunchUITests-resources.sh\"\n";
			showEnvVarsInLog = 0;
		};
		3E733620BF62C6A3F7EB9420 /* [CP] Check Pods Manifest.lock */ = {
			isa = PBXShellScriptBuildPhase;
			buildActionMask = 2147483647;
			files = (
			);
			inputPaths = (
				"${PODS_PODFILE_DIR_PATH}/Podfile.lock",
				"${PODS_ROOT}/Manifest.lock",
			);
			name = "[CP] Check Pods Manifest.lock";
			outputPaths = (
				"$(DERIVED_FILE_DIR)/Pods-Munch-checkManifestLockResult.txt",
			);
			runOnlyForDeploymentPostprocessing = 0;
			shellPath = /bin/sh;
			shellScript = "diff \"${PODS_PODFILE_DIR_PATH}/Podfile.lock\" \"${PODS_ROOT}/Manifest.lock\" > /dev/null\nif [ $? != 0 ] ; then\n    # print error to STDERR\n    echo \"error: The sandbox is not in sync with the Podfile.lock. Run 'pod install' or update your CocoaPods installation.\" >&2\n    exit 1\nfi\n# This output is used by Xcode 'outputs' to avoid re-running this script phase.\necho \"SUCCESS\" > \"${SCRIPT_OUTPUT_FILE_0}\"\n";
			showEnvVarsInLog = 0;
		};
		6D41BE2C57BDC4B9DF15DA58 /* [CP] Embed Pods Frameworks */ = {
			isa = PBXShellScriptBuildPhase;
			buildActionMask = 2147483647;
			files = (
			);
			inputPaths = (
			);
			name = "[CP] Embed Pods Frameworks";
			outputPaths = (
			);
			runOnlyForDeploymentPostprocessing = 0;
			shellPath = /bin/sh;
			shellScript = "\"${SRCROOT}/Pods/Target Support Files/Pods-MunchTests/Pods-MunchTests-frameworks.sh\"\n";
			showEnvVarsInLog = 0;
		};
		7046F4ACF02FE6EFC14D06D9 /* [CP] Embed Pods Frameworks */ = {
			isa = PBXShellScriptBuildPhase;
			buildActionMask = 2147483647;
			files = (
			);
			inputPaths = (
				"${SRCROOT}/Pods/Target Support Files/Pods-Munch/Pods-Munch-frameworks.sh",
				"${BUILT_PRODUCTS_DIR}/Alamofire/Alamofire.framework",
				"${BUILT_PRODUCTS_DIR}/BEMCheckBox/BEMCheckBox.framework",
				"${BUILT_PRODUCTS_DIR}/Bolts/Bolts.framework",
				"${BUILT_PRODUCTS_DIR}/Cache/Cache.framework",
				"${BUILT_PRODUCTS_DIR}/Charts/Charts.framework",
				"${BUILT_PRODUCTS_DIR}/Cosmos/Cosmos.framework",
				"${BUILT_PRODUCTS_DIR}/ESTabBarController-swift/ESTabBarController_swift.framework",
				"${BUILT_PRODUCTS_DIR}/FBSDKCoreKit/FBSDKCoreKit.framework",
				"${BUILT_PRODUCTS_DIR}/FBSDKLoginKit/FBSDKLoginKit.framework",
				"${BUILT_PRODUCTS_DIR}/GTMOAuth2/GTMOAuth2.framework",
				"${BUILT_PRODUCTS_DIR}/GTMSessionFetcher/GTMSessionFetcher.framework",
				"${BUILT_PRODUCTS_DIR}/GoogleToolboxForMac/GoogleToolboxForMac.framework",
				"${BUILT_PRODUCTS_DIR}/KMNavigationBarTransition/KMNavigationBarTransition.framework",
				"${BUILT_PRODUCTS_DIR}/Kingfisher/Kingfisher.framework",
				"${BUILT_PRODUCTS_DIR}/Localize-Swift/Localize_Swift.framework",
				"${BUILT_PRODUCTS_DIR}/Moya/Moya.framework",
				"${BUILT_PRODUCTS_DIR}/NVActivityIndicatorView/NVActivityIndicatorView.framework",
				"${BUILT_PRODUCTS_DIR}/Protobuf/Protobuf.framework",
				"${BUILT_PRODUCTS_DIR}/RangeSeekSlider/RangeSeekSlider.framework",
				"${BUILT_PRODUCTS_DIR}/Realm/Realm.framework",
				"${BUILT_PRODUCTS_DIR}/RealmSwift/RealmSwift.framework",
				"${BUILT_PRODUCTS_DIR}/Result/Result.framework",
				"${BUILT_PRODUCTS_DIR}/RxCocoa/RxCocoa.framework",
				"${BUILT_PRODUCTS_DIR}/RxSwift/RxSwift.framework",
				"${BUILT_PRODUCTS_DIR}/SKPhotoBrowser/SKPhotoBrowser.framework",
				"${BUILT_PRODUCTS_DIR}/Shimmer/Shimmer.framework",
				"${BUILT_PRODUCTS_DIR}/SnapKit/SnapKit.framework",
				"${BUILT_PRODUCTS_DIR}/SwiftLocation/SwiftLocation.framework",
				"${BUILT_PRODUCTS_DIR}/SwiftRichString/SwiftRichString.framework",
				"${BUILT_PRODUCTS_DIR}/SwiftyJSON/SwiftyJSON.framework",
				"${BUILT_PRODUCTS_DIR}/TTGTagCollectionView/TTGTagCollectionView.framework",
				"${BUILT_PRODUCTS_DIR}/Toast-Swift/Toast_Swift.framework",
				"${BUILT_PRODUCTS_DIR}/nanopb/nanopb.framework",
			);
			name = "[CP] Embed Pods Frameworks";
			outputPaths = (
				"${TARGET_BUILD_DIR}/${FRAMEWORKS_FOLDER_PATH}/Alamofire.framework",
				"${TARGET_BUILD_DIR}/${FRAMEWORKS_FOLDER_PATH}/BEMCheckBox.framework",
				"${TARGET_BUILD_DIR}/${FRAMEWORKS_FOLDER_PATH}/Bolts.framework",
				"${TARGET_BUILD_DIR}/${FRAMEWORKS_FOLDER_PATH}/Cache.framework",
				"${TARGET_BUILD_DIR}/${FRAMEWORKS_FOLDER_PATH}/Charts.framework",
				"${TARGET_BUILD_DIR}/${FRAMEWORKS_FOLDER_PATH}/Cosmos.framework",
				"${TARGET_BUILD_DIR}/${FRAMEWORKS_FOLDER_PATH}/ESTabBarController_swift.framework",
				"${TARGET_BUILD_DIR}/${FRAMEWORKS_FOLDER_PATH}/FBSDKCoreKit.framework",
				"${TARGET_BUILD_DIR}/${FRAMEWORKS_FOLDER_PATH}/FBSDKLoginKit.framework",
				"${TARGET_BUILD_DIR}/${FRAMEWORKS_FOLDER_PATH}/GTMOAuth2.framework",
				"${TARGET_BUILD_DIR}/${FRAMEWORKS_FOLDER_PATH}/GTMSessionFetcher.framework",
				"${TARGET_BUILD_DIR}/${FRAMEWORKS_FOLDER_PATH}/GoogleToolboxForMac.framework",
				"${TARGET_BUILD_DIR}/${FRAMEWORKS_FOLDER_PATH}/KMNavigationBarTransition.framework",
				"${TARGET_BUILD_DIR}/${FRAMEWORKS_FOLDER_PATH}/Kingfisher.framework",
				"${TARGET_BUILD_DIR}/${FRAMEWORKS_FOLDER_PATH}/Localize_Swift.framework",
				"${TARGET_BUILD_DIR}/${FRAMEWORKS_FOLDER_PATH}/Moya.framework",
				"${TARGET_BUILD_DIR}/${FRAMEWORKS_FOLDER_PATH}/NVActivityIndicatorView.framework",
				"${TARGET_BUILD_DIR}/${FRAMEWORKS_FOLDER_PATH}/Protobuf.framework",
				"${TARGET_BUILD_DIR}/${FRAMEWORKS_FOLDER_PATH}/RangeSeekSlider.framework",
				"${TARGET_BUILD_DIR}/${FRAMEWORKS_FOLDER_PATH}/Realm.framework",
				"${TARGET_BUILD_DIR}/${FRAMEWORKS_FOLDER_PATH}/RealmSwift.framework",
				"${TARGET_BUILD_DIR}/${FRAMEWORKS_FOLDER_PATH}/Result.framework",
				"${TARGET_BUILD_DIR}/${FRAMEWORKS_FOLDER_PATH}/RxCocoa.framework",
				"${TARGET_BUILD_DIR}/${FRAMEWORKS_FOLDER_PATH}/RxSwift.framework",
				"${TARGET_BUILD_DIR}/${FRAMEWORKS_FOLDER_PATH}/SKPhotoBrowser.framework",
				"${TARGET_BUILD_DIR}/${FRAMEWORKS_FOLDER_PATH}/Shimmer.framework",
				"${TARGET_BUILD_DIR}/${FRAMEWORKS_FOLDER_PATH}/SnapKit.framework",
				"${TARGET_BUILD_DIR}/${FRAMEWORKS_FOLDER_PATH}/SwiftLocation.framework",
				"${TARGET_BUILD_DIR}/${FRAMEWORKS_FOLDER_PATH}/SwiftRichString.framework",
				"${TARGET_BUILD_DIR}/${FRAMEWORKS_FOLDER_PATH}/SwiftyJSON.framework",
				"${TARGET_BUILD_DIR}/${FRAMEWORKS_FOLDER_PATH}/TTGTagCollectionView.framework",
				"${TARGET_BUILD_DIR}/${FRAMEWORKS_FOLDER_PATH}/Toast_Swift.framework",
				"${TARGET_BUILD_DIR}/${FRAMEWORKS_FOLDER_PATH}/nanopb.framework",
			);
			runOnlyForDeploymentPostprocessing = 0;
			shellPath = /bin/sh;
			shellScript = "\"${SRCROOT}/Pods/Target Support Files/Pods-Munch/Pods-Munch-frameworks.sh\"\n";
			showEnvVarsInLog = 0;
		};
		7C04B18D9AA74C95A9E9C8C9 /* [CP] Copy Pods Resources */ = {
			isa = PBXShellScriptBuildPhase;
			buildActionMask = 2147483647;
			files = (
			);
			inputPaths = (
			);
			name = "[CP] Copy Pods Resources";
			outputPaths = (
			);
			runOnlyForDeploymentPostprocessing = 0;
			shellPath = /bin/sh;
			shellScript = "\"${SRCROOT}/Pods/Target Support Files/Pods-MunchTests/Pods-MunchTests-resources.sh\"\n";
			showEnvVarsInLog = 0;
		};
		AF80B0809F9371F596742B74 /* [CP] Embed Pods Frameworks */ = {
			isa = PBXShellScriptBuildPhase;
			buildActionMask = 2147483647;
			files = (
			);
			inputPaths = (
			);
			name = "[CP] Embed Pods Frameworks";
			outputPaths = (
			);
			runOnlyForDeploymentPostprocessing = 0;
			shellPath = /bin/sh;
			shellScript = "\"${SRCROOT}/Pods/Target Support Files/Pods-MunchUITests/Pods-MunchUITests-frameworks.sh\"\n";
			showEnvVarsInLog = 0;
		};
		EA522B14E4229C34A326768B /* [CP] Copy Pods Resources */ = {
			isa = PBXShellScriptBuildPhase;
			buildActionMask = 2147483647;
			files = (
			);
			inputPaths = (
				"${SRCROOT}/Pods/Target Support Files/Pods-Munch/Pods-Munch-resources.sh",
				$PODS_CONFIGURATION_BUILD_DIR/FirebaseUI/FirebaseAuthUI.bundle,
				$PODS_CONFIGURATION_BUILD_DIR/FirebaseUI/FirebaseFacebookAuthUI.bundle,
				"${PODS_ROOT}/GoogleSignIn/Resources/GoogleSignIn.bundle",
			);
			name = "[CP] Copy Pods Resources";
			outputPaths = (
				"${TARGET_BUILD_DIR}/${UNLOCALIZED_RESOURCES_FOLDER_PATH}",
			);
			runOnlyForDeploymentPostprocessing = 0;
			shellPath = /bin/sh;
			shellScript = "\"${SRCROOT}/Pods/Target Support Files/Pods-Munch/Pods-Munch-resources.sh\"\n";
			showEnvVarsInLog = 0;
		};
/* End PBXShellScriptBuildPhase section */

/* Begin PBXSourcesBuildPhase section */
		032F88F41E82DFA200AD3818 /* Sources */ = {
			isa = PBXSourcesBuildPhase;
			buildActionMask = 2147483647;
			files = (
				032F88FC1E82DFA300AD3818 /* AppDelegate.swift in Sources */,
				03E1A5A81F6D4FA4005A6E58 /* TabBarController.swift in Sources */,
				B4B7380CEE70044FE930F722 /* module.modulemap in Sources */,
				B4B736B384EB310819568013 /* MunchService.swift in Sources */,
				B4B73795EB2F4EC8E765DF00 /* MunchData.swift in Sources */,
				B4B73E37A7C29ADE60C2F3D8 /* FileService.swift in Sources */,
				B4B7393A474C78AE30F0B91A /* MunchUser.swift in Sources */,
				B4B73E949693D12B57F4DF62 /* MunchLocation.swift in Sources */,
				B4B73C4483DFF7CD8C6813DC /* FoundationExtensions.swift in Sources */,
				B4B73B6E1C087CED1A58117F /* BrandGuide.swift in Sources */,
				B4B73E797C3DFA9A4EA2888C /* ShimmerView.swift in Sources */,
				B4B7317A88FBBF250ABABD73 /* CollectionViewExtensions.swift in Sources */,
				B4B733B083D8DF8F2DDFF66D /* ViewExtensions.swift in Sources */,
				B4B7368A7EDD60CFD8561D63 /* CopyableView.swift in Sources */,
				B4B73F819FBBB004801AB472 /* MunchImageView.swift in Sources */,
				B4B7300B495A5D094192FB23 /* RecentDatabase.swift in Sources */,
				B4B731E974188D4D409E7E65 /* SizeImageView.swift in Sources */,
				B4B731EC40D9169F08F70FC4 /* SearchController.swift in Sources */,
				B4B73FBB2DA5BE8D137B68FA /* ProfileController.swift in Sources */,
				B4B738B028A98E69BD3403F5 /* MunchTagView.swift in Sources */,
				B4B73D6CD0AB4666A9983FB6 /* Authentication.swift in Sources */,
				B4B73BBC419593C4FD7A7F0A /* MunchTagCollectionView.swift in Sources */,
				B4B73B07AABF07B6FDE8D393 /* AccountBoardingController.swift in Sources */,
				B4B739A826B911E094D4A616 /* ProfileSettingController.swift in Sources */,
				B4B733C48DCACF9F5A977BE1 /* ProfileTabController.swift in Sources */,
				B4B73F2406D8395483C8C719 /* SearchCardInstagram.swift in Sources */,
				B4B7397B4A29B5FF71D35382 /* SearchCardSuggestion.swift in Sources */,
				B4B731C9E8B9A21CE5BBDF35 /* SearchCardContainer.swift in Sources */,
				B4B73C6C2D398F219E5637D7 /* SearchHeaderView.swift in Sources */,
				B4B734EF0CB213199DFCBA63 /* SearchService.swift in Sources */,
				B4B732CC1464F187F8931167 /* SearchCard.swift in Sources */,
				B4B737C25A3CDC08D03FC64E /* SearchCardLocal.swift in Sources */,
				B4B730ED3E9216817A85CDEE /* SearchCardPlace.swift in Sources */,
				B4B737860D03B00FCF941B40 /* SearchCardInjected.swift in Sources */,
				B4B7358B55C3DB9F4EF818EC /* SearchFilterController.swift in Sources */,
				B4B73C59D9E144CD476FA73F /* SearchSuggestController.swift in Sources */,
				B4B73269CB4EDD10C4D06F1D /* SearchFilterLocationController.swift in Sources */,
				B4B7314B288F51221B795A84 /* SearchFilterCell.swift in Sources */,
				B4B73F6FC011092193C534CB /* SearchFilterManager.swift in Sources */,
				B4B73F16F3517C2E945BF368 /* SearchSuggestCell.swift in Sources */,
				B4B734CADB20622FE502984B /* SearchSuggestManager.swift in Sources */,
				B4B73CA2EEA29B09DB80FC1E /* PlaceService.swift in Sources */,
				B4B7316A7CC5FD11A8091102 /* PlaceCardAbout.swift in Sources */,
				B4B73562BD47A7DF8D9334FC /* PlaceCardLocation.swift in Sources */,
				B4B73C5283FA6454158B1B4B /* PlaceCardStatic.swift in Sources */,
				B4B73A71181051AAA885028F /* PlaceCardReview.swift in Sources */,
				B4B73DB576F9692FA03D785F /* PlaceCardMenu.swift in Sources */,
				B4B73C41A4C3F3BA7EFF5AB4 /* PlaceCardBasic.swift in Sources */,
				B4B733162CE1B0A62B893122 /* PlaceCardSuggest.swift in Sources */,
				B4B7384B88D80A519B61487F /* PlaceCardAward.swift in Sources */,
				B4B73711AC311B37916A5C12 /* PlaceCard.swift in Sources */,
				B4B731365FBBAFD37E2E7366 /* PlaceCardPartnersContent.swift in Sources */,
				B4B73EB2FE22EA5E8593B33E /* PlaceController.swift in Sources */,
				B4B73A27FF8C27B661FDE549 /* ReviewRatingUtils.swift in Sources */,
				B4B73D148D0C4822FCADE869 /* PlaceMapController.swift in Sources */,
				B4B736160C7711EB894181B3 /* PlacePartnerArticleController.swift in Sources */,
				B4B7301130453D4905E69622 /* PlacePartnerInstagramController.swift in Sources */,
				B4B73C606FE2097D5A046F6E /* UserService.swift in Sources */,
				B4B73DE28917199DECAE7B84 /* UserPlaceActivityService.swift in Sources */,
				B4B7388AF9FD83F39F217600 /* UserPlaceCollectionController.swift in Sources */,
				B4B73065A4CC7D618AD5D8D6 /* UserPlaceCollectionDatabase.swift in Sources */,
				B4B732E70D293542B580ACC7 /* AddToCollectionController.swift in Sources */,
				B4B73C3AB908951BEF2451FF /* PlaceCollectionLoader.swift in Sources */,
				B4B736B47B12B57380C86E22 /* UserPlaceCollectionService.swift in Sources */,
			);
			runOnlyForDeploymentPostprocessing = 0;
		};
		032F89081E82DFA300AD3818 /* Sources */ = {
			isa = PBXSourcesBuildPhase;
			buildActionMask = 2147483647;
			files = (
				03D3FEE21E8947D200ACFF50 /* MunchClientTests.swift in Sources */,
				032F89111E82DFA300AD3818 /* MunchTests.swift in Sources */,
			);
			runOnlyForDeploymentPostprocessing = 0;
		};
		032F89131E82DFA300AD3818 /* Sources */ = {
			isa = PBXSourcesBuildPhase;
			buildActionMask = 2147483647;
			files = (
				032F891C1E82DFA300AD3818 /* MunchUITests.swift in Sources */,
			);
			runOnlyForDeploymentPostprocessing = 0;
		};
/* End PBXSourcesBuildPhase section */

/* Begin PBXTargetDependency section */
		032F890E1E82DFA300AD3818 /* PBXTargetDependency */ = {
			isa = PBXTargetDependency;
			target = 032F88F71E82DFA200AD3818 /* Munch */;
			targetProxy = 032F890D1E82DFA300AD3818 /* PBXContainerItemProxy */;
		};
		032F89191E82DFA300AD3818 /* PBXTargetDependency */ = {
			isa = PBXTargetDependency;
			target = 032F88F71E82DFA200AD3818 /* Munch */;
			targetProxy = 032F89181E82DFA300AD3818 /* PBXContainerItemProxy */;
		};
/* End PBXTargetDependency section */

/* Begin PBXVariantGroup section */
		032F89041E82DFA300AD3818 /* LaunchScreen.storyboard */ = {
			isa = PBXVariantGroup;
			children = (
				032F89051E82DFA300AD3818 /* Base */,
			);
			name = LaunchScreen.storyboard;
			sourceTree = "<group>";
		};
		03F5287320D8FC8800DF2604 /* Localizable.strings */ = {
			isa = PBXVariantGroup;
			children = (
				03F5287420D8FC8800DF2604 /* Base */,
			);
			name = Localizable.strings;
			sourceTree = "<group>";
		};
/* End PBXVariantGroup section */

/* Begin XCBuildConfiguration section */
		032F891E1E82DFA300AD3818 /* Debug */ = {
			isa = XCBuildConfiguration;
			buildSettings = {
				ALWAYS_SEARCH_USER_PATHS = NO;
				CLANG_ANALYZER_LOCALIZABILITY_NONLOCALIZED = YES;
				CLANG_ANALYZER_NONNULL = YES;
				CLANG_CXX_LANGUAGE_STANDARD = "gnu++0x";
				CLANG_CXX_LIBRARY = "libc++";
				CLANG_ENABLE_MODULES = YES;
				CLANG_ENABLE_OBJC_ARC = YES;
				CLANG_WARN_BOOL_CONVERSION = YES;
				CLANG_WARN_CONSTANT_CONVERSION = YES;
				CLANG_WARN_DIRECT_OBJC_ISA_USAGE = YES_ERROR;
				CLANG_WARN_DOCUMENTATION_COMMENTS = YES;
				CLANG_WARN_EMPTY_BODY = YES;
				CLANG_WARN_ENUM_CONVERSION = YES;
				CLANG_WARN_INFINITE_RECURSION = YES;
				CLANG_WARN_INT_CONVERSION = YES;
				CLANG_WARN_OBJC_ROOT_CLASS = YES_ERROR;
				CLANG_WARN_SUSPICIOUS_MOVE = YES;
				CLANG_WARN_UNREACHABLE_CODE = YES;
				CLANG_WARN__DUPLICATE_METHOD_MATCH = YES;
				"CODE_SIGN_IDENTITY[sdk=iphoneos*]" = "iPhone Developer";
				COPY_PHASE_STRIP = NO;
				DEBUG_INFORMATION_FORMAT = "dwarf-with-dsym";
				ENABLE_STRICT_OBJC_MSGSEND = YES;
				ENABLE_TESTABILITY = YES;
				GCC_C_LANGUAGE_STANDARD = gnu99;
				GCC_DYNAMIC_NO_PIC = NO;
				GCC_NO_COMMON_BLOCKS = YES;
				GCC_OPTIMIZATION_LEVEL = 0;
				GCC_PREPROCESSOR_DEFINITIONS = (
					"DEBUG=1",
					"$(inherited)",
				);
				GCC_WARN_64_TO_32_BIT_CONVERSION = YES;
				GCC_WARN_ABOUT_RETURN_TYPE = YES_ERROR;
				GCC_WARN_UNDECLARED_SELECTOR = YES;
				GCC_WARN_UNINITIALIZED_AUTOS = YES_AGGRESSIVE;
				GCC_WARN_UNUSED_FUNCTION = YES;
				GCC_WARN_UNUSED_VARIABLE = YES;
				IPHONEOS_DEPLOYMENT_TARGET = 10.2;
				MTL_ENABLE_DEBUG_INFO = YES;
				ONLY_ACTIVE_ARCH = YES;
				SDKROOT = iphoneos;
				SWIFT_ACTIVE_COMPILATION_CONDITIONS = DEBUG;
				SWIFT_OPTIMIZATION_LEVEL = "-Onone";
			};
			name = Debug;
		};
		032F891F1E82DFA300AD3818 /* Release */ = {
			isa = XCBuildConfiguration;
			buildSettings = {
				ALWAYS_SEARCH_USER_PATHS = NO;
				CLANG_ANALYZER_LOCALIZABILITY_NONLOCALIZED = YES;
				CLANG_ANALYZER_NONNULL = YES;
				CLANG_CXX_LANGUAGE_STANDARD = "gnu++0x";
				CLANG_CXX_LIBRARY = "libc++";
				CLANG_ENABLE_MODULES = YES;
				CLANG_ENABLE_OBJC_ARC = YES;
				CLANG_WARN_BOOL_CONVERSION = YES;
				CLANG_WARN_CONSTANT_CONVERSION = YES;
				CLANG_WARN_DIRECT_OBJC_ISA_USAGE = YES_ERROR;
				CLANG_WARN_DOCUMENTATION_COMMENTS = YES;
				CLANG_WARN_EMPTY_BODY = YES;
				CLANG_WARN_ENUM_CONVERSION = YES;
				CLANG_WARN_INFINITE_RECURSION = YES;
				CLANG_WARN_INT_CONVERSION = YES;
				CLANG_WARN_OBJC_ROOT_CLASS = YES_ERROR;
				CLANG_WARN_SUSPICIOUS_MOVE = YES;
				CLANG_WARN_UNREACHABLE_CODE = YES;
				CLANG_WARN__DUPLICATE_METHOD_MATCH = YES;
				"CODE_SIGN_IDENTITY[sdk=iphoneos*]" = "iPhone Developer";
				COPY_PHASE_STRIP = NO;
				DEBUG_INFORMATION_FORMAT = "dwarf-with-dsym";
				ENABLE_NS_ASSERTIONS = NO;
				ENABLE_STRICT_OBJC_MSGSEND = YES;
				GCC_C_LANGUAGE_STANDARD = gnu99;
				GCC_NO_COMMON_BLOCKS = YES;
				GCC_WARN_64_TO_32_BIT_CONVERSION = YES;
				GCC_WARN_ABOUT_RETURN_TYPE = YES_ERROR;
				GCC_WARN_UNDECLARED_SELECTOR = YES;
				GCC_WARN_UNINITIALIZED_AUTOS = YES_AGGRESSIVE;
				GCC_WARN_UNUSED_FUNCTION = YES;
				GCC_WARN_UNUSED_VARIABLE = YES;
				IPHONEOS_DEPLOYMENT_TARGET = 10.2;
				MTL_ENABLE_DEBUG_INFO = NO;
				SDKROOT = iphoneos;
				SWIFT_OPTIMIZATION_LEVEL = "-Owholemodule";
				VALIDATE_PRODUCT = YES;
			};
			name = Release;
		};
		032F89211E82DFA300AD3818 /* Debug */ = {
			isa = XCBuildConfiguration;
			baseConfigurationReference = 19CC2B7B7A468F7A24511641 /* Pods-Munch.debug.xcconfig */;
			buildSettings = {
				ALWAYS_EMBED_SWIFT_STANDARD_LIBRARIES = NO;
				ASSETCATALOG_COMPILER_APPICON_NAME = AppIcon;
				CODE_SIGN_ENTITLEMENTS = Munch/Munch.entitlements;
				"CODE_SIGN_IDENTITY[sdk=iphoneos*]" = "iPhone Developer";
				DEVELOPMENT_TEAM = 7G635T5DK8;
				FRAMEWORK_SEARCH_PATHS = "$(inherited)";
				INFOPLIST_FILE = Munch/Info.plist;
				IPHONEOS_DEPLOYMENT_TARGET = 11.0;
				LD_RUNPATH_SEARCH_PATHS = "$(inherited) @executable_path/Frameworks";
				PRODUCT_BUNDLE_IDENTIFIER = co.munch.MunchApp;
				PRODUCT_NAME = "$(TARGET_NAME)";
				"SWIFT_INCLUDE_PATHS[arch=*]" = "${SRCROOT}/sources/CCommonCrypto";
				SWIFT_SWIFT3_OBJC_INFERENCE = On;
				SWIFT_VERSION = 4.0;
				TARGETED_DEVICE_FAMILY = 1;
			};
			name = Debug;
		};
		032F89221E82DFA300AD3818 /* Release */ = {
			isa = XCBuildConfiguration;
			baseConfigurationReference = 79CEEE458C385CB72EED1E4B /* Pods-Munch.release.xcconfig */;
			buildSettings = {
				ALWAYS_EMBED_SWIFT_STANDARD_LIBRARIES = NO;
				ASSETCATALOG_COMPILER_APPICON_NAME = AppIcon;
				CODE_SIGN_ENTITLEMENTS = Munch/Munch.entitlements;
				"CODE_SIGN_IDENTITY[sdk=iphoneos*]" = "iPhone Developer";
				DEVELOPMENT_TEAM = 7G635T5DK8;
				FRAMEWORK_SEARCH_PATHS = "$(inherited)";
				INFOPLIST_FILE = Munch/Info.plist;
				IPHONEOS_DEPLOYMENT_TARGET = 11.0;
				LD_RUNPATH_SEARCH_PATHS = "$(inherited) @executable_path/Frameworks";
				PRODUCT_BUNDLE_IDENTIFIER = co.munch.MunchApp;
				PRODUCT_NAME = "$(TARGET_NAME)";
				"SWIFT_INCLUDE_PATHS[arch=*]" = "${SRCROOT}/sources/CCommonCrypto";
				SWIFT_SWIFT3_OBJC_INFERENCE = On;
				SWIFT_VERSION = 4.0;
				TARGETED_DEVICE_FAMILY = 1;
			};
			name = Release;
		};
		032F89241E82DFA300AD3818 /* Debug */ = {
			isa = XCBuildConfiguration;
			baseConfigurationReference = D9422C7B675412F67AA5C66F /* Pods-MunchTests.debug.xcconfig */;
			buildSettings = {
				ALWAYS_EMBED_SWIFT_STANDARD_LIBRARIES = YES;
				BUNDLE_LOADER = "$(TEST_HOST)";
				FRAMEWORK_SEARCH_PATHS = (
					"$(inherited)",
					"$(PROJECT_DIR)/Carthage/Build/iOS",
				);
				INFOPLIST_FILE = MunchTests/Info.plist;
				LD_RUNPATH_SEARCH_PATHS = "$(inherited) @executable_path/Frameworks @loader_path/Frameworks";
				PRODUCT_BUNDLE_IDENTIFIER = co.munch.MunchTests;
				PRODUCT_NAME = "$(TARGET_NAME)";
				SWIFT_SWIFT3_OBJC_INFERENCE = On;
				SWIFT_VERSION = 4.0;
				TEST_HOST = "$(BUILT_PRODUCTS_DIR)/Munch.app/Munch";
			};
			name = Debug;
		};
		032F89251E82DFA300AD3818 /* Release */ = {
			isa = XCBuildConfiguration;
			baseConfigurationReference = ACE953A82302FD876F98E058 /* Pods-MunchTests.release.xcconfig */;
			buildSettings = {
				ALWAYS_EMBED_SWIFT_STANDARD_LIBRARIES = YES;
				BUNDLE_LOADER = "$(TEST_HOST)";
				FRAMEWORK_SEARCH_PATHS = (
					"$(inherited)",
					"$(PROJECT_DIR)/Carthage/Build/iOS",
				);
				INFOPLIST_FILE = MunchTests/Info.plist;
				LD_RUNPATH_SEARCH_PATHS = "$(inherited) @executable_path/Frameworks @loader_path/Frameworks";
				PRODUCT_BUNDLE_IDENTIFIER = co.munch.MunchTests;
				PRODUCT_NAME = "$(TARGET_NAME)";
				SWIFT_SWIFT3_OBJC_INFERENCE = On;
				SWIFT_VERSION = 4.0;
				TEST_HOST = "$(BUILT_PRODUCTS_DIR)/Munch.app/Munch";
			};
			name = Release;
		};
		032F89271E82DFA300AD3818 /* Debug */ = {
			isa = XCBuildConfiguration;
			baseConfigurationReference = A93EEFB98ADF9ED9EE8DF559 /* Pods-MunchUITests.debug.xcconfig */;
			buildSettings = {
				ALWAYS_EMBED_SWIFT_STANDARD_LIBRARIES = YES;
				INFOPLIST_FILE = MunchUITests/Info.plist;
				LD_RUNPATH_SEARCH_PATHS = "$(inherited) @executable_path/Frameworks @loader_path/Frameworks";
				PRODUCT_BUNDLE_IDENTIFIER = co.munch.MunchUITests;
				PRODUCT_NAME = "$(TARGET_NAME)";
				SWIFT_SWIFT3_OBJC_INFERENCE = On;
				SWIFT_VERSION = 4.0;
				TEST_TARGET_NAME = Munch;
			};
			name = Debug;
		};
		032F89281E82DFA300AD3818 /* Release */ = {
			isa = XCBuildConfiguration;
			baseConfigurationReference = E4B94E5940E649F3C926D27A /* Pods-MunchUITests.release.xcconfig */;
			buildSettings = {
				ALWAYS_EMBED_SWIFT_STANDARD_LIBRARIES = YES;
				INFOPLIST_FILE = MunchUITests/Info.plist;
				LD_RUNPATH_SEARCH_PATHS = "$(inherited) @executable_path/Frameworks @loader_path/Frameworks";
				PRODUCT_BUNDLE_IDENTIFIER = co.munch.MunchUITests;
				PRODUCT_NAME = "$(TARGET_NAME)";
				SWIFT_SWIFT3_OBJC_INFERENCE = On;
				SWIFT_VERSION = 4.0;
				TEST_TARGET_NAME = Munch;
			};
			name = Release;
		};
/* End XCBuildConfiguration section */

/* Begin XCConfigurationList section */
		032F88F31E82DFA200AD3818 /* Build configuration list for PBXProject "Munch" */ = {
			isa = XCConfigurationList;
			buildConfigurations = (
				032F891E1E82DFA300AD3818 /* Debug */,
				032F891F1E82DFA300AD3818 /* Release */,
			);
			defaultConfigurationIsVisible = 0;
			defaultConfigurationName = Release;
		};
		032F89201E82DFA300AD3818 /* Build configuration list for PBXNativeTarget "Munch" */ = {
			isa = XCConfigurationList;
			buildConfigurations = (
				032F89211E82DFA300AD3818 /* Debug */,
				032F89221E82DFA300AD3818 /* Release */,
			);
			defaultConfigurationIsVisible = 0;
			defaultConfigurationName = Release;
		};
		032F89231E82DFA300AD3818 /* Build configuration list for PBXNativeTarget "MunchTests" */ = {
			isa = XCConfigurationList;
			buildConfigurations = (
				032F89241E82DFA300AD3818 /* Debug */,
				032F89251E82DFA300AD3818 /* Release */,
			);
			defaultConfigurationIsVisible = 0;
			defaultConfigurationName = Release;
		};
		032F89261E82DFA300AD3818 /* Build configuration list for PBXNativeTarget "MunchUITests" */ = {
			isa = XCConfigurationList;
			buildConfigurations = (
				032F89271E82DFA300AD3818 /* Debug */,
				032F89281E82DFA300AD3818 /* Release */,
			);
			defaultConfigurationIsVisible = 0;
			defaultConfigurationName = Release;
		};
/* End XCConfigurationList section */
	};
	rootObject = 032F88F01E82DFA200AD3818 /* Project object */;
}
