// !$*UTF8*$!
{
	archiveVersion = 1;
	classes = {
	};
	objectVersion = 46;
	objects = {

/* Begin PBXBuildFile section */
		031478641F6A16ED00246BCD /* PlaceClient.swift in Sources */ = {isa = PBXBuildFile; fileRef = 031478631F6A16ED00246BCD /* PlaceClient.swift */; };
		031478661F6A16F900246BCD /* SearchClient.swift in Sources */ = {isa = PBXBuildFile; fileRef = 031478651F6A16F900246BCD /* SearchClient.swift */; };
		0314786A1F6A18CC00246BCD /* LocationClient.swift in Sources */ = {isa = PBXBuildFile; fileRef = 031478691F6A18CC00246BCD /* LocationClient.swift */; };
		032548622014831500F51D85 /* GoogleService-Info.plist in Resources */ = {isa = PBXBuildFile; fileRef = 032548612014831500F51D85 /* GoogleService-Info.plist */; };
		032548632014831500F51D85 /* GoogleService-Info.plist in Resources */ = {isa = PBXBuildFile; fileRef = 032548612014831500F51D85 /* GoogleService-Info.plist */; };
		032548642014831500F51D85 /* GoogleService-Info.plist in Resources */ = {isa = PBXBuildFile; fileRef = 032548612014831500F51D85 /* GoogleService-Info.plist */; };
		032F88FC1E82DFA300AD3818 /* AppDelegate.swift in Sources */ = {isa = PBXBuildFile; fileRef = 032F88FB1E82DFA300AD3818 /* AppDelegate.swift */; };
		032F89031E82DFA300AD3818 /* Assets.xcassets in Resources */ = {isa = PBXBuildFile; fileRef = 032F89021E82DFA300AD3818 /* Assets.xcassets */; };
		032F89061E82DFA300AD3818 /* LaunchScreen.storyboard in Resources */ = {isa = PBXBuildFile; fileRef = 032F89041E82DFA300AD3818 /* LaunchScreen.storyboard */; };
		032F89111E82DFA300AD3818 /* MunchTests.swift in Sources */ = {isa = PBXBuildFile; fileRef = 032F89101E82DFA300AD3818 /* MunchTests.swift */; };
		032F891C1E82DFA300AD3818 /* MunchUITests.swift in Sources */ = {isa = PBXBuildFile; fileRef = 032F891B1E82DFA300AD3818 /* MunchUITests.swift */; };
		033E62F81F1D381F00AE97FA /* Main.storyboard in Resources */ = {isa = PBXBuildFile; fileRef = 033E62F71F1D381F00AE97FA /* Main.storyboard */; };
		034FCEFD1F6C24D000D353F1 /* VersionClient.swift in Sources */ = {isa = PBXBuildFile; fileRef = 034FCEFC1F6C24D000D353F1 /* VersionClient.swift */; };
		034FCF0A1F6C282E00D353F1 /* SearchCardBasic.swift in Sources */ = {isa = PBXBuildFile; fileRef = 034FCF041F6C282E00D353F1 /* SearchCardBasic.swift */; };
		034FCF0B1F6C282E00D353F1 /* SearchController.swift in Sources */ = {isa = PBXBuildFile; fileRef = 034FCF051F6C282E00D353F1 /* SearchController.swift */; };
		034FCF0C1F6C282E00D353F1 /* SearchCardStatic.swift in Sources */ = {isa = PBXBuildFile; fileRef = 034FCF061F6C282E00D353F1 /* SearchCardStatic.swift */; };
		0378849B1E8E563E006025B5 /* Extensions.swift in Sources */ = {isa = PBXBuildFile; fileRef = 0378849A1E8E563E006025B5 /* Extensions.swift */; };
		038275781F03B7A700C5954A /* Munch.swift in Sources */ = {isa = PBXBuildFile; fileRef = 038275771F03B7A700C5954A /* Munch.swift */; };
		038275811F06DB8D00C5954A /* Location.swift in Sources */ = {isa = PBXBuildFile; fileRef = 038275801F06DB8D00C5954A /* Location.swift */; };
		038275831F0A8DE400C5954A /* Munch.plist in Resources */ = {isa = PBXBuildFile; fileRef = 038275821F0A8DE400C5954A /* Munch.plist */; };
		03B65F1C1F6C4A8C0030D12B /* SearchHeaderView.swift in Sources */ = {isa = PBXBuildFile; fileRef = 03B65F1B1F6C4A8C0030D12B /* SearchHeaderView.swift */; };
		03BB67F61F6FA9B500F17A1A /* SearchControllerSuggest.swift in Sources */ = {isa = PBXBuildFile; fileRef = 03BB67F51F6FA9B500F17A1A /* SearchControllerSuggest.swift */; };
		03BB67F81F6FA9C400F17A1A /* SearchControllerFilter.swift in Sources */ = {isa = PBXBuildFile; fileRef = 03BB67F71F6FA9C400F17A1A /* SearchControllerFilter.swift */; };
		03CD276D1F6286FC003562A1 /* PlaceCardBasic.swift in Sources */ = {isa = PBXBuildFile; fileRef = 03CD276A1F6286FC003562A1 /* PlaceCardBasic.swift */; };
		03CD276E1F6286FC003562A1 /* PlaceController.swift in Sources */ = {isa = PBXBuildFile; fileRef = 03CD276B1F6286FC003562A1 /* PlaceController.swift */; };
		03CD27741F62BD5C003562A1 /* PlaceCardStatic.swift in Sources */ = {isa = PBXBuildFile; fileRef = 03CD27731F62BD5C003562A1 /* PlaceCardStatic.swift */; };
		03CF0AA41E97AA3C00A3FD1F /* MunchApi.swift in Sources */ = {isa = PBXBuildFile; fileRef = 03CF0AA11E97AA3C00A3FD1F /* MunchApi.swift */; };
		03D2335C1F9D3851000F5F05 /* AccountController.swift in Sources */ = {isa = PBXBuildFile; fileRef = 03D2335B1F9D3851000F5F05 /* AccountController.swift */; };
		03D3FEE21E8947D200ACFF50 /* MunchClientTests.swift in Sources */ = {isa = PBXBuildFile; fileRef = 03D3FEE01E8947D200ACFF50 /* MunchClientTests.swift */; };
		03D3FEE41E89494300ACFF50 /* Alamofire.framework in Frameworks */ = {isa = PBXBuildFile; fileRef = 032F89301E82EF8B00AD3818 /* Alamofire.framework */; };
		03D3FEE51E89494600ACFF50 /* SwiftyJSON.framework in Frameworks */ = {isa = PBXBuildFile; fileRef = 032F89331E82F14A00AD3818 /* SwiftyJSON.framework */; };
		03D3FEF01E8A647E00ACFF50 /* SwiftLocation.framework in Frameworks */ = {isa = PBXBuildFile; fileRef = 03D3FEEF1E8A647E00ACFF50 /* SwiftLocation.framework */; };
		03D3FEF41E8A8DB500ACFF50 /* SDWebImage.framework in Frameworks */ = {isa = PBXBuildFile; fileRef = 03D3FEF21E8A8DA500ACFF50 /* SDWebImage.framework */; };
		03E1A5A81F6D4FA4005A6E58 /* TabBarController.swift in Sources */ = {isa = PBXBuildFile; fileRef = 03E1A5A71F6D4FA4005A6E58 /* TabBarController.swift */; };
		03E1A5AA1F6D7BAB005A6E58 /* Shimmer.swift in Sources */ = {isa = PBXBuildFile; fileRef = 03E1A5A91F6D7BAB005A6E58 /* Shimmer.swift */; };
		03E1A5AC1F6E7B58005A6E58 /* SearchCardManager.swift in Sources */ = {isa = PBXBuildFile; fileRef = 03E1A5AB1F6E7B58005A6E58 /* SearchCardManager.swift */; };
		03F0BA5F1F99D6C30040B9C8 /* SearchCardInjected.swift in Sources */ = {isa = PBXBuildFile; fileRef = 03F0BA5E1F99D6C30040B9C8 /* SearchCardInjected.swift */; };
		12855D04BD7B4359954CC379 /* Pods_MunchTests.framework in Frameworks */ = {isa = PBXBuildFile; fileRef = 30933A940AE4DF2E7F80A839 /* Pods_MunchTests.framework */; };
		B4B7305298D0BD615402C69A /* SearchCardPlace.swift in Sources */ = {isa = PBXBuildFile; fileRef = B4B731559A28CBEF535E5DD8 /* SearchCardPlace.swift */; };
		B4B730544AF1361565440B2C /* PlaceMapController.swift in Sources */ = {isa = PBXBuildFile; fileRef = B4B73B4027BDB40E3CC44F31 /* PlaceMapController.swift */; };
		B4B730D92CC36AD63D76C190 /* PlaceDataController.swift in Sources */ = {isa = PBXBuildFile; fileRef = B4B73B9E1E79F626D02B9A75 /* PlaceDataController.swift */; };
		B4B7319B6239909F0C37875F /* PlaceCardMenu.swift in Sources */ = {isa = PBXBuildFile; fileRef = B4B739295503DBF1CB674F6E /* PlaceCardMenu.swift */; };
		B4B7321A7BF0F1FDE9D9A007 /* Auth0.plist in Resources */ = {isa = PBXBuildFile; fileRef = B4B73D105B16A6AD87C50DAA /* Auth0.plist */; };
		B4B732371A580E8A5F7BB44B /* locations-popular.json in Resources */ = {isa = PBXBuildFile; fileRef = B4B738FC6C7F484B97FA825F /* locations-popular.json */; };
		B4B7328EA1644B7350AB75A5 /* CollectionController.swift in Sources */ = {isa = PBXBuildFile; fileRef = B4B731358DC763BF5447E963 /* CollectionController.swift */; };
		B4B732A48087AEDBC0BCB2D9 /* PlaceCardLocation.swift in Sources */ = {isa = PBXBuildFile; fileRef = B4B738EF6EA67EF16E54F617 /* PlaceCardLocation.swift */; };
		B4B732DD92904EA6B71DC806 /* SettingController.swift in Sources */ = {isa = PBXBuildFile; fileRef = B4B73CEBAA298AA8928EA653 /* SettingController.swift */; };
		B4B733066D6686ED5223F7E6 /* SearchCardLocation.swift in Sources */ = {isa = PBXBuildFile; fileRef = B4B733A73EEB474161B4526F /* SearchCardLocation.swift */; };
		B4B735A57EF2C7D7303D057F /* AccountAuthentication.swift in Sources */ = {isa = PBXBuildFile; fileRef = B4B73734DDE87E53A16337E2 /* AccountAuthentication.swift */; };
		B4B7379631A03DB830487460 /* PlaceCardInstagram.swift in Sources */ = {isa = PBXBuildFile; fileRef = B4B733FC3F034246C4E19D67 /* PlaceCardInstagram.swift */; };
		B4B7380CD92347AB225B54EB /* PlaceCardAbout.swift in Sources */ = {isa = PBXBuildFile; fileRef = B4B737B2890DCC10B0DF0304 /* PlaceCardAbout.swift */; };
		B4B7382DD1DAFD428F8CD49F /* SearchControllerLocation.swift in Sources */ = {isa = PBXBuildFile; fileRef = B4B73D8E2703243215F8AC5D /* SearchControllerLocation.swift */; };
		B4B7383023B0469B2430E41F /* PlaceCardArticle.swift in Sources */ = {isa = PBXBuildFile; fileRef = B4B730979285E2CEAED9B41C /* PlaceCardArticle.swift */; };
		B4B7385BBBEB7A119E93D402 /* AccountClient.swift in Sources */ = {isa = PBXBuildFile; fileRef = B4B73924CDDEE30BE2E2AF8A /* AccountClient.swift */; };
		B4B738A7A9FED6C3EAB68353 /* RecentDatabase.swift in Sources */ = {isa = PBXBuildFile; fileRef = B4B73C04AEC75362CDFAC648 /* RecentDatabase.swift */; };
		B4B7394871CE904DFB47BB71 /* PlaceCard.swift in Sources */ = {isa = PBXBuildFile; fileRef = B4B733DCA665CD29B03D26BB /* PlaceCard.swift */; };
		B4B73A8BD16561824718B41D /* CollectionPlaceController.swift in Sources */ = {isa = PBXBuildFile; fileRef = B4B73EBA645A014851F10D53 /* CollectionPlaceController.swift */; };
		B4B73BA7FADE13E2517C71F8 /* CollectionClient.swift in Sources */ = {isa = PBXBuildFile; fileRef = B4B735022631764CC931E8CA /* CollectionClient.swift */; };
		B4B73BC5986706C80ED5438A /* SearchFilterManager.swift in Sources */ = {isa = PBXBuildFile; fileRef = B4B7371930D34FD52F67C2ED /* SearchFilterManager.swift */; };
		B4B73C2A60EE351F094AED22 /* AccountDataController.swift in Sources */ = {isa = PBXBuildFile; fileRef = B4B7318BCB00B96424E50D14 /* AccountDataController.swift */; };
		B4B73FE5E010EDBC83209A55 /* BoardingController.swift in Sources */ = {isa = PBXBuildFile; fileRef = B4B730E3D2F989A8CA95B67F /* BoardingController.swift */; };
		B4B73FECE8D26C31A28E9DE9 /* PlaceCardReview.swift in Sources */ = {isa = PBXBuildFile; fileRef = B4B737A0379DB051FD36C86D /* PlaceCardReview.swift */; };
		DB136C8B43E175A72028D87F /* Pods_MunchUITests.framework in Frameworks */ = {isa = PBXBuildFile; fileRef = D2CE8E9F738C2A64071DD8B3 /* Pods_MunchUITests.framework */; };
		FFCBE8C721F3D06666C1DA69 /* Pods_Munch.framework in Frameworks */ = {isa = PBXBuildFile; fileRef = FE98581AD7B5040948A2CD79 /* Pods_Munch.framework */; };
/* End PBXBuildFile section */

/* Begin PBXContainerItemProxy section */
		032F890D1E82DFA300AD3818 /* PBXContainerItemProxy */ = {
			isa = PBXContainerItemProxy;
			containerPortal = 032F88F01E82DFA200AD3818 /* Project object */;
			proxyType = 1;
			remoteGlobalIDString = 032F88F71E82DFA200AD3818;
			remoteInfo = Munch;
		};
		032F89181E82DFA300AD3818 /* PBXContainerItemProxy */ = {
			isa = PBXContainerItemProxy;
			containerPortal = 032F88F01E82DFA200AD3818 /* Project object */;
			proxyType = 1;
			remoteGlobalIDString = 032F88F71E82DFA200AD3818;
			remoteInfo = Munch;
		};
/* End PBXContainerItemProxy section */

/* Begin PBXFileReference section */
		031478631F6A16ED00246BCD /* PlaceClient.swift */ = {isa = PBXFileReference; fileEncoding = 4; lastKnownFileType = sourcecode.swift; path = PlaceClient.swift; sourceTree = "<group>"; };
		031478651F6A16F900246BCD /* SearchClient.swift */ = {isa = PBXFileReference; fileEncoding = 4; lastKnownFileType = sourcecode.swift; path = SearchClient.swift; sourceTree = "<group>"; };
		031478691F6A18CC00246BCD /* LocationClient.swift */ = {isa = PBXFileReference; fileEncoding = 4; lastKnownFileType = sourcecode.swift; path = LocationClient.swift; sourceTree = "<group>"; };
		031C2F3F1E9AADD60022F0AF /* NYTPhotoViewer.framework */ = {isa = PBXFileReference; lastKnownFileType = wrapper.framework; name = NYTPhotoViewer.framework; path = Carthage/Build/iOS/NYTPhotoViewer.framework; sourceTree = "<group>"; };
		031C2F411E9AADDB0022F0AF /* NYTPhotoViewerCore.framework */ = {isa = PBXFileReference; lastKnownFileType = wrapper.framework; name = NYTPhotoViewerCore.framework; path = Carthage/Build/iOS/NYTPhotoViewerCore.framework; sourceTree = "<group>"; };
		031C2F431E9AEFC10022F0AF /* FLAnimatedImage.framework */ = {isa = PBXFileReference; lastKnownFileType = wrapper.framework; name = FLAnimatedImage.framework; path = Carthage/Build/iOS/FLAnimatedImage.framework; sourceTree = "<group>"; };
		031C2F451E9CAE170022F0AF /* Kingfisher.framework */ = {isa = PBXFileReference; lastKnownFileType = wrapper.framework; name = Kingfisher.framework; path = Carthage/Build/iOS/Kingfisher.framework; sourceTree = "<group>"; };
		032548612014831500F51D85 /* GoogleService-Info.plist */ = {isa = PBXFileReference; fileEncoding = 4; lastKnownFileType = text.plist.xml; path = "GoogleService-Info.plist"; sourceTree = "<group>"; };
		032F88F81E82DFA300AD3818 /* Munch.app */ = {isa = PBXFileReference; explicitFileType = wrapper.application; includeInIndex = 0; path = Munch.app; sourceTree = BUILT_PRODUCTS_DIR; };
		032F88FB1E82DFA300AD3818 /* AppDelegate.swift */ = {isa = PBXFileReference; lastKnownFileType = sourcecode.swift; path = AppDelegate.swift; sourceTree = "<group>"; };
		032F89021E82DFA300AD3818 /* Assets.xcassets */ = {isa = PBXFileReference; lastKnownFileType = folder.assetcatalog; path = Assets.xcassets; sourceTree = "<group>"; };
		032F89051E82DFA300AD3818 /* Base */ = {isa = PBXFileReference; lastKnownFileType = file.storyboard; name = Base; path = Base.lproj/LaunchScreen.storyboard; sourceTree = "<group>"; };
		032F89071E82DFA300AD3818 /* Info.plist */ = {isa = PBXFileReference; lastKnownFileType = text.plist.xml; path = Info.plist; sourceTree = "<group>"; };
		032F890C1E82DFA300AD3818 /* MunchTests.xctest */ = {isa = PBXFileReference; explicitFileType = wrapper.cfbundle; includeInIndex = 0; path = MunchTests.xctest; sourceTree = BUILT_PRODUCTS_DIR; };
		032F89101E82DFA300AD3818 /* MunchTests.swift */ = {isa = PBXFileReference; lastKnownFileType = sourcecode.swift; path = MunchTests.swift; sourceTree = "<group>"; };
		032F89121E82DFA300AD3818 /* Info.plist */ = {isa = PBXFileReference; lastKnownFileType = text.plist.xml; path = Info.plist; sourceTree = "<group>"; };
		032F89171E82DFA300AD3818 /* MunchUITests.xctest */ = {isa = PBXFileReference; explicitFileType = wrapper.cfbundle; includeInIndex = 0; path = MunchUITests.xctest; sourceTree = BUILT_PRODUCTS_DIR; };
		032F891B1E82DFA300AD3818 /* MunchUITests.swift */ = {isa = PBXFileReference; lastKnownFileType = sourcecode.swift; path = MunchUITests.swift; sourceTree = "<group>"; };
		032F891D1E82DFA300AD3818 /* Info.plist */ = {isa = PBXFileReference; lastKnownFileType = text.plist.xml; path = Info.plist; sourceTree = "<group>"; };
		032F89301E82EF8B00AD3818 /* Alamofire.framework */ = {isa = PBXFileReference; lastKnownFileType = wrapper.framework; name = Alamofire.framework; path = Carthage/Build/iOS/Alamofire.framework; sourceTree = "<group>"; };
		032F89331E82F14A00AD3818 /* SwiftyJSON.framework */ = {isa = PBXFileReference; lastKnownFileType = wrapper.framework; name = SwiftyJSON.framework; path = Carthage/Build/iOS/SwiftyJSON.framework; sourceTree = "<group>"; };
		033E62F71F1D381F00AE97FA /* Main.storyboard */ = {isa = PBXFileReference; fileEncoding = 4; lastKnownFileType = file.storyboard; path = Main.storyboard; sourceTree = "<group>"; };
		034820551E9CB3C400B0076A /* ImageViewer.framework */ = {isa = PBXFileReference; lastKnownFileType = wrapper.framework; name = ImageViewer.framework; path = Carthage/Build/iOS/ImageViewer.framework; sourceTree = "<group>"; };
		034820571E9CB92A00B0076A /* SKPhotoBrowser.framework */ = {isa = PBXFileReference; lastKnownFileType = wrapper.framework; name = SKPhotoBrowser.framework; path = Carthage/Build/iOS/SKPhotoBrowser.framework; sourceTree = "<group>"; };
		034FCEFC1F6C24D000D353F1 /* VersionClient.swift */ = {isa = PBXFileReference; fileEncoding = 4; lastKnownFileType = sourcecode.swift; path = VersionClient.swift; sourceTree = "<group>"; };
		034FCF041F6C282E00D353F1 /* SearchCardBasic.swift */ = {isa = PBXFileReference; fileEncoding = 4; lastKnownFileType = sourcecode.swift; path = SearchCardBasic.swift; sourceTree = "<group>"; };
		034FCF051F6C282E00D353F1 /* SearchController.swift */ = {isa = PBXFileReference; fileEncoding = 4; lastKnownFileType = sourcecode.swift; path = SearchController.swift; sourceTree = "<group>"; };
		034FCF061F6C282E00D353F1 /* SearchCardStatic.swift */ = {isa = PBXFileReference; fileEncoding = 4; lastKnownFileType = sourcecode.swift; path = SearchCardStatic.swift; sourceTree = "<group>"; };
		037884981E8E4E3F006025B5 /* SnapKit.framework */ = {isa = PBXFileReference; lastKnownFileType = wrapper.framework; name = SnapKit.framework; path = Carthage/Build/iOS/SnapKit.framework; sourceTree = "<group>"; };
		0378849A1E8E563E006025B5 /* Extensions.swift */ = {isa = PBXFileReference; fileEncoding = 4; lastKnownFileType = sourcecode.swift; path = Extensions.swift; sourceTree = "<group>"; };
		038275771F03B7A700C5954A /* Munch.swift */ = {isa = PBXFileReference; fileEncoding = 4; lastKnownFileType = sourcecode.swift; path = Munch.swift; sourceTree = "<group>"; };
		038275791F05109300C5954A /* Realm.framework */ = {isa = PBXFileReference; lastKnownFileType = wrapper.framework; name = Realm.framework; path = Carthage/Build/iOS/Realm.framework; sourceTree = "<group>"; };
		0382757B1F05109600C5954A /* RealmSwift.framework */ = {isa = PBXFileReference; lastKnownFileType = wrapper.framework; name = RealmSwift.framework; path = Carthage/Build/iOS/RealmSwift.framework; sourceTree = "<group>"; };
		0382757D1F06427300C5954A /* NVActivityIndicatorView.framework */ = {isa = PBXFileReference; lastKnownFileType = wrapper.framework; name = NVActivityIndicatorView.framework; path = Carthage/Build/iOS/NVActivityIndicatorView.framework; sourceTree = "<group>"; };
		038275801F06DB8D00C5954A /* Location.swift */ = {isa = PBXFileReference; fileEncoding = 4; lastKnownFileType = sourcecode.swift; path = Location.swift; sourceTree = "<group>"; };
		038275821F0A8DE400C5954A /* Munch.plist */ = {isa = PBXFileReference; fileEncoding = 4; lastKnownFileType = text.plist.xml; path = Munch.plist; sourceTree = "<group>"; };
		039C393C1E8D47E300A28533 /* HMSegmentedControl.framework */ = {isa = PBXFileReference; lastKnownFileType = wrapper.framework; name = HMSegmentedControl.framework; path = Carthage/Build/iOS/HMSegmentedControl.framework; sourceTree = "<group>"; };
		039C393E1E8D47F500A28533 /* MXSegmentedPager.framework */ = {isa = PBXFileReference; lastKnownFileType = wrapper.framework; name = MXSegmentedPager.framework; path = Carthage/Build/iOS/MXSegmentedPager.framework; sourceTree = "<group>"; };
		039C39411E8D485400A28533 /* MXPagerView.framework */ = {isa = PBXFileReference; lastKnownFileType = wrapper.framework; name = MXPagerView.framework; path = Carthage/Build/iOS/MXPagerView.framework; sourceTree = "<group>"; };
		039C39431E8D485800A28533 /* MXParallaxHeader.framework */ = {isa = PBXFileReference; lastKnownFileType = wrapper.framework; name = MXParallaxHeader.framework; path = Carthage/Build/iOS/MXParallaxHeader.framework; sourceTree = "<group>"; };
		03B1EACD202AC15800217189 /* Munch.entitlements */ = {isa = PBXFileReference; lastKnownFileType = text.plist.entitlements; path = Munch.entitlements; sourceTree = "<group>"; };
		03B65F1B1F6C4A8C0030D12B /* SearchHeaderView.swift */ = {isa = PBXFileReference; fileEncoding = 4; lastKnownFileType = sourcecode.swift; path = SearchHeaderView.swift; sourceTree = "<group>"; };
		03BB67F51F6FA9B500F17A1A /* SearchControllerSuggest.swift */ = {isa = PBXFileReference; fileEncoding = 4; lastKnownFileType = sourcecode.swift; path = SearchControllerSuggest.swift; sourceTree = "<group>"; };
		03BB67F71F6FA9C400F17A1A /* SearchControllerFilter.swift */ = {isa = PBXFileReference; fileEncoding = 4; lastKnownFileType = sourcecode.swift; path = SearchControllerFilter.swift; sourceTree = "<group>"; };
		03CD276A1F6286FC003562A1 /* PlaceCardBasic.swift */ = {isa = PBXFileReference; fileEncoding = 4; lastKnownFileType = sourcecode.swift; path = PlaceCardBasic.swift; sourceTree = "<group>"; };
		03CD276B1F6286FC003562A1 /* PlaceController.swift */ = {isa = PBXFileReference; fileEncoding = 4; lastKnownFileType = sourcecode.swift; path = PlaceController.swift; sourceTree = "<group>"; };
		03CD27731F62BD5C003562A1 /* PlaceCardStatic.swift */ = {isa = PBXFileReference; fileEncoding = 4; lastKnownFileType = sourcecode.swift; path = PlaceCardStatic.swift; sourceTree = "<group>"; };
		03CF0A9B1E96A7B100A3FD1F /* ESTabBarController.framework */ = {isa = PBXFileReference; lastKnownFileType = wrapper.framework; name = ESTabBarController.framework; path = Carthage/Build/iOS/ESTabBarController.framework; sourceTree = "<group>"; };
		03CF0AA11E97AA3C00A3FD1F /* MunchApi.swift */ = {isa = PBXFileReference; fileEncoding = 4; lastKnownFileType = sourcecode.swift; path = MunchApi.swift; sourceTree = "<group>"; };
		03D2335B1F9D3851000F5F05 /* AccountController.swift */ = {isa = PBXFileReference; lastKnownFileType = sourcecode.swift; path = AccountController.swift; sourceTree = "<group>"; };
		03D3FEE01E8947D200ACFF50 /* MunchClientTests.swift */ = {isa = PBXFileReference; fileEncoding = 4; lastKnownFileType = sourcecode.swift; path = MunchClientTests.swift; sourceTree = "<group>"; };
		03D3FEE61E89589B00ACFF50 /* HandyJSON.framework */ = {isa = PBXFileReference; lastKnownFileType = wrapper.framework; name = HandyJSON.framework; path = Carthage/Build/iOS/HandyJSON.framework; sourceTree = "<group>"; };
		03D3FEEF1E8A647E00ACFF50 /* SwiftLocation.framework */ = {isa = PBXFileReference; lastKnownFileType = wrapper.framework; name = SwiftLocation.framework; path = Carthage/Build/iOS/SwiftLocation.framework; sourceTree = "<group>"; };
		03D3FEF21E8A8DA500ACFF50 /* SDWebImage.framework */ = {isa = PBXFileReference; lastKnownFileType = wrapper.framework; name = SDWebImage.framework; path = Carthage/Build/iOS/SDWebImage.framework; sourceTree = "<group>"; };
		03D3FF0A1E8D035100ACFF50 /* KMNavigationBarTransition.framework */ = {isa = PBXFileReference; lastKnownFileType = wrapper.framework; name = KMNavigationBarTransition.framework; path = Carthage/Build/iOS/KMNavigationBarTransition.framework; sourceTree = "<group>"; };
		03D5295B1E9CFB0C003D5350 /* TransitionTreasury.framework */ = {isa = PBXFileReference; lastKnownFileType = wrapper.framework; name = TransitionTreasury.framework; path = Carthage/Build/iOS/TransitionTreasury.framework; sourceTree = "<group>"; };
		03D5295D1E9CFB17003D5350 /* TransitionAnimation.framework */ = {isa = PBXFileReference; lastKnownFileType = wrapper.framework; name = TransitionAnimation.framework; path = Carthage/Build/iOS/TransitionAnimation.framework; sourceTree = "<group>"; };
		03D529601E9D03C0003D5350 /* FlexibleHeightBar.framework */ = {isa = PBXFileReference; lastKnownFileType = wrapper.framework; name = FlexibleHeightBar.framework; path = Carthage/Build/iOS/FlexibleHeightBar.framework; sourceTree = "<group>"; };
		03D88C141E9DF412005F825B /* Hero.framework */ = {isa = PBXFileReference; lastKnownFileType = wrapper.framework; name = Hero.framework; path = Carthage/Build/iOS/Hero.framework; sourceTree = "<group>"; };
		03E1A5A71F6D4FA4005A6E58 /* TabBarController.swift */ = {isa = PBXFileReference; fileEncoding = 4; lastKnownFileType = sourcecode.swift; path = TabBarController.swift; sourceTree = "<group>"; };
		03E1A5A91F6D7BAB005A6E58 /* Shimmer.swift */ = {isa = PBXFileReference; fileEncoding = 4; lastKnownFileType = sourcecode.swift; path = Shimmer.swift; sourceTree = "<group>"; };
		03E1A5AB1F6E7B58005A6E58 /* SearchCardManager.swift */ = {isa = PBXFileReference; fileEncoding = 4; lastKnownFileType = sourcecode.swift; path = SearchCardManager.swift; sourceTree = "<group>"; };
		03EE235D1E83039A009AFBFC /* MapKit.framework */ = {isa = PBXFileReference; lastKnownFileType = wrapper.framework; name = MapKit.framework; path = System/Library/Frameworks/MapKit.framework; sourceTree = SDKROOT; };
		03F0BA5E1F99D6C30040B9C8 /* SearchCardInjected.swift */ = {isa = PBXFileReference; lastKnownFileType = sourcecode.swift; path = SearchCardInjected.swift; sourceTree = "<group>"; };
		19CC2B7B7A468F7A24511641 /* Pods-Munch.debug.xcconfig */ = {isa = PBXFileReference; includeInIndex = 1; lastKnownFileType = text.xcconfig; name = "Pods-Munch.debug.xcconfig"; path = "Pods/Target Support Files/Pods-Munch/Pods-Munch.debug.xcconfig"; sourceTree = "<group>"; };
		30933A940AE4DF2E7F80A839 /* Pods_MunchTests.framework */ = {isa = PBXFileReference; explicitFileType = wrapper.framework; includeInIndex = 0; path = Pods_MunchTests.framework; sourceTree = BUILT_PRODUCTS_DIR; };
		79CEEE458C385CB72EED1E4B /* Pods-Munch.release.xcconfig */ = {isa = PBXFileReference; includeInIndex = 1; lastKnownFileType = text.xcconfig; name = "Pods-Munch.release.xcconfig"; path = "Pods/Target Support Files/Pods-Munch/Pods-Munch.release.xcconfig"; sourceTree = "<group>"; };
		A93EEFB98ADF9ED9EE8DF559 /* Pods-MunchUITests.debug.xcconfig */ = {isa = PBXFileReference; includeInIndex = 1; lastKnownFileType = text.xcconfig; name = "Pods-MunchUITests.debug.xcconfig"; path = "Pods/Target Support Files/Pods-MunchUITests/Pods-MunchUITests.debug.xcconfig"; sourceTree = "<group>"; };
		ACE953A82302FD876F98E058 /* Pods-MunchTests.release.xcconfig */ = {isa = PBXFileReference; includeInIndex = 1; lastKnownFileType = text.xcconfig; name = "Pods-MunchTests.release.xcconfig"; path = "Pods/Target Support Files/Pods-MunchTests/Pods-MunchTests.release.xcconfig"; sourceTree = "<group>"; };
		B4B730979285E2CEAED9B41C /* PlaceCardArticle.swift */ = {isa = PBXFileReference; fileEncoding = 4; lastKnownFileType = sourcecode.swift; path = PlaceCardArticle.swift; sourceTree = "<group>"; };
		B4B730E3D2F989A8CA95B67F /* BoardingController.swift */ = {isa = PBXFileReference; fileEncoding = 4; lastKnownFileType = sourcecode.swift; path = BoardingController.swift; sourceTree = "<group>"; };
		B4B731358DC763BF5447E963 /* CollectionController.swift */ = {isa = PBXFileReference; fileEncoding = 4; lastKnownFileType = sourcecode.swift; path = CollectionController.swift; sourceTree = "<group>"; };
		B4B731559A28CBEF535E5DD8 /* SearchCardPlace.swift */ = {isa = PBXFileReference; fileEncoding = 4; lastKnownFileType = sourcecode.swift; path = SearchCardPlace.swift; sourceTree = "<group>"; };
		B4B7318BCB00B96424E50D14 /* AccountDataController.swift */ = {isa = PBXFileReference; fileEncoding = 4; lastKnownFileType = sourcecode.swift; path = AccountDataController.swift; sourceTree = "<group>"; };
		B4B733A73EEB474161B4526F /* SearchCardLocation.swift */ = {isa = PBXFileReference; fileEncoding = 4; lastKnownFileType = sourcecode.swift; path = SearchCardLocation.swift; sourceTree = "<group>"; };
		B4B733DCA665CD29B03D26BB /* PlaceCard.swift */ = {isa = PBXFileReference; fileEncoding = 4; lastKnownFileType = sourcecode.swift; path = PlaceCard.swift; sourceTree = "<group>"; };
		B4B733FC3F034246C4E19D67 /* PlaceCardInstagram.swift */ = {isa = PBXFileReference; fileEncoding = 4; lastKnownFileType = sourcecode.swift; path = PlaceCardInstagram.swift; sourceTree = "<group>"; };
		B4B735022631764CC931E8CA /* CollectionClient.swift */ = {isa = PBXFileReference; fileEncoding = 4; lastKnownFileType = sourcecode.swift; path = CollectionClient.swift; sourceTree = "<group>"; };
		B4B7371930D34FD52F67C2ED /* SearchFilterManager.swift */ = {isa = PBXFileReference; fileEncoding = 4; lastKnownFileType = sourcecode.swift; path = SearchFilterManager.swift; sourceTree = "<group>"; };
		B4B73734DDE87E53A16337E2 /* AccountAuthentication.swift */ = {isa = PBXFileReference; fileEncoding = 4; lastKnownFileType = sourcecode.swift; path = AccountAuthentication.swift; sourceTree = "<group>"; };
		B4B737A0379DB051FD36C86D /* PlaceCardReview.swift */ = {isa = PBXFileReference; fileEncoding = 4; lastKnownFileType = sourcecode.swift; path = PlaceCardReview.swift; sourceTree = "<group>"; };
		B4B737B2890DCC10B0DF0304 /* PlaceCardAbout.swift */ = {isa = PBXFileReference; fileEncoding = 4; lastKnownFileType = sourcecode.swift; path = PlaceCardAbout.swift; sourceTree = "<group>"; };
		B4B738EF6EA67EF16E54F617 /* PlaceCardLocation.swift */ = {isa = PBXFileReference; fileEncoding = 4; lastKnownFileType = sourcecode.swift; path = PlaceCardLocation.swift; sourceTree = "<group>"; };
		B4B738FC6C7F484B97FA825F /* locations-popular.json */ = {isa = PBXFileReference; fileEncoding = 4; lastKnownFileType = text.json; path = "locations-popular.json"; sourceTree = "<group>"; };
		B4B73924CDDEE30BE2E2AF8A /* AccountClient.swift */ = {isa = PBXFileReference; fileEncoding = 4; lastKnownFileType = sourcecode.swift; path = AccountClient.swift; sourceTree = "<group>"; };
		B4B739295503DBF1CB674F6E /* PlaceCardMenu.swift */ = {isa = PBXFileReference; fileEncoding = 4; lastKnownFileType = sourcecode.swift; path = PlaceCardMenu.swift; sourceTree = "<group>"; };
		B4B73B4027BDB40E3CC44F31 /* PlaceMapController.swift */ = {isa = PBXFileReference; fileEncoding = 4; lastKnownFileType = sourcecode.swift; path = PlaceMapController.swift; sourceTree = "<group>"; };
		B4B73B9E1E79F626D02B9A75 /* PlaceDataController.swift */ = {isa = PBXFileReference; fileEncoding = 4; lastKnownFileType = sourcecode.swift; path = PlaceDataController.swift; sourceTree = "<group>"; };
		B4B73C04AEC75362CDFAC648 /* RecentDatabase.swift */ = {isa = PBXFileReference; fileEncoding = 4; lastKnownFileType = sourcecode.swift; path = RecentDatabase.swift; sourceTree = "<group>"; };
		B4B73CEBAA298AA8928EA653 /* SettingController.swift */ = {isa = PBXFileReference; fileEncoding = 4; lastKnownFileType = sourcecode.swift; path = SettingController.swift; sourceTree = "<group>"; };
		B4B73D105B16A6AD87C50DAA /* Auth0.plist */ = {isa = PBXFileReference; fileEncoding = 4; lastKnownFileType = text.plist; path = Auth0.plist; sourceTree = "<group>"; };
		B4B73D8E2703243215F8AC5D /* SearchControllerLocation.swift */ = {isa = PBXFileReference; fileEncoding = 4; lastKnownFileType = sourcecode.swift; path = SearchControllerLocation.swift; sourceTree = "<group>"; };
		B4B73EBA645A014851F10D53 /* CollectionPlaceController.swift */ = {isa = PBXFileReference; fileEncoding = 4; lastKnownFileType = sourcecode.swift; path = CollectionPlaceController.swift; sourceTree = "<group>"; };
		D2CE8E9F738C2A64071DD8B3 /* Pods_MunchUITests.framework */ = {isa = PBXFileReference; explicitFileType = wrapper.framework; includeInIndex = 0; path = Pods_MunchUITests.framework; sourceTree = BUILT_PRODUCTS_DIR; };
		D9422C7B675412F67AA5C66F /* Pods-MunchTests.debug.xcconfig */ = {isa = PBXFileReference; includeInIndex = 1; lastKnownFileType = text.xcconfig; name = "Pods-MunchTests.debug.xcconfig"; path = "Pods/Target Support Files/Pods-MunchTests/Pods-MunchTests.debug.xcconfig"; sourceTree = "<group>"; };
		E4B94E5940E649F3C926D27A /* Pods-MunchUITests.release.xcconfig */ = {isa = PBXFileReference; includeInIndex = 1; lastKnownFileType = text.xcconfig; name = "Pods-MunchUITests.release.xcconfig"; path = "Pods/Target Support Files/Pods-MunchUITests/Pods-MunchUITests.release.xcconfig"; sourceTree = "<group>"; };
		FE98581AD7B5040948A2CD79 /* Pods_Munch.framework */ = {isa = PBXFileReference; explicitFileType = wrapper.framework; includeInIndex = 0; path = Pods_Munch.framework; sourceTree = BUILT_PRODUCTS_DIR; };
/* End PBXFileReference section */

/* Begin PBXFrameworksBuildPhase section */
		032F88F51E82DFA200AD3818 /* Frameworks */ = {
			isa = PBXFrameworksBuildPhase;
			buildActionMask = 2147483647;
			files = (
				FFCBE8C721F3D06666C1DA69 /* Pods_Munch.framework in Frameworks */,
			);
			runOnlyForDeploymentPostprocessing = 0;
		};
		032F89091E82DFA300AD3818 /* Frameworks */ = {
			isa = PBXFrameworksBuildPhase;
			buildActionMask = 2147483647;
			files = (
				03D3FEE41E89494300ACFF50 /* Alamofire.framework in Frameworks */,
				03D3FEE51E89494600ACFF50 /* SwiftyJSON.framework in Frameworks */,
				03D3FEF01E8A647E00ACFF50 /* SwiftLocation.framework in Frameworks */,
				03D3FEF41E8A8DB500ACFF50 /* SDWebImage.framework in Frameworks */,
				12855D04BD7B4359954CC379 /* Pods_MunchTests.framework in Frameworks */,
			);
			runOnlyForDeploymentPostprocessing = 0;
		};
		032F89141E82DFA300AD3818 /* Frameworks */ = {
			isa = PBXFrameworksBuildPhase;
			buildActionMask = 2147483647;
			files = (
				DB136C8B43E175A72028D87F /* Pods_MunchUITests.framework in Frameworks */,
			);
			runOnlyForDeploymentPostprocessing = 0;
		};
/* End PBXFrameworksBuildPhase section */

/* Begin PBXGroup section */
		032F88EF1E82DFA200AD3818 = {
			isa = PBXGroup;
			children = (
				032F88FA1E82DFA300AD3818 /* Munch */,
				032F890F1E82DFA300AD3818 /* MunchTests */,
				032F891A1E82DFA300AD3818 /* MunchUITests */,
				032F88F91E82DFA300AD3818 /* Products */,
				032F892F1E82EF8B00AD3818 /* Frameworks */,
				7FAD2F52AB52E9E8804CF200 /* Pods */,
			);
			sourceTree = "<group>";
		};
		032F88F91E82DFA300AD3818 /* Products */ = {
			isa = PBXGroup;
			children = (
				032F88F81E82DFA300AD3818 /* Munch.app */,
				032F890C1E82DFA300AD3818 /* MunchTests.xctest */,
				032F89171E82DFA300AD3818 /* MunchUITests.xctest */,
			);
			name = Products;
			sourceTree = "<group>";
		};
		032F88FA1E82DFA300AD3818 /* Munch */ = {
			isa = PBXGroup;
			children = (
				03B1EACD202AC15800217189 /* Munch.entitlements */,
				0348472D1F9D21780049BDF7 /* Api */,
				032F88FB1E82DFA300AD3818 /* AppDelegate.swift */,
				03E1A5A71F6D4FA4005A6E58 /* TabBarController.swift */,
				033E62F71F1D381F00AE97FA /* Main.storyboard */,
				0348472E1F9D21A30049BDF7 /* Search */,
				0348472C1F9D21520049BDF7 /* Place */,
				034847271F9D20810049BDF7 /* Account */,
				032F89021E82DFA300AD3818 /* Assets.xcassets */,
				032F89041E82DFA300AD3818 /* LaunchScreen.storyboard */,
				032F89071E82DFA300AD3818 /* Info.plist */,
				0378849A1E8E563E006025B5 /* Extensions.swift */,
				038275801F06DB8D00C5954A /* Location.swift */,
				03E1A5A91F6D7BAB005A6E58 /* Shimmer.swift */,
				038275771F03B7A700C5954A /* Munch.swift */,
				038275821F0A8DE400C5954A /* Munch.plist */,
				B4B73C04AEC75362CDFAC648 /* RecentDatabase.swift */,
				B4B73D105B16A6AD87C50DAA /* Auth0.plist */,
				032548612014831500F51D85 /* GoogleService-Info.plist */,
				B4B7312EC0B6525AB7EC438B /* Collection */,
			);
			path = Munch;
			sourceTree = "<group>";
		};
		032F890F1E82DFA300AD3818 /* MunchTests */ = {
			isa = PBXGroup;
			children = (
				032F89101E82DFA300AD3818 /* MunchTests.swift */,
				03D3FEE01E8947D200ACFF50 /* MunchClientTests.swift */,
				032F89121E82DFA300AD3818 /* Info.plist */,
			);
			path = MunchTests;
			sourceTree = "<group>";
		};
		032F891A1E82DFA300AD3818 /* MunchUITests */ = {
			isa = PBXGroup;
			children = (
				032F891B1E82DFA300AD3818 /* MunchUITests.swift */,
				032F891D1E82DFA300AD3818 /* Info.plist */,
			);
			path = MunchUITests;
			sourceTree = "<group>";
		};
		032F892F1E82EF8B00AD3818 /* Frameworks */ = {
			isa = PBXGroup;
			children = (
				0382757D1F06427300C5954A /* NVActivityIndicatorView.framework */,
				0382757B1F05109600C5954A /* RealmSwift.framework */,
				038275791F05109300C5954A /* Realm.framework */,
				03D88C141E9DF412005F825B /* Hero.framework */,
				03D529601E9D03C0003D5350 /* FlexibleHeightBar.framework */,
				03D5295D1E9CFB17003D5350 /* TransitionAnimation.framework */,
				03D5295B1E9CFB0C003D5350 /* TransitionTreasury.framework */,
				034820571E9CB92A00B0076A /* SKPhotoBrowser.framework */,
				034820551E9CB3C400B0076A /* ImageViewer.framework */,
				031C2F451E9CAE170022F0AF /* Kingfisher.framework */,
				031C2F431E9AEFC10022F0AF /* FLAnimatedImage.framework */,
				031C2F411E9AADDB0022F0AF /* NYTPhotoViewerCore.framework */,
				031C2F3F1E9AADD60022F0AF /* NYTPhotoViewer.framework */,
				03CF0A9B1E96A7B100A3FD1F /* ESTabBarController.framework */,
				037884981E8E4E3F006025B5 /* SnapKit.framework */,
				039C39431E8D485800A28533 /* MXParallaxHeader.framework */,
				039C39411E8D485400A28533 /* MXPagerView.framework */,
				039C393E1E8D47F500A28533 /* MXSegmentedPager.framework */,
				039C393C1E8D47E300A28533 /* HMSegmentedControl.framework */,
				03D3FF0A1E8D035100ACFF50 /* KMNavigationBarTransition.framework */,
				03D3FEF21E8A8DA500ACFF50 /* SDWebImage.framework */,
				03D3FEEF1E8A647E00ACFF50 /* SwiftLocation.framework */,
				03D3FEE61E89589B00ACFF50 /* HandyJSON.framework */,
				03EE235D1E83039A009AFBFC /* MapKit.framework */,
				032F89331E82F14A00AD3818 /* SwiftyJSON.framework */,
				032F89301E82EF8B00AD3818 /* Alamofire.framework */,
				FE98581AD7B5040948A2CD79 /* Pods_Munch.framework */,
				30933A940AE4DF2E7F80A839 /* Pods_MunchTests.framework */,
				D2CE8E9F738C2A64071DD8B3 /* Pods_MunchUITests.framework */,
			);
			name = Frameworks;
			sourceTree = "<group>";
		};
		034847271F9D20810049BDF7 /* Account */ = {
			isa = PBXGroup;
			children = (
				03D2335B1F9D3851000F5F05 /* AccountController.swift */,
				B4B730E3D2F989A8CA95B67F /* BoardingController.swift */,
				B4B73CEBAA298AA8928EA653 /* SettingController.swift */,
				B4B7318BCB00B96424E50D14 /* AccountDataController.swift */,
			);
			path = Account;
			sourceTree = "<group>";
		};
		0348472C1F9D21520049BDF7 /* Place */ = {
			isa = PBXGroup;
			children = (
				03CD276B1F6286FC003562A1 /* PlaceController.swift */,
				B4B733DCA665CD29B03D26BB /* PlaceCard.swift */,
				03CD27731F62BD5C003562A1 /* PlaceCardStatic.swift */,
				03CD276A1F6286FC003562A1 /* PlaceCardBasic.swift */,
				B4B737A0379DB051FD36C86D /* PlaceCardReview.swift */,
				B4B733FC3F034246C4E19D67 /* PlaceCardInstagram.swift */,
				B4B739295503DBF1CB674F6E /* PlaceCardMenu.swift */,
				B4B730979285E2CEAED9B41C /* PlaceCardArticle.swift */,
				B4B73B9E1E79F626D02B9A75 /* PlaceDataController.swift */,
				B4B73B4027BDB40E3CC44F31 /* PlaceMapController.swift */,
				B4B737B2890DCC10B0DF0304 /* PlaceCardAbout.swift */,
				B4B738EF6EA67EF16E54F617 /* PlaceCardLocation.swift */,
			);
			path = Place;
			sourceTree = "<group>";
		};
		0348472D1F9D21780049BDF7 /* Api */ = {
			isa = PBXGroup;
			children = (
				03CF0AA11E97AA3C00A3FD1F /* MunchApi.swift */,
				034FCEFC1F6C24D000D353F1 /* VersionClient.swift */,
				031478631F6A16ED00246BCD /* PlaceClient.swift */,
				031478651F6A16F900246BCD /* SearchClient.swift */,
				031478691F6A18CC00246BCD /* LocationClient.swift */,
				B4B73924CDDEE30BE2E2AF8A /* AccountClient.swift */,
				B4B735022631764CC931E8CA /* CollectionClient.swift */,
				B4B73734DDE87E53A16337E2 /* AccountAuthentication.swift */,
			);
			path = Api;
			sourceTree = "<group>";
		};
		0348472E1F9D21A30049BDF7 /* Search */ = {
			isa = PBXGroup;
			children = (
				034FCF051F6C282E00D353F1 /* SearchController.swift */,
				03B65F1B1F6C4A8C0030D12B /* SearchHeaderView.swift */,
				03E1A5AB1F6E7B58005A6E58 /* SearchCardManager.swift */,
				034FCF041F6C282E00D353F1 /* SearchCardBasic.swift */,
				03F0BA5E1F99D6C30040B9C8 /* SearchCardInjected.swift */,
				034FCF061F6C282E00D353F1 /* SearchCardStatic.swift */,
				03BB67F51F6FA9B500F17A1A /* SearchControllerSuggest.swift */,
				03BB67F71F6FA9C400F17A1A /* SearchControllerFilter.swift */,
				B4B73D8E2703243215F8AC5D /* SearchControllerLocation.swift */,
				B4B738FC6C7F484B97FA825F /* locations-popular.json */,
				B4B7371930D34FD52F67C2ED /* SearchFilterManager.swift */,
				B4B733A73EEB474161B4526F /* SearchCardLocation.swift */,
				B4B731559A28CBEF535E5DD8 /* SearchCardPlace.swift */,
			);
			path = Search;
			sourceTree = "<group>";
		};
		7FAD2F52AB52E9E8804CF200 /* Pods */ = {
			isa = PBXGroup;
			children = (
				19CC2B7B7A468F7A24511641 /* Pods-Munch.debug.xcconfig */,
				79CEEE458C385CB72EED1E4B /* Pods-Munch.release.xcconfig */,
				D9422C7B675412F67AA5C66F /* Pods-MunchTests.debug.xcconfig */,
				ACE953A82302FD876F98E058 /* Pods-MunchTests.release.xcconfig */,
				A93EEFB98ADF9ED9EE8DF559 /* Pods-MunchUITests.debug.xcconfig */,
				E4B94E5940E649F3C926D27A /* Pods-MunchUITests.release.xcconfig */,
			);
			name = Pods;
			sourceTree = "<group>";
		};
		B4B7312EC0B6525AB7EC438B /* Collection */ = {
			isa = PBXGroup;
			children = (
				B4B731358DC763BF5447E963 /* CollectionController.swift */,
				B4B73EBA645A014851F10D53 /* CollectionPlaceController.swift */,
			);
			path = Collection;
			sourceTree = "<group>";
		};
/* End PBXGroup section */

/* Begin PBXNativeTarget section */
		032F88F71E82DFA200AD3818 /* Munch */ = {
			isa = PBXNativeTarget;
			buildConfigurationList = 032F89201E82DFA300AD3818 /* Build configuration list for PBXNativeTarget "Munch" */;
			buildPhases = (
				3E733620BF62C6A3F7EB9420 /* [CP] Check Pods Manifest.lock */,
				032F88F41E82DFA200AD3818 /* Sources */,
				032F88F51E82DFA200AD3818 /* Frameworks */,
				032F88F61E82DFA200AD3818 /* Resources */,
				7046F4ACF02FE6EFC14D06D9 /* [CP] Embed Pods Frameworks */,
				EA522B14E4229C34A326768B /* [CP] Copy Pods Resources */,
				032548652014860B00F51D85 /* ShellScript */,
			);
			buildRules = (
			);
			dependencies = (
			);
			name = Munch;
			productName = Munch;
			productReference = 032F88F81E82DFA300AD3818 /* Munch.app */;
			productType = "com.apple.product-type.application";
		};
		032F890B1E82DFA300AD3818 /* MunchTests */ = {
			isa = PBXNativeTarget;
			buildConfigurationList = 032F89231E82DFA300AD3818 /* Build configuration list for PBXNativeTarget "MunchTests" */;
			buildPhases = (
				04E3203581C25708D74FE008 /* [CP] Check Pods Manifest.lock */,
				032F89081E82DFA300AD3818 /* Sources */,
				032F89091E82DFA300AD3818 /* Frameworks */,
				032F890A1E82DFA300AD3818 /* Resources */,
				6D41BE2C57BDC4B9DF15DA58 /* [CP] Embed Pods Frameworks */,
				7C04B18D9AA74C95A9E9C8C9 /* [CP] Copy Pods Resources */,
			);
			buildRules = (
			);
			dependencies = (
				032F890E1E82DFA300AD3818 /* PBXTargetDependency */,
			);
			name = MunchTests;
			productName = MunchTests;
			productReference = 032F890C1E82DFA300AD3818 /* MunchTests.xctest */;
			productType = "com.apple.product-type.bundle.unit-test";
		};
		032F89161E82DFA300AD3818 /* MunchUITests */ = {
			isa = PBXNativeTarget;
			buildConfigurationList = 032F89261E82DFA300AD3818 /* Build configuration list for PBXNativeTarget "MunchUITests" */;
			buildPhases = (
				0F7A79304D1980B03E9E5D6C /* [CP] Check Pods Manifest.lock */,
				032F89131E82DFA300AD3818 /* Sources */,
				032F89141E82DFA300AD3818 /* Frameworks */,
				032F89151E82DFA300AD3818 /* Resources */,
				AF80B0809F9371F596742B74 /* [CP] Embed Pods Frameworks */,
				12C71011B4719C6DB2FCC2A7 /* [CP] Copy Pods Resources */,
			);
			buildRules = (
			);
			dependencies = (
				032F89191E82DFA300AD3818 /* PBXTargetDependency */,
			);
			name = MunchUITests;
			productName = MunchUITests;
			productReference = 032F89171E82DFA300AD3818 /* MunchUITests.xctest */;
			productType = "com.apple.product-type.bundle.ui-testing";
		};
/* End PBXNativeTarget section */

/* Begin PBXProject section */
		032F88F01E82DFA200AD3818 /* Project object */ = {
			isa = PBXProject;
			attributes = {
				LastSwiftUpdateCheck = 0820;
				LastUpgradeCheck = 0820;
				ORGANIZATIONNAME = "Munch Technologies";
				TargetAttributes = {
					032F88F71E82DFA200AD3818 = {
						CreatedOnToolsVersion = 8.2.1;
						DevelopmentTeam = 7G635T5DK8;
						LastSwiftMigration = 0900;
						ProvisioningStyle = Automatic;
						SystemCapabilities = {
							com.apple.Keychain = {
								enabled = 1;
							};
						};
					};
					032F890B1E82DFA300AD3818 = {
						CreatedOnToolsVersion = 8.2.1;
						LastSwiftMigration = 0900;
						ProvisioningStyle = Automatic;
						TestTargetID = 032F88F71E82DFA200AD3818;
					};
					032F89161E82DFA300AD3818 = {
						CreatedOnToolsVersion = 8.2.1;
						LastSwiftMigration = 0900;
						ProvisioningStyle = Automatic;
						TestTargetID = 032F88F71E82DFA200AD3818;
					};
				};
			};
			buildConfigurationList = 032F88F31E82DFA200AD3818 /* Build configuration list for PBXProject "Munch" */;
			compatibilityVersion = "Xcode 3.2";
			developmentRegion = English;
			hasScannedForEncodings = 0;
			knownRegions = (
				en,
				Base,
			);
			mainGroup = 032F88EF1E82DFA200AD3818;
			productRefGroup = 032F88F91E82DFA300AD3818 /* Products */;
			projectDirPath = "";
			projectRoot = "";
			targets = (
				032F88F71E82DFA200AD3818 /* Munch */,
				032F890B1E82DFA300AD3818 /* MunchTests */,
				032F89161E82DFA300AD3818 /* MunchUITests */,
			);
		};
/* End PBXProject section */

/* Begin PBXResourcesBuildPhase section */
		032F88F61E82DFA200AD3818 /* Resources */ = {
			isa = PBXResourcesBuildPhase;
			buildActionMask = 2147483647;
			files = (
				038275831F0A8DE400C5954A /* Munch.plist in Resources */,
				032F89061E82DFA300AD3818 /* LaunchScreen.storyboard in Resources */,
				032F89031E82DFA300AD3818 /* Assets.xcassets in Resources */,
				033E62F81F1D381F00AE97FA /* Main.storyboard in Resources */,
				B4B732371A580E8A5F7BB44B /* locations-popular.json in Resources */,
				B4B7321A7BF0F1FDE9D9A007 /* Auth0.plist in Resources */,
				032548622014831500F51D85 /* GoogleService-Info.plist in Resources */,
			);
			runOnlyForDeploymentPostprocessing = 0;
		};
		032F890A1E82DFA300AD3818 /* Resources */ = {
			isa = PBXResourcesBuildPhase;
			buildActionMask = 2147483647;
			files = (
				032548632014831500F51D85 /* GoogleService-Info.plist in Resources */,
			);
			runOnlyForDeploymentPostprocessing = 0;
		};
		032F89151E82DFA300AD3818 /* Resources */ = {
			isa = PBXResourcesBuildPhase;
			buildActionMask = 2147483647;
			files = (
				032548642014831500F51D85 /* GoogleService-Info.plist in Resources */,
			);
			runOnlyForDeploymentPostprocessing = 0;
		};
/* End PBXResourcesBuildPhase section */

/* Begin PBXShellScriptBuildPhase section */
		032548652014860B00F51D85 /* ShellScript */ = {
			isa = PBXShellScriptBuildPhase;
			buildActionMask = 2147483647;
			files = (
			);
			inputPaths = (
			);
			outputPaths = (
			);
			runOnlyForDeploymentPostprocessing = 0;
			shellPath = /bin/sh;
			shellScript = "\"${PODS_ROOT}/Fabric/run\"";
		};
		04E3203581C25708D74FE008 /* [CP] Check Pods Manifest.lock */ = {
			isa = PBXShellScriptBuildPhase;
			buildActionMask = 2147483647;
			files = (
			);
			inputPaths = (
				"${PODS_PODFILE_DIR_PATH}/Podfile.lock",
				"${PODS_ROOT}/Manifest.lock",
			);
			name = "[CP] Check Pods Manifest.lock";
			outputPaths = (
				"$(DERIVED_FILE_DIR)/Pods-MunchTests-checkManifestLockResult.txt",
			);
			runOnlyForDeploymentPostprocessing = 0;
			shellPath = /bin/sh;
			shellScript = "diff \"${PODS_PODFILE_DIR_PATH}/Podfile.lock\" \"${PODS_ROOT}/Manifest.lock\" > /dev/null\nif [ $? != 0 ] ; then\n    # print error to STDERR\n    echo \"error: The sandbox is not in sync with the Podfile.lock. Run 'pod install' or update your CocoaPods installation.\" >&2\n    exit 1\nfi\n# This output is used by Xcode 'outputs' to avoid re-running this script phase.\necho \"SUCCESS\" > \"${SCRIPT_OUTPUT_FILE_0}\"\n";
			showEnvVarsInLog = 0;
		};
		0F7A79304D1980B03E9E5D6C /* [CP] Check Pods Manifest.lock */ = {
			isa = PBXShellScriptBuildPhase;
			buildActionMask = 2147483647;
			files = (
			);
			inputPaths = (
				"${PODS_PODFILE_DIR_PATH}/Podfile.lock",
				"${PODS_ROOT}/Manifest.lock",
			);
			name = "[CP] Check Pods Manifest.lock";
			outputPaths = (
				"$(DERIVED_FILE_DIR)/Pods-MunchUITests-checkManifestLockResult.txt",
			);
			runOnlyForDeploymentPostprocessing = 0;
			shellPath = /bin/sh;
			shellScript = "diff \"${PODS_PODFILE_DIR_PATH}/Podfile.lock\" \"${PODS_ROOT}/Manifest.lock\" > /dev/null\nif [ $? != 0 ] ; then\n    # print error to STDERR\n    echo \"error: The sandbox is not in sync with the Podfile.lock. Run 'pod install' or update your CocoaPods installation.\" >&2\n    exit 1\nfi\n# This output is used by Xcode 'outputs' to avoid re-running this script phase.\necho \"SUCCESS\" > \"${SCRIPT_OUTPUT_FILE_0}\"\n";
			showEnvVarsInLog = 0;
		};
		12C71011B4719C6DB2FCC2A7 /* [CP] Copy Pods Resources */ = {
			isa = PBXShellScriptBuildPhase;
			buildActionMask = 2147483647;
			files = (
			);
			inputPaths = (
			);
			name = "[CP] Copy Pods Resources";
			outputPaths = (
			);
			runOnlyForDeploymentPostprocessing = 0;
			shellPath = /bin/sh;
			shellScript = "\"${SRCROOT}/Pods/Target Support Files/Pods-MunchUITests/Pods-MunchUITests-resources.sh\"\n";
			showEnvVarsInLog = 0;
		};
		3E733620BF62C6A3F7EB9420 /* [CP] Check Pods Manifest.lock */ = {
			isa = PBXShellScriptBuildPhase;
			buildActionMask = 2147483647;
			files = (
			);
			inputPaths = (
				"${PODS_PODFILE_DIR_PATH}/Podfile.lock",
				"${PODS_ROOT}/Manifest.lock",
			);
			name = "[CP] Check Pods Manifest.lock";
			outputPaths = (
				"$(DERIVED_FILE_DIR)/Pods-Munch-checkManifestLockResult.txt",
			);
			runOnlyForDeploymentPostprocessing = 0;
			shellPath = /bin/sh;
			shellScript = "diff \"${PODS_PODFILE_DIR_PATH}/Podfile.lock\" \"${PODS_ROOT}/Manifest.lock\" > /dev/null\nif [ $? != 0 ] ; then\n    # print error to STDERR\n    echo \"error: The sandbox is not in sync with the Podfile.lock. Run 'pod install' or update your CocoaPods installation.\" >&2\n    exit 1\nfi\n# This output is used by Xcode 'outputs' to avoid re-running this script phase.\necho \"SUCCESS\" > \"${SCRIPT_OUTPUT_FILE_0}\"\n";
			showEnvVarsInLog = 0;
		};
		6D41BE2C57BDC4B9DF15DA58 /* [CP] Embed Pods Frameworks */ = {
			isa = PBXShellScriptBuildPhase;
			buildActionMask = 2147483647;
			files = (
			);
			inputPaths = (
			);
			name = "[CP] Embed Pods Frameworks";
			outputPaths = (
			);
			runOnlyForDeploymentPostprocessing = 0;
			shellPath = /bin/sh;
			shellScript = "\"${SRCROOT}/Pods/Target Support Files/Pods-MunchTests/Pods-MunchTests-frameworks.sh\"\n";
			showEnvVarsInLog = 0;
		};
		7046F4ACF02FE6EFC14D06D9 /* [CP] Embed Pods Frameworks */ = {
			isa = PBXShellScriptBuildPhase;
			buildActionMask = 2147483647;
			files = (
			);
			inputPaths = (
				"${SRCROOT}/Pods/Target Support Files/Pods-Munch/Pods-Munch-frameworks.sh",
				"${BUILT_PRODUCTS_DIR}/Alamofire/Alamofire.framework",
				"${BUILT_PRODUCTS_DIR}/BEMCheckBox/BEMCheckBox.framework",
				"${BUILT_PRODUCTS_DIR}/Bolts/Bolts.framework",
				"${BUILT_PRODUCTS_DIR}/Cosmos/Cosmos.framework",
				"${BUILT_PRODUCTS_DIR}/ESTabBarController-swift/ESTabBarController_swift.framework",
				"${BUILT_PRODUCTS_DIR}/FBSDKCoreKit/FBSDKCoreKit.framework",
				"${BUILT_PRODUCTS_DIR}/FBSDKLoginKit/FBSDKLoginKit.framework",
				"${BUILT_PRODUCTS_DIR}/GTMOAuth2/GTMOAuth2.framework",
				"${BUILT_PRODUCTS_DIR}/GTMSessionFetcher/GTMSessionFetcher.framework",
				"${BUILT_PRODUCTS_DIR}/GoogleToolboxForMac/GoogleToolboxForMac.framework",
				"${BUILT_PRODUCTS_DIR}/KMNavigationBarTransition/KMNavigationBarTransition.framework",
				"${BUILT_PRODUCTS_DIR}/Kingfisher/Kingfisher.framework",
				"${BUILT_PRODUCTS_DIR}/NVActivityIndicatorView/NVActivityIndicatorView.framework",
				"${BUILT_PRODUCTS_DIR}/Protobuf/Protobuf.framework",
				"${BUILT_PRODUCTS_DIR}/RangeSeekSlider/RangeSeekSlider.framework",
				"${BUILT_PRODUCTS_DIR}/Realm/Realm.framework",
				"${BUILT_PRODUCTS_DIR}/RealmSwift/RealmSwift.framework",
				"${BUILT_PRODUCTS_DIR}/SKPhotoBrowser/SKPhotoBrowser.framework",
				"${BUILT_PRODUCTS_DIR}/Shimmer/Shimmer.framework",
				"${BUILT_PRODUCTS_DIR}/SnapKit/SnapKit.framework",
				"${BUILT_PRODUCTS_DIR}/SwiftLocation/SwiftLocation.framework",
				"${BUILT_PRODUCTS_DIR}/SwiftRichString/SwiftRichString.framework",
				"${BUILT_PRODUCTS_DIR}/SwiftyJSON/SwiftyJSON.framework",
				"${BUILT_PRODUCTS_DIR}/TPKeyboardAvoiding/TPKeyboardAvoiding.framework",
				"${BUILT_PRODUCTS_DIR}/TTGTagCollectionView/TTGTagCollectionView.framework",
				"${BUILT_PRODUCTS_DIR}/nanopb/nanopb.framework",
			);
			name = "[CP] Embed Pods Frameworks";
			outputPaths = (
				"${TARGET_BUILD_DIR}/${FRAMEWORKS_FOLDER_PATH}/Alamofire.framework",
				"${TARGET_BUILD_DIR}/${FRAMEWORKS_FOLDER_PATH}/BEMCheckBox.framework",
				"${TARGET_BUILD_DIR}/${FRAMEWORKS_FOLDER_PATH}/Bolts.framework",
				"${TARGET_BUILD_DIR}/${FRAMEWORKS_FOLDER_PATH}/Cosmos.framework",
				"${TARGET_BUILD_DIR}/${FRAMEWORKS_FOLDER_PATH}/ESTabBarController_swift.framework",
				"${TARGET_BUILD_DIR}/${FRAMEWORKS_FOLDER_PATH}/FBSDKCoreKit.framework",
				"${TARGET_BUILD_DIR}/${FRAMEWORKS_FOLDER_PATH}/FBSDKLoginKit.framework",
				"${TARGET_BUILD_DIR}/${FRAMEWORKS_FOLDER_PATH}/GTMOAuth2.framework",
				"${TARGET_BUILD_DIR}/${FRAMEWORKS_FOLDER_PATH}/GTMSessionFetcher.framework",
				"${TARGET_BUILD_DIR}/${FRAMEWORKS_FOLDER_PATH}/GoogleToolboxForMac.framework",
				"${TARGET_BUILD_DIR}/${FRAMEWORKS_FOLDER_PATH}/KMNavigationBarTransition.framework",
				"${TARGET_BUILD_DIR}/${FRAMEWORKS_FOLDER_PATH}/Kingfisher.framework",
				"${TARGET_BUILD_DIR}/${FRAMEWORKS_FOLDER_PATH}/NVActivityIndicatorView.framework",
				"${TARGET_BUILD_DIR}/${FRAMEWORKS_FOLDER_PATH}/Protobuf.framework",
				"${TARGET_BUILD_DIR}/${FRAMEWORKS_FOLDER_PATH}/RangeSeekSlider.framework",
				"${TARGET_BUILD_DIR}/${FRAMEWORKS_FOLDER_PATH}/Realm.framework",
				"${TARGET_BUILD_DIR}/${FRAMEWORKS_FOLDER_PATH}/RealmSwift.framework",
				"${TARGET_BUILD_DIR}/${FRAMEWORKS_FOLDER_PATH}/SKPhotoBrowser.framework",
				"${TARGET_BUILD_DIR}/${FRAMEWORKS_FOLDER_PATH}/Shimmer.framework",
				"${TARGET_BUILD_DIR}/${FRAMEWORKS_FOLDER_PATH}/SnapKit.framework",
				"${TARGET_BUILD_DIR}/${FRAMEWORKS_FOLDER_PATH}/SwiftLocation.framework",
				"${TARGET_BUILD_DIR}/${FRAMEWORKS_FOLDER_PATH}/SwiftRichString.framework",
				"${TARGET_BUILD_DIR}/${FRAMEWORKS_FOLDER_PATH}/SwiftyJSON.framework",
				"${TARGET_BUILD_DIR}/${FRAMEWORKS_FOLDER_PATH}/TPKeyboardAvoiding.framework",
				"${TARGET_BUILD_DIR}/${FRAMEWORKS_FOLDER_PATH}/TTGTagCollectionView.framework",
				"${TARGET_BUILD_DIR}/${FRAMEWORKS_FOLDER_PATH}/nanopb.framework",
			);
			runOnlyForDeploymentPostprocessing = 0;
			shellPath = /bin/sh;
			shellScript = "\"${SRCROOT}/Pods/Target Support Files/Pods-Munch/Pods-Munch-frameworks.sh\"\n";
			showEnvVarsInLog = 0;
		};
		7C04B18D9AA74C95A9E9C8C9 /* [CP] Copy Pods Resources */ = {
			isa = PBXShellScriptBuildPhase;
			buildActionMask = 2147483647;
			files = (
			);
			inputPaths = (
			);
			name = "[CP] Copy Pods Resources";
			outputPaths = (
			);
			runOnlyForDeploymentPostprocessing = 0;
			shellPath = /bin/sh;
			shellScript = "\"${SRCROOT}/Pods/Target Support Files/Pods-MunchTests/Pods-MunchTests-resources.sh\"\n";
			showEnvVarsInLog = 0;
		};
		AF80B0809F9371F596742B74 /* [CP] Embed Pods Frameworks */ = {
			isa = PBXShellScriptBuildPhase;
			buildActionMask = 2147483647;
			files = (
			);
			inputPaths = (
			);
			name = "[CP] Embed Pods Frameworks";
			outputPaths = (
			);
			runOnlyForDeploymentPostprocessing = 0;
			shellPath = /bin/sh;
			shellScript = "\"${SRCROOT}/Pods/Target Support Files/Pods-MunchUITests/Pods-MunchUITests-frameworks.sh\"\n";
			showEnvVarsInLog = 0;
		};
		EA522B14E4229C34A326768B /* [CP] Copy Pods Resources */ = {
			isa = PBXShellScriptBuildPhase;
			buildActionMask = 2147483647;
			files = (
			);
			inputPaths = (
				"${SRCROOT}/Pods/Target Support Files/Pods-Munch/Pods-Munch-resources.sh",
				"$PODS_CONFIGURATION_BUILD_DIR/FirebaseUI/FirebaseAuthUI.bundle",
				"$PODS_CONFIGURATION_BUILD_DIR/FirebaseUI/FirebaseFacebookAuthUI.bundle",
				"${PODS_ROOT}/GoogleSignIn/Resources/GoogleSignIn.bundle",
			);
			name = "[CP] Copy Pods Resources";
			outputPaths = (
				"${TARGET_BUILD_DIR}/${UNLOCALIZED_RESOURCES_FOLDER_PATH}",
			);
			runOnlyForDeploymentPostprocessing = 0;
			shellPath = /bin/sh;
			shellScript = "\"${SRCROOT}/Pods/Target Support Files/Pods-Munch/Pods-Munch-resources.sh\"\n";
			showEnvVarsInLog = 0;
		};
/* End PBXShellScriptBuildPhase section */

/* Begin PBXSourcesBuildPhase section */
		032F88F41E82DFA200AD3818 /* Sources */ = {
			isa = PBXSourcesBuildPhase;
			buildActionMask = 2147483647;
			files = (
				038275781F03B7A700C5954A /* Munch.swift in Sources */,
				034FCF0C1F6C282E00D353F1 /* SearchCardStatic.swift in Sources */,
				034FCEFD1F6C24D000D353F1 /* VersionClient.swift in Sources */,
				03D2335C1F9D3851000F5F05 /* AccountController.swift in Sources */,
				0314786A1F6A18CC00246BCD /* LocationClient.swift in Sources */,
				03B65F1C1F6C4A8C0030D12B /* SearchHeaderView.swift in Sources */,
				031478661F6A16F900246BCD /* SearchClient.swift in Sources */,
				031478641F6A16ED00246BCD /* PlaceClient.swift in Sources */,
				03CD276E1F6286FC003562A1 /* PlaceController.swift in Sources */,
				03E1A5AA1F6D7BAB005A6E58 /* Shimmer.swift in Sources */,
				038275811F06DB8D00C5954A /* Location.swift in Sources */,
				032F88FC1E82DFA300AD3818 /* AppDelegate.swift in Sources */,
				0378849B1E8E563E006025B5 /* Extensions.swift in Sources */,
				03E1A5A81F6D4FA4005A6E58 /* TabBarController.swift in Sources */,
				03E1A5AC1F6E7B58005A6E58 /* SearchCardManager.swift in Sources */,
				03BB67F81F6FA9C400F17A1A /* SearchControllerFilter.swift in Sources */,
				034FCF0B1F6C282E00D353F1 /* SearchController.swift in Sources */,
				03CD27741F62BD5C003562A1 /* PlaceCardStatic.swift in Sources */,
				03F0BA5F1F99D6C30040B9C8 /* SearchCardInjected.swift in Sources */,
				03CD276D1F6286FC003562A1 /* PlaceCardBasic.swift in Sources */,
				034FCF0A1F6C282E00D353F1 /* SearchCardBasic.swift in Sources */,
				03BB67F61F6FA9B500F17A1A /* SearchControllerSuggest.swift in Sources */,
				03CF0AA41E97AA3C00A3FD1F /* MunchApi.swift in Sources */,
				B4B7385BBBEB7A119E93D402 /* AccountClient.swift in Sources */,
				B4B7382DD1DAFD428F8CD49F /* SearchControllerLocation.swift in Sources */,
				B4B7394871CE904DFB47BB71 /* PlaceCard.swift in Sources */,
				B4B73FECE8D26C31A28E9DE9 /* PlaceCardReview.swift in Sources */,
				B4B738A7A9FED6C3EAB68353 /* RecentDatabase.swift in Sources */,
				B4B73FE5E010EDBC83209A55 /* BoardingController.swift in Sources */,
				B4B732DD92904EA6B71DC806 /* SettingController.swift in Sources */,
				B4B7379631A03DB830487460 /* PlaceCardInstagram.swift in Sources */,
				B4B7319B6239909F0C37875F /* PlaceCardMenu.swift in Sources */,
				B4B73BC5986706C80ED5438A /* SearchFilterManager.swift in Sources */,
				B4B7383023B0469B2430E41F /* PlaceCardArticle.swift in Sources */,
				B4B730D92CC36AD63D76C190 /* PlaceDataController.swift in Sources */,
				B4B73BA7FADE13E2517C71F8 /* CollectionClient.swift in Sources */,
				B4B7328EA1644B7350AB75A5 /* CollectionController.swift in Sources */,
				B4B730544AF1361565440B2C /* PlaceMapController.swift in Sources */,
				B4B73C2A60EE351F094AED22 /* AccountDataController.swift in Sources */,
				B4B73A8BD16561824718B41D /* CollectionPlaceController.swift in Sources */,
				B4B7380CD92347AB225B54EB /* PlaceCardAbout.swift in Sources */,
				B4B732A48087AEDBC0BCB2D9 /* PlaceCardLocation.swift in Sources */,
				B4B733066D6686ED5223F7E6 /* SearchCardLocation.swift in Sources */,
				B4B7305298D0BD615402C69A /* SearchCardPlace.swift in Sources */,
				B4B735A57EF2C7D7303D057F /* AccountAuthentication.swift in Sources */,
			);
			runOnlyForDeploymentPostprocessing = 0;
		};
		032F89081E82DFA300AD3818 /* Sources */ = {
			isa = PBXSourcesBuildPhase;
			buildActionMask = 2147483647;
			files = (
				03D3FEE21E8947D200ACFF50 /* MunchClientTests.swift in Sources */,
				032F89111E82DFA300AD3818 /* MunchTests.swift in Sources */,
			);
			runOnlyForDeploymentPostprocessing = 0;
		};
		032F89131E82DFA300AD3818 /* Sources */ = {
			isa = PBXSourcesBuildPhase;
			buildActionMask = 2147483647;
			files = (
				032F891C1E82DFA300AD3818 /* MunchUITests.swift in Sources */,
			);
			runOnlyForDeploymentPostprocessing = 0;
		};
/* End PBXSourcesBuildPhase section */

/* Begin PBXTargetDependency section */
		032F890E1E82DFA300AD3818 /* PBXTargetDependency */ = {
			isa = PBXTargetDependency;
			target = 032F88F71E82DFA200AD3818 /* Munch */;
			targetProxy = 032F890D1E82DFA300AD3818 /* PBXContainerItemProxy */;
		};
		032F89191E82DFA300AD3818 /* PBXTargetDependency */ = {
			isa = PBXTargetDependency;
			target = 032F88F71E82DFA200AD3818 /* Munch */;
			targetProxy = 032F89181E82DFA300AD3818 /* PBXContainerItemProxy */;
		};
/* End PBXTargetDependency section */

/* Begin PBXVariantGroup section */
		032F89041E82DFA300AD3818 /* LaunchScreen.storyboard */ = {
			isa = PBXVariantGroup;
			children = (
				032F89051E82DFA300AD3818 /* Base */,
			);
			name = LaunchScreen.storyboard;
			sourceTree = "<group>";
		};
/* End PBXVariantGroup section */

/* Begin XCBuildConfiguration section */
		032F891E1E82DFA300AD3818 /* Debug */ = {
			isa = XCBuildConfiguration;
			buildSettings = {
				ALWAYS_SEARCH_USER_PATHS = NO;
				CLANG_ANALYZER_NONNULL = YES;
				CLANG_CXX_LANGUAGE_STANDARD = "gnu++0x";
				CLANG_CXX_LIBRARY = "libc++";
				CLANG_ENABLE_MODULES = YES;
				CLANG_ENABLE_OBJC_ARC = YES;
				CLANG_WARN_BOOL_CONVERSION = YES;
				CLANG_WARN_CONSTANT_CONVERSION = YES;
				CLANG_WARN_DIRECT_OBJC_ISA_USAGE = YES_ERROR;
				CLANG_WARN_DOCUMENTATION_COMMENTS = YES;
				CLANG_WARN_EMPTY_BODY = YES;
				CLANG_WARN_ENUM_CONVERSION = YES;
				CLANG_WARN_INFINITE_RECURSION = YES;
				CLANG_WARN_INT_CONVERSION = YES;
				CLANG_WARN_OBJC_ROOT_CLASS = YES_ERROR;
				CLANG_WARN_SUSPICIOUS_MOVE = YES;
				CLANG_WARN_UNREACHABLE_CODE = YES;
				CLANG_WARN__DUPLICATE_METHOD_MATCH = YES;
				"CODE_SIGN_IDENTITY[sdk=iphoneos*]" = "iPhone Developer";
				COPY_PHASE_STRIP = NO;
				DEBUG_INFORMATION_FORMAT = "dwarf-with-dsym";
				ENABLE_STRICT_OBJC_MSGSEND = YES;
				ENABLE_TESTABILITY = YES;
				GCC_C_LANGUAGE_STANDARD = gnu99;
				GCC_DYNAMIC_NO_PIC = NO;
				GCC_NO_COMMON_BLOCKS = YES;
				GCC_OPTIMIZATION_LEVEL = 0;
				GCC_PREPROCESSOR_DEFINITIONS = (
					"DEBUG=1",
					"$(inherited)",
				);
				GCC_WARN_64_TO_32_BIT_CONVERSION = YES;
				GCC_WARN_ABOUT_RETURN_TYPE = YES_ERROR;
				GCC_WARN_UNDECLARED_SELECTOR = YES;
				GCC_WARN_UNINITIALIZED_AUTOS = YES_AGGRESSIVE;
				GCC_WARN_UNUSED_FUNCTION = YES;
				GCC_WARN_UNUSED_VARIABLE = YES;
				IPHONEOS_DEPLOYMENT_TARGET = 10.2;
				MTL_ENABLE_DEBUG_INFO = YES;
				ONLY_ACTIVE_ARCH = YES;
				SDKROOT = iphoneos;
				SWIFT_ACTIVE_COMPILATION_CONDITIONS = DEBUG;
				SWIFT_OPTIMIZATION_LEVEL = "-Onone";
			};
			name = Debug;
		};
		032F891F1E82DFA300AD3818 /* Release */ = {
			isa = XCBuildConfiguration;
			buildSettings = {
				ALWAYS_SEARCH_USER_PATHS = NO;
				CLANG_ANALYZER_NONNULL = YES;
				CLANG_CXX_LANGUAGE_STANDARD = "gnu++0x";
				CLANG_CXX_LIBRARY = "libc++";
				CLANG_ENABLE_MODULES = YES;
				CLANG_ENABLE_OBJC_ARC = YES;
				CLANG_WARN_BOOL_CONVERSION = YES;
				CLANG_WARN_CONSTANT_CONVERSION = YES;
				CLANG_WARN_DIRECT_OBJC_ISA_USAGE = YES_ERROR;
				CLANG_WARN_DOCUMENTATION_COMMENTS = YES;
				CLANG_WARN_EMPTY_BODY = YES;
				CLANG_WARN_ENUM_CONVERSION = YES;
				CLANG_WARN_INFINITE_RECURSION = YES;
				CLANG_WARN_INT_CONVERSION = YES;
				CLANG_WARN_OBJC_ROOT_CLASS = YES_ERROR;
				CLANG_WARN_SUSPICIOUS_MOVE = YES;
				CLANG_WARN_UNREACHABLE_CODE = YES;
				CLANG_WARN__DUPLICATE_METHOD_MATCH = YES;
				"CODE_SIGN_IDENTITY[sdk=iphoneos*]" = "iPhone Developer";
				COPY_PHASE_STRIP = NO;
				DEBUG_INFORMATION_FORMAT = "dwarf-with-dsym";
				ENABLE_NS_ASSERTIONS = NO;
				ENABLE_STRICT_OBJC_MSGSEND = YES;
				GCC_C_LANGUAGE_STANDARD = gnu99;
				GCC_NO_COMMON_BLOCKS = YES;
				GCC_WARN_64_TO_32_BIT_CONVERSION = YES;
				GCC_WARN_ABOUT_RETURN_TYPE = YES_ERROR;
				GCC_WARN_UNDECLARED_SELECTOR = YES;
				GCC_WARN_UNINITIALIZED_AUTOS = YES_AGGRESSIVE;
				GCC_WARN_UNUSED_FUNCTION = YES;
				GCC_WARN_UNUSED_VARIABLE = YES;
				IPHONEOS_DEPLOYMENT_TARGET = 10.2;
				MTL_ENABLE_DEBUG_INFO = NO;
				SDKROOT = iphoneos;
				SWIFT_OPTIMIZATION_LEVEL = "-Owholemodule";
				VALIDATE_PRODUCT = YES;
			};
			name = Release;
		};
		032F89211E82DFA300AD3818 /* Debug */ = {
			isa = XCBuildConfiguration;
			baseConfigurationReference = 19CC2B7B7A468F7A24511641 /* Pods-Munch.debug.xcconfig */;
			buildSettings = {
				ALWAYS_EMBED_SWIFT_STANDARD_LIBRARIES = NO;
				ASSETCATALOG_COMPILER_APPICON_NAME = AppIcon;
				CODE_SIGN_ENTITLEMENTS = Munch/Munch.entitlements;
				"CODE_SIGN_IDENTITY[sdk=iphoneos*]" = "iPhone Developer";
				DEVELOPMENT_TEAM = 7G635T5DK8;
				FRAMEWORK_SEARCH_PATHS = (
					"$(inherited)",
					"$(PROJECT_DIR)/Carthage/Build/iOS",
				);
				INFOPLIST_FILE = Munch/Info.plist;
				IPHONEOS_DEPLOYMENT_TARGET = 11.0;
				LD_RUNPATH_SEARCH_PATHS = "$(inherited) @executable_path/Frameworks";
				PRODUCT_BUNDLE_IDENTIFIER = co.munch.MunchApp;
				PRODUCT_NAME = "$(TARGET_NAME)";
				SWIFT_SWIFT3_OBJC_INFERENCE = On;
				SWIFT_VERSION = 4.0;
			};
			name = Debug;
		};
		032F89221E82DFA300AD3818 /* Release */ = {
			isa = XCBuildConfiguration;
			baseConfigurationReference = 79CEEE458C385CB72EED1E4B /* Pods-Munch.release.xcconfig */;
			buildSettings = {
				ALWAYS_EMBED_SWIFT_STANDARD_LIBRARIES = NO;
				ASSETCATALOG_COMPILER_APPICON_NAME = AppIcon;
				CODE_SIGN_ENTITLEMENTS = Munch/Munch.entitlements;
				"CODE_SIGN_IDENTITY[sdk=iphoneos*]" = "iPhone Developer";
				DEVELOPMENT_TEAM = 7G635T5DK8;
				FRAMEWORK_SEARCH_PATHS = (
					"$(inherited)",
					"$(PROJECT_DIR)/Carthage/Build/iOS",
				);
				INFOPLIST_FILE = Munch/Info.plist;
				IPHONEOS_DEPLOYMENT_TARGET = 11.0;
				LD_RUNPATH_SEARCH_PATHS = "$(inherited) @executable_path/Frameworks";
				PRODUCT_BUNDLE_IDENTIFIER = co.munch.MunchApp;
				PRODUCT_NAME = "$(TARGET_NAME)";
				SWIFT_SWIFT3_OBJC_INFERENCE = On;
				SWIFT_VERSION = 4.0;
			};
			name = Release;
		};
		032F89241E82DFA300AD3818 /* Debug */ = {
			isa = XCBuildConfiguration;
			baseConfigurationReference = D9422C7B675412F67AA5C66F /* Pods-MunchTests.debug.xcconfig */;
			buildSettings = {
				ALWAYS_EMBED_SWIFT_STANDARD_LIBRARIES = YES;
				BUNDLE_LOADER = "$(TEST_HOST)";
				FRAMEWORK_SEARCH_PATHS = (
					"$(inherited)",
					"$(PROJECT_DIR)/Carthage/Build/iOS",
				);
				INFOPLIST_FILE = MunchTests/Info.plist;
				LD_RUNPATH_SEARCH_PATHS = "$(inherited) @executable_path/Frameworks @loader_path/Frameworks";
				PRODUCT_BUNDLE_IDENTIFIER = co.munch.MunchTests;
				PRODUCT_NAME = "$(TARGET_NAME)";
				SWIFT_SWIFT3_OBJC_INFERENCE = On;
				SWIFT_VERSION = 4.0;
				TEST_HOST = "$(BUILT_PRODUCTS_DIR)/Munch.app/Munch";
			};
			name = Debug;
		};
		032F89251E82DFA300AD3818 /* Release */ = {
			isa = XCBuildConfiguration;
			baseConfigurationReference = ACE953A82302FD876F98E058 /* Pods-MunchTests.release.xcconfig */;
			buildSettings = {
				ALWAYS_EMBED_SWIFT_STANDARD_LIBRARIES = YES;
				BUNDLE_LOADER = "$(TEST_HOST)";
				FRAMEWORK_SEARCH_PATHS = (
					"$(inherited)",
					"$(PROJECT_DIR)/Carthage/Build/iOS",
				);
				INFOPLIST_FILE = MunchTests/Info.plist;
				LD_RUNPATH_SEARCH_PATHS = "$(inherited) @executable_path/Frameworks @loader_path/Frameworks";
				PRODUCT_BUNDLE_IDENTIFIER = co.munch.MunchTests;
				PRODUCT_NAME = "$(TARGET_NAME)";
				SWIFT_SWIFT3_OBJC_INFERENCE = On;
				SWIFT_VERSION = 4.0;
				TEST_HOST = "$(BUILT_PRODUCTS_DIR)/Munch.app/Munch";
			};
			name = Release;
		};
		032F89271E82DFA300AD3818 /* Debug */ = {
			isa = XCBuildConfiguration;
			baseConfigurationReference = A93EEFB98ADF9ED9EE8DF559 /* Pods-MunchUITests.debug.xcconfig */;
			buildSettings = {
				ALWAYS_EMBED_SWIFT_STANDARD_LIBRARIES = YES;
				INFOPLIST_FILE = MunchUITests/Info.plist;
				LD_RUNPATH_SEARCH_PATHS = "$(inherited) @executable_path/Frameworks @loader_path/Frameworks";
				PRODUCT_BUNDLE_IDENTIFIER = co.munch.MunchUITests;
				PRODUCT_NAME = "$(TARGET_NAME)";
				SWIFT_SWIFT3_OBJC_INFERENCE = On;
				SWIFT_VERSION = 4.0;
				TEST_TARGET_NAME = Munch;
			};
			name = Debug;
		};
		032F89281E82DFA300AD3818 /* Release */ = {
			isa = XCBuildConfiguration;
			baseConfigurationReference = E4B94E5940E649F3C926D27A /* Pods-MunchUITests.release.xcconfig */;
			buildSettings = {
				ALWAYS_EMBED_SWIFT_STANDARD_LIBRARIES = YES;
				INFOPLIST_FILE = MunchUITests/Info.plist;
				LD_RUNPATH_SEARCH_PATHS = "$(inherited) @executable_path/Frameworks @loader_path/Frameworks";
				PRODUCT_BUNDLE_IDENTIFIER = co.munch.MunchUITests;
				PRODUCT_NAME = "$(TARGET_NAME)";
				SWIFT_SWIFT3_OBJC_INFERENCE = On;
				SWIFT_VERSION = 4.0;
				TEST_TARGET_NAME = Munch;
			};
			name = Release;
		};
/* End XCBuildConfiguration section */

/* Begin XCConfigurationList section */
		032F88F31E82DFA200AD3818 /* Build configuration list for PBXProject "Munch" */ = {
			isa = XCConfigurationList;
			buildConfigurations = (
				032F891E1E82DFA300AD3818 /* Debug */,
				032F891F1E82DFA300AD3818 /* Release */,
			);
			defaultConfigurationIsVisible = 0;
			defaultConfigurationName = Release;
		};
		032F89201E82DFA300AD3818 /* Build configuration list for PBXNativeTarget "Munch" */ = {
			isa = XCConfigurationList;
			buildConfigurations = (
				032F89211E82DFA300AD3818 /* Debug */,
				032F89221E82DFA300AD3818 /* Release */,
			);
			defaultConfigurationIsVisible = 0;
			defaultConfigurationName = Release;
		};
		032F89231E82DFA300AD3818 /* Build configuration list for PBXNativeTarget "MunchTests" */ = {
			isa = XCConfigurationList;
			buildConfigurations = (
				032F89241E82DFA300AD3818 /* Debug */,
				032F89251E82DFA300AD3818 /* Release */,
			);
			defaultConfigurationIsVisible = 0;
			defaultConfigurationName = Release;
		};
		032F89261E82DFA300AD3818 /* Build configuration list for PBXNativeTarget "MunchUITests" */ = {
			isa = XCConfigurationList;
			buildConfigurations = (
				032F89271E82DFA300AD3818 /* Debug */,
				032F89281E82DFA300AD3818 /* Release */,
			);
			defaultConfigurationIsVisible = 0;
			defaultConfigurationName = Release;
		};
/* End XCConfigurationList section */
	};
	rootObject = 032F88F01E82DFA200AD3818 /* Project object */;
}
